<?xml version="1.0" encoding="utf-8"?>
<Project ToolsVersion="17.0" xmlns="http://schemas.microsoft.com/developer/msbuild/2003">
  <ItemGroup>
    <ClCompile Include="C:\projects\areg-sdk\examples\03_helloservice\common\src\ClientComponent.cpp">
      <Filter>Source Files</Filter>
    </ClCompile>
    <ClCompile Include="C:\projects\areg-sdk\examples\03_helloservice\common\src\ServiceComponent.cpp">
      <Filter>Source Files</Filter>
    </ClCompile>
    <ClCompile Include="C:\projects\areg-sdk\examples\03_helloservice\multiprocess\serviceproc\src\main.cpp">
      <Filter>Source Files</Filter>
    </ClCompile>
  </ItemGroup>
  <ItemGroup>
    <CustomBuild Include="C:\projects\areg-sdk\CMakeLists.txt" />
  </ItemGroup>
  <ItemGroup>
    <Filter Include="Source Files">
      <UniqueIdentifier>{165038F2-33F0-3185-AFB0-3EC3F0664C22}</UniqueIdentifier>
    </Filter>
  </ItemGroup>
</Project>
