<?xml version="1.0" encoding="utf-8"?>
<Project ToolsVersion="17.0" xmlns="http://schemas.microsoft.com/developer/msbuild/2003">
  <ItemGroup>
    <ClCompile Include="C:\projects\areg-sdk\product\generate\examples\19_pubfsm\services\private\PowerManagerClientBase.cpp">
      <Filter>Source Files</Filter>
    </ClCompile>
    <ClCompile Include="C:\projects\areg-sdk\product\generate\examples\19_pubfsm\services\private\PowerManagerEvents.cpp">
      <Filter>Source Files</Filter>
    </ClCompile>
    <ClCompile Include="C:\projects\areg-sdk\product\generate\examples\19_pubfsm\services\private\PowerManagerProxy.cpp">
      <Filter>Source Files</Filter>
    </ClCompile>
    <ClCompile Include="C:\projects\areg-sdk\product\generate\examples\19_pubfsm\services\private\PowerManagerStub.cpp">
      <Filter>Source Files</Filter>
    </ClCompile>
    <ClCompile Include="C:\projects\areg-sdk\product\generate\examples\19_pubfsm\services\private\PowerManager.cpp">
      <Filter>Source Files</Filter>
    </ClCompile>
    <ClCompile Include="C:\projects\areg-sdk\product\generate\examples\19_pubfsm\services\private\TrafficControllerClientBase.cpp">
      <Filter>Source Files</Filter>
    </ClCompile>
    <ClCompile Include="C:\projects\areg-sdk\product\generate\examples\19_pubfsm\services\private\TrafficControllerEvents.cpp">
      <Filter>Source Files</Filter>
    </ClCompile>
    <ClCompile Include="C:\projects\areg-sdk\product\generate\examples\19_pubfsm\services\private\TrafficControllerProxy.cpp">
      <Filter>Source Files</Filter>
    </ClCompile>
    <ClCompile Include="C:\projects\areg-sdk\product\generate\examples\19_pubfsm\services\private\TrafficControllerStub.cpp">
      <Filter>Source Files</Filter>
    </ClCompile>
    <ClCompile Include="C:\projects\areg-sdk\product\generate\examples\19_pubfsm\services\private\TrafficController.cpp">
      <Filter>Source Files</Filter>
    </ClCompile>
  </ItemGroup>
  <ItemGroup>
    <ClInclude Include="C:\projects\areg-sdk\product\generate\examples\19_pubfsm\services\private\PowerManagerEvents.hpp">
      <Filter>Header Files</Filter>
    </ClInclude>
    <ClInclude Include="C:\projects\areg-sdk\product\generate\examples\19_pubfsm\services\private\PowerManagerProxy.hpp">
      <Filter>Header Files</Filter>
    </ClInclude>
    <ClInclude Include="C:\projects\areg-sdk\product\generate\examples\19_pubfsm\services\PowerManagerClientBase.hpp">
      <Filter>Header Files</Filter>
    </ClInclude>
    <ClInclude Include="C:\projects\areg-sdk\product\generate\examples\19_pubfsm\services\PowerManagerStub.hpp">
      <Filter>Header Files</Filter>
    </ClInclude>
    <ClInclude Include="C:\projects\areg-sdk\product\generate\examples\19_pubfsm\services\PowerManager.hpp">
      <Filter>Header Files</Filter>
    </ClInclude>
    <ClInclude Include="C:\projects\areg-sdk\product\generate\examples\19_pubfsm\services\private\TrafficControllerEvents.hpp">
      <Filter>Header Files</Filter>
    </ClInclude>
    <ClInclude Include="C:\projects\areg-sdk\product\generate\examples\19_pubfsm\services\private\TrafficControllerProxy.hpp">
      <Filter>Header Files</Filter>
    </ClInclude>
    <ClInclude Include="C:\projects\areg-sdk\product\generate\examples\19_pubfsm\services\TrafficControllerClientBase.hpp">
      <Filter>Header Files</Filter>
    </ClInclude>
    <ClInclude Include="C:\projects\areg-sdk\product\generate\examples\19_pubfsm\services\TrafficControllerStub.hpp">
      <Filter>Header Files</Filter>
    </ClInclude>
    <ClInclude Include="C:\projects\areg-sdk\product\generate\examples\19_pubfsm\services\TrafficController.hpp">
      <Filter>Header Files</Filter>
    </ClInclude>
  </ItemGroup>
  <ItemGroup>
    <CustomBuild Include="C:\projects\areg-sdk\CMakeLists.txt" />
  </ItemGroup>
  <ItemGroup>
    <Filter Include="Header Files">
      <UniqueIdentifier>{2B59980B-402A-35DA-8597-F7DCE1EF712A}</UniqueIdentifier>
    </Filter>
    <Filter Include="Source Files">
      <UniqueIdentifier>{165038F2-33F0-3185-AFB0-3EC3F0664C22}</UniqueIdentifier>
    </Filter>
  </ItemGroup>
</Project>
