<?xml version="1.0" encoding="utf-8"?>
<Project ToolsVersion="17.0" xmlns="http://schemas.microsoft.com/developer/msbuild/2003">
  <ItemGroup>
    <ClCompile Include="C:\projects\areg-sdk\product\generate\examples\20_winchat\services\private\CentralMessagerClientBase.cpp">
      <Filter>Source Files</Filter>
    </ClCompile>
    <ClCompile Include="C:\projects\areg-sdk\product\generate\examples\20_winchat\services\private\CentralMessagerEvents.cpp">
      <Filter>Source Files</Filter>
    </ClCompile>
    <ClCompile Include="C:\projects\areg-sdk\product\generate\examples\20_winchat\services\private\CentralMessagerProxy.cpp">
      <Filter>Source Files</Filter>
    </ClCompile>
    <ClCompile Include="C:\projects\areg-sdk\product\generate\examples\20_winchat\services\private\CentralMessagerStub.cpp">
      <Filter>Source Files</Filter>
    </ClCompile>
    <ClCompile Include="C:\projects\areg-sdk\product\generate\examples\20_winchat\services\private\CentralMessager.cpp">
      <Filter>Source Files</Filter>
    </ClCompile>
    <ClCompile Include="C:\projects\areg-sdk\product\generate\examples\20_winchat\services\private\ConnectionManagerClientBase.cpp">
      <Filter>Source Files</Filter>
    </ClCompile>
    <ClCompile Include="C:\projects\areg-sdk\product\generate\examples\20_winchat\services\private\ConnectionManagerEvents.cpp">
      <Filter>Source Files</Filter>
    </ClCompile>
    <ClCompile Include="C:\projects\areg-sdk\product\generate\examples\20_winchat\services\private\ConnectionManagerProxy.cpp">
      <Filter>Source Files</Filter>
    </ClCompile>
    <ClCompile Include="C:\projects\areg-sdk\product\generate\examples\20_winchat\services\private\ConnectionManagerStub.cpp">
      <Filter>Source Files</Filter>
    </ClCompile>
    <ClCompile Include="C:\projects\areg-sdk\product\generate\examples\20_winchat\services\private\ConnectionManager.cpp">
      <Filter>Source Files</Filter>
    </ClCompile>
    <ClCompile Include="C:\projects\areg-sdk\product\generate\examples\20_winchat\services\private\DirectConnectionClientBase.cpp">
      <Filter>Source Files</Filter>
    </ClCompile>
    <ClCompile Include="C:\projects\areg-sdk\product\generate\examples\20_winchat\services\private\DirectConnectionEvents.cpp">
      <Filter>Source Files</Filter>
    </ClCompile>
    <ClCompile Include="C:\projects\areg-sdk\product\generate\examples\20_winchat\services\private\DirectConnectionProxy.cpp">
      <Filter>Source Files</Filter>
    </ClCompile>
    <ClCompile Include="C:\projects\areg-sdk\product\generate\examples\20_winchat\services\private\DirectConnectionStub.cpp">
      <Filter>Source Files</Filter>
    </ClCompile>
    <ClCompile Include="C:\projects\areg-sdk\product\generate\examples\20_winchat\services\private\DirectConnection.cpp">
      <Filter>Source Files</Filter>
    </ClCompile>
    <ClCompile Include="C:\projects\areg-sdk\product\generate\examples\20_winchat\services\private\DirectMessagerClientBase.cpp">
      <Filter>Source Files</Filter>
    </ClCompile>
    <ClCompile Include="C:\projects\areg-sdk\product\generate\examples\20_winchat\services\private\DirectMessagerEvents.cpp">
      <Filter>Source Files</Filter>
    </ClCompile>
    <ClCompile Include="C:\projects\areg-sdk\product\generate\examples\20_winchat\services\private\DirectMessagerProxy.cpp">
      <Filter>Source Files</Filter>
    </ClCompile>
    <ClCompile Include="C:\projects\areg-sdk\product\generate\examples\20_winchat\services\private\DirectMessagerStub.cpp">
      <Filter>Source Files</Filter>
    </ClCompile>
    <ClCompile Include="C:\projects\areg-sdk\product\generate\examples\20_winchat\services\private\DirectMessager.cpp">
      <Filter>Source Files</Filter>
    </ClCompile>
  </ItemGroup>
  <ItemGroup>
    <ClInclude Include="C:\projects\areg-sdk\product\generate\examples\20_winchat\services\private\CentralMessagerEvents.hpp">
      <Filter>Header Files</Filter>
    </ClInclude>
    <ClInclude Include="C:\projects\areg-sdk\product\generate\examples\20_winchat\services\private\CentralMessagerProxy.hpp">
      <Filter>Header Files</Filter>
    </ClInclude>
    <ClInclude Include="C:\projects\areg-sdk\product\generate\examples\20_winchat\services\CentralMessagerClientBase.hpp">
      <Filter>Header Files</Filter>
    </ClInclude>
    <ClInclude Include="C:\projects\areg-sdk\product\generate\examples\20_winchat\services\CentralMessagerStub.hpp">
      <Filter>Header Files</Filter>
    </ClInclude>
    <ClInclude Include="C:\projects\areg-sdk\product\generate\examples\20_winchat\services\CentralMessager.hpp">
      <Filter>Header Files</Filter>
    </ClInclude>
    <ClInclude Include="C:\projects\areg-sdk\product\generate\examples\20_winchat\services\private\ConnectionManagerEvents.hpp">
      <Filter>Header Files</Filter>
    </ClInclude>
    <ClInclude Include="C:\projects\areg-sdk\product\generate\examples\20_winchat\services\private\ConnectionManagerProxy.hpp">
      <Filter>Header Files</Filter>
    </ClInclude>
    <ClInclude Include="C:\projects\areg-sdk\product\generate\examples\20_winchat\services\ConnectionManagerClientBase.hpp">
      <Filter>Header Files</Filter>
    </ClInclude>
    <ClInclude Include="C:\projects\areg-sdk\product\generate\examples\20_winchat\services\ConnectionManagerStub.hpp">
      <Filter>Header Files</Filter>
    </ClInclude>
    <ClInclude Include="C:\projects\areg-sdk\product\generate\examples\20_winchat\services\ConnectionManager.hpp">
      <Filter>Header Files</Filter>
    </ClInclude>
    <ClInclude Include="C:\projects\areg-sdk\product\generate\examples\20_winchat\services\private\DirectConnectionEvents.hpp">
      <Filter>Header Files</Filter>
    </ClInclude>
    <ClInclude Include="C:\projects\areg-sdk\product\generate\examples\20_winchat\services\private\DirectConnectionProxy.hpp">
      <Filter>Header Files</Filter>
    </ClInclude>
    <ClInclude Include="C:\projects\areg-sdk\product\generate\examples\20_winchat\services\DirectConnectionClientBase.hpp">
      <Filter>Header Files</Filter>
    </ClInclude>
    <ClInclude Include="C:\projects\areg-sdk\product\generate\examples\20_winchat\services\DirectConnectionStub.hpp">
      <Filter>Header Files</Filter>
    </ClInclude>
    <ClInclude Include="C:\projects\areg-sdk\product\generate\examples\20_winchat\services\DirectConnection.hpp">
      <Filter>Header Files</Filter>
    </ClInclude>
    <ClInclude Include="C:\projects\areg-sdk\product\generate\examples\20_winchat\services\private\DirectMessagerEvents.hpp">
      <Filter>Header Files</Filter>
    </ClInclude>
    <ClInclude Include="C:\projects\areg-sdk\product\generate\examples\20_winchat\services\private\DirectMessagerProxy.hpp">
      <Filter>Header Files</Filter>
    </ClInclude>
    <ClInclude Include="C:\projects\areg-sdk\product\generate\examples\20_winchat\services\DirectMessagerClientBase.hpp">
      <Filter>Header Files</Filter>
    </ClInclude>
    <ClInclude Include="C:\projects\areg-sdk\product\generate\examples\20_winchat\services\DirectMessagerStub.hpp">
      <Filter>Header Files</Filter>
    </ClInclude>
    <ClInclude Include="C:\projects\areg-sdk\product\generate\examples\20_winchat\services\DirectMessager.hpp">
      <Filter>Header Files</Filter>
    </ClInclude>
  </ItemGroup>
  <ItemGroup>
    <CustomBuild Include="C:\projects\areg-sdk\CMakeLists.txt" />
  </ItemGroup>
  <ItemGroup>
    <Filter Include="Header Files">
      <UniqueIdentifier>{2B59980B-402A-35DA-8597-F7DCE1EF712A}</UniqueIdentifier>
    </Filter>
    <Filter Include="Source Files">
      <UniqueIdentifier>{165038F2-33F0-3185-AFB0-3EC3F0664C22}</UniqueIdentifier>
    </Filter>
  </ItemGroup>
</Project>
