
Microsoft Visual Studio Solution File, Format Version 12.00
# Visual Studio Version 17
Project("{8BC9CEB8-8B4A-11D0-8D11-00A0C91BC942}") = "ALL_BUILD", "ALL_BUILD.vcxproj", "{1BDC06EA-BF09-31BD-A648-A67D8758635E}"
	ProjectSection(ProjectDependencies) = postProject
		{424B5756-9DD9-305C-9001-63A3F3C48783} = {424B5756-9DD9-305C-9001-63A3F3C48783}
		{ADB2F18F-2894-39C0-A795-DD3E672C57F6} = {ADB2F18F-2894-39C0-A795-DD3E672C57F6}
		{4107FA2D-C823-3875-B200-025DE65B2EE0} = {4107FA2D-C823-3875-B200-025DE65B2EE0}
		{3E0095CA-932A-34E6-9462-20F531575542} = {3E0095CA-932A-34E6-9462-20F531575542}
		{E684B9CC-EB13-389C-807F-DF95D2B08490} = {E684B9CC-EB13-389C-807F-DF95D2B08490}
		{3652E3A5-955E-3965-9754-633437EF0E87} = {3652E3A5-955E-3965-9754-633437EF0E87}
		{AE366ADE-CA3C-308F-BC90-FEFD8C29D8CE} = {AE366ADE-CA3C-308F-BC90-FEFD8C29D8CE}
		{94B6A2C3-6CED-3687-89C1-8A41438A5523} = {94B6A2C3-6CED-3687-89C1-8A41438A5523}
		{72CAEB11-7DC8-3DCA-9235-177786D06984} = {72CAEB11-7DC8-3DCA-9235-177786D06984}
		{3F05E161-A0DC-3C5F-8592-E450764F3153} = {3F05E161-A0DC-3C5F-8592-E450764F3153}
		{DA31EC35-03E4-37B7-B8DE-38ADB3786323} = {DA31EC35-03E4-37B7-B8DE-38ADB3786323}
		{D1C1E602-F7B4-344B-8A15-33500020A1C7} = {D1C1E602-F7B4-344B-8A15-33500020A1C7}
		{E27D7869-F698-3F74-A6E6-CF0E570C7760} = {E27D7869-F698-3F74-A6E6-CF0E570C7760}
		{7752446A-0CEE-3ECB-ACD1-C7DE72D97D7E} = {7752446A-0CEE-3ECB-ACD1-C7DE72D97D7E}
		{A6F67C3F-B61D-3A40-8EEB-CF09ECC7687D} = {A6F67C3F-B61D-3A40-8EEB-CF09ECC7687D}
		{B22F9370-E2D4-3E0C-A967-DC566CC36E97} = {B22F9370-E2D4-3E0C-A967-DC566CC36E97}
		{740600F7-7EF8-3804-9E12-E1B54AC9D233} = {740600F7-7EF8-3804-9E12-E1B54AC9D233}
		{1DE1AA26-50C4-34DB-815F-31DB6746F690} = {1DE1AA26-50C4-34DB-815F-31DB6746F690}
		{CB942E8C-F95E-301E-83BA-9BA3E3C6D616} = {CB942E8C-F95E-301E-83BA-9BA3E3C6D616}
		{67D5F220-CAE5-30CA-A45F-E9CBED0D1D63} = {67D5F220-CAE5-30CA-A45F-E9CBED0D1D63}
		{36E98B12-8A64-31D4-ACCF-C2B38B701154} = {36E98B12-8A64-31D4-ACCF-C2B38B701154}
		{3407D940-9B36-3DCC-814A-F2BE32BCD053} = {3407D940-9B36-3DCC-814A-F2BE32BCD053}
		{0975F080-559B-3568-A690-62830F32B432} = {0975F080-559B-3568-A690-62830F32B432}
		{D45C4B07-B352-3DCC-9451-BF0C4C045C14} = {D45C4B07-B352-3DCC-9451-BF0C4C045C14}
		{B0CD6780-FCC2-3921-AF34-91D9F441E4BE} = {B0CD6780-FCC2-3921-AF34-91D9F441E4BE}
		{A90A2982-8BCE-3A09-87C1-1FC71398B18B} = {A90A2982-8BCE-3A09-87C1-1FC71398B18B}
		{29A65760-F3E0-3437-BF7A-FD3735C14051} = {29A65760-F3E0-3437-BF7A-FD3735C14051}
		{FFBBCD36-78EF-330F-8631-FC70DC928F63} = {FFBBCD36-78EF-330F-8631-FC70DC928F63}
		{DDEEDBD6-0029-3615-BD46-79B66C4BC155} = {DDEEDBD6-0029-3615-BD46-79B66C4BC155}
		{62E3F279-1281-363F-B649-89E81BD8CB73} = {62E3F279-1281-363F-B649-89E81BD8CB73}
		{F4B035A5-D17B-3A93-AB02-E89715F66E84} = {F4B035A5-D17B-3A93-AB02-E89715F66E84}
		{5A66D943-30E1-357A-B076-6A48F69C1798} = {5A66D943-30E1-357A-B076-6A48F69C1798}
		{94A788EE-B4FD-31D9-BA17-F3F78B6DE446} = {94A788EE-B4FD-31D9-BA17-F3F78B6DE446}
		{651F09D2-7349-35FF-A786-0B97C668ADF1} = {651F09D2-7349-35FF-A786-0B97C668ADF1}
		{F2464ECC-D0AC-3177-AC2D-D88EA88E143B} = {F2464ECC-D0AC-3177-AC2D-D88EA88E143B}
		{A1BF71A0-AACC-3589-B873-BDF219CEC8AE} = {A1BF71A0-AACC-3589-B873-BDF219CEC8AE}
		{4148AA23-1908-337F-B323-C4582728054D} = {4148AA23-1908-337F-B323-C4582728054D}
		{9A570DCA-910F-37CA-AA27-8A98E95F2688} = {9A570DCA-910F-37CA-AA27-8A98E95F2688}
		{24CA0E71-CF1A-357D-BBA0-546323D7D32F} = {24CA0E71-CF1A-357D-BBA0-546323D7D32F}
		{D8894112-B700-3351-8412-609237699483} = {D8894112-B700-3351-8412-609237699483}
		{7A511BCB-791E-3136-BAD3-CF5AB16FBE38} = {7A511BCB-791E-3136-BAD3-CF5AB16FBE38}
		{B267E43E-33B5-3314-A6B3-190B50FB2A36} = {B267E43E-33B5-3314-A6B3-190B50FB2A36}
		{7586021C-B733-36ED-BB28-142C578A4088} = {7586021C-B733-36ED-BB28-142C578A4088}
		{7E380757-F457-3FCD-BA58-7C7C335259CC} = {7E380757-F457-3FCD-BA58-7C7C335259CC}
		{C5B9E972-BD54-3F2F-A45D-789B4547831D} = {C5B9E972-BD54-3F2F-A45D-789B4547831D}
		{ABB8CB36-7703-3302-8798-EFDC7653D99D} = {ABB8CB36-7703-3302-8798-EFDC7653D99D}
		{739FB4A4-9A30-38E3-8019-B21DE85678C3} = {739FB4A4-9A30-38E3-8019-B21DE85678C3}
		{11C0AC95-3ABF-376C-9A3D-D0FC33B87836} = {11C0AC95-3ABF-376C-9A3D-D0FC33B87836}
		{7D20A2C6-B946-33C8-8C6F-43C60E8F77CF} = {7D20A2C6-B946-33C8-8C6F-43C60E8F77CF}
		{EA24B96E-FDDA-32DC-855D-45B3CF88F1B2} = {EA24B96E-FDDA-32DC-855D-45B3CF88F1B2}
		{7F253BD0-E7B8-319B-8593-0633EED843DE} = {7F253BD0-E7B8-319B-8593-0633EED843DE}
		{204DF995-21C1-343F-AE41-418D56B0EEA7} = {204DF995-21C1-343F-AE41-418D56B0EEA7}
		{5DCCBF4F-A5B6-3857-9E3D-E5A672927639} = {5DCCBF4F-A5B6-3857-9E3D-E5A672927639}
		{2B0BF211-7185-3170-B611-1AEB4807D514} = {2B0BF211-7185-3170-B611-1AEB4807D514}
		{321D788F-797B-31A9-AC35-653DA5B9A6F7} = {321D788F-797B-31A9-AC35-653DA5B9A6F7}
		{44D5BCA1-DB98-3814-B473-2F91A6D5ADAF} = {44D5BCA1-DB98-3814-B473-2F91A6D5ADAF}
		{81AC3AF9-BB40-3005-8C83-1E7636B093F0} = {81AC3AF9-BB40-3005-8C83-1E7636B093F0}
		{E42B5733-695B-3A8B-9CCB-82863EDFD435} = {E42B5733-695B-3A8B-9CCB-82863EDFD435}
		{5E362C67-0533-3EBD-A190-F1C0AD4155FD} = {5E362C67-0533-3EBD-A190-F1C0AD4155FD}
		{9760F632-D436-3B00-B9E1-272CC6BDD5D4} = {9760F632-D436-3B00-B9E1-272CC6BDD5D4}
		{0AEED0C7-2D97-3046-8DD0-B233FD231C7E} = {0AEED0C7-2D97-3046-8DD0-B233FD231C7E}
		{E9B37F4F-29E7-38F2-BC83-2785A402FA9A} = {E9B37F4F-29E7-38F2-BC83-2785A402FA9A}
		{42B2215C-4701-33D7-A0D2-71068F3929D2} = {42B2215C-4701-33D7-A0D2-71068F3929D2}
		{84D0C2D1-FBFE-3216-91C0-60D2B44EA5BD} = {84D0C2D1-FBFE-3216-91C0-60D2B44EA5BD}
		{F2A68373-547B-3C50-B4D4-93CC25E05A47} = {F2A68373-547B-3C50-B4D4-93CC25E05A47}
		{D05D2099-0F73-3F03-B4F3-7ABC2C0B9364} = {D05D2099-0F73-3F03-B4F3-7ABC2C0B9364}
		{05A56F68-2462-3C56-A984-C108CA41E7CD} = {05A56F68-2462-3C56-A984-C108CA41E7CD}
		{9334DC60-9A62-33BF-908E-7084705363C5} = {9334DC60-9A62-33BF-908E-7084705363C5}
		{A531DA5E-C00A-3893-AF51-BED4A76C0103} = {A531DA5E-C00A-3893-AF51-BED4A76C0103}
		{1179C36E-5274-3B88-A74F-2BF54385CD90} = {1179C36E-5274-3B88-A74F-2BF54385CD90}
		{98555C86-200B-3338-91AF-9D761638565D} = {98555C86-200B-3338-91AF-9D761638565D}
		{B8FB7F72-C55C-365D-965E-09257FDAEFFB} = {B8FB7F72-C55C-365D-965E-09257FDAEFFB}
		{3095A84E-E2CF-34B9-9AE5-6B99C631DAC7} = {3095A84E-E2CF-34B9-9AE5-6B99C631DAC7}
		{54A6B0B0-57E3-3616-83C4-4ADF45839926} = {54A6B0B0-57E3-3616-83C4-4ADF45839926}
		{8EA25E28-D1A6-3A56-B872-E26A1B137544} = {8EA25E28-D1A6-3A56-B872-E26A1B137544}
		{414AF259-0CB2-3610-B8C8-114685DF84AE} = {414AF259-0CB2-3610-B8C8-114685DF84AE}
		{18CA252C-B3A6-345D-92A3-B133FAB782EC} = {18CA252C-B3A6-345D-92A3-B133FAB782EC}
		{F920E8A5-02DA-3C3C-8810-96A8E81F8F07} = {F920E8A5-02DA-3C3C-8810-96A8E81F8F07}
		{3C8C048C-7E8A-3C7B-A0A2-73FC25A7FDC1} = {3C8C048C-7E8A-3C7B-A0A2-73FC25A7FDC1}
		{1E7633C9-4F59-3E83-A172-69E562B1DB02} = {1E7633C9-4F59-3E83-A172-69E562B1DB02}
	EndProjectSection
EndProject
Project("{8BC9CEB8-8B4A-11D0-8D11-00A0C91BC942}") = "01_generated", "01_generated.vcxproj", "{424B5756-9DD9-305C-9001-63A3F3C48783}"
	ProjectSection(ProjectDependencies) = postProject
		{05A56F68-2462-3C56-A984-C108CA41E7CD} = {05A56F68-2462-3C56-A984-C108CA41E7CD}
		{9334DC60-9A62-33BF-908E-7084705363C5} = {9334DC60-9A62-33BF-908E-7084705363C5}
	EndProjectSection
EndProject
Project("{8BC9CEB8-8B4A-11D0-8D11-00A0C91BC942}") = "01_minimalrpc", "01_minimalrpc.vcxproj", "{ADB2F18F-2894-39C0-A795-DD3E672C57F6}"
	ProjectSection(ProjectDependencies) = postProject
		{424B5756-9DD9-305C-9001-63A3F3C48783} = {424B5756-9DD9-305C-9001-63A3F3C48783}
		{05A56F68-2462-3C56-A984-C108CA41E7CD} = {05A56F68-2462-3C56-A984-C108CA41E7CD}
		{9334DC60-9A62-33BF-908E-7084705363C5} = {9334DC60-9A62-33BF-908E-7084705363C5}
		{98555C86-200B-3338-91AF-9D761638565D} = {98555C86-200B-3338-91AF-9D761638565D}
	EndProjectSection
EndProject
Project("{8BC9CEB8-8B4A-11D0-8D11-00A0C91BC942}") = "02_consumeripc", "02_consumeripc.vcxproj", "{4107FA2D-C823-3875-B200-025DE65B2EE0}"
	ProjectSection(ProjectDependencies) = postProject
		{3E0095CA-932A-34E6-9462-20F531575542} = {3E0095CA-932A-34E6-9462-20F531575542}
		{05A56F68-2462-3C56-A984-C108CA41E7CD} = {05A56F68-2462-3C56-A984-C108CA41E7CD}
		{9334DC60-9A62-33BF-908E-7084705363C5} = {9334DC60-9A62-33BF-908E-7084705363C5}
		{98555C86-200B-3338-91AF-9D761638565D} = {98555C86-200B-3338-91AF-9D761638565D}
	EndProjectSection
EndProject
Project("{8BC9CEB8-8B4A-11D0-8D11-00A0C91BC942}") = "02_generated", "02_generated.vcxproj", "{3E0095CA-932A-34E6-9462-20F531575542}"
	ProjectSection(ProjectDependencies) = postProject
		{05A56F68-2462-3C56-A984-C108CA41E7CD} = {05A56F68-2462-3C56-A984-C108CA41E7CD}
		{9334DC60-9A62-33BF-908E-7084705363C5} = {9334DC60-9A62-33BF-908E-7084705363C5}
	EndProjectSection
EndProject
Project("{8BC9CEB8-8B4A-11D0-8D11-00A0C91BC942}") = "02_provideripc", "02_provideripc.vcxproj", "{E684B9CC-EB13-389C-807F-DF95D2B08490}"
	ProjectSection(ProjectDependencies) = postProject
		{3E0095CA-932A-34E6-9462-20F531575542} = {3E0095CA-932A-34E6-9462-20F531575542}
		{05A56F68-2462-3C56-A984-C108CA41E7CD} = {05A56F68-2462-3C56-A984-C108CA41E7CD}
		{9334DC60-9A62-33BF-908E-7084705363C5} = {9334DC60-9A62-33BF-908E-7084705363C5}
		{98555C86-200B-3338-91AF-9D761638565D} = {98555C86-200B-3338-91AF-9D761638565D}
	EndProjectSection
EndProject
Project("{8BC9CEB8-8B4A-11D0-8D11-00A0C91BC942}") = "03_generated", "03_generated.vcxproj", "{3652E3A5-955E-3965-9754-633437EF0E87}"
	ProjectSection(ProjectDependencies) = postProject
		{05A56F68-2462-3C56-A984-C108CA41E7CD} = {05A56F68-2462-3C56-A984-C108CA41E7CD}
		{9334DC60-9A62-33BF-908E-7084705363C5} = {9334DC60-9A62-33BF-908E-7084705363C5}
	EndProjectSection
EndProject
Project("{8BC9CEB8-8B4A-11D0-8D11-00A0C91BC942}") = "03_onethread", "03_onethread.vcxproj", "{AE366ADE-CA3C-308F-BC90-FEFD8C29D8CE}"
	ProjectSection(ProjectDependencies) = postProject
		{3652E3A5-955E-3965-9754-633437EF0E87} = {3652E3A5-955E-3965-9754-633437EF0E87}
		{05A56F68-2462-3C56-A984-C108CA41E7CD} = {05A56F68-2462-3C56-A984-C108CA41E7CD}
		{9334DC60-9A62-33BF-908E-7084705363C5} = {9334DC60-9A62-33BF-908E-7084705363C5}
		{98555C86-200B-3338-91AF-9D761638565D} = {98555C86-200B-3338-91AF-9D761638565D}
	EndProjectSection
EndProject
Project("{8BC9CEB8-8B4A-11D0-8D11-00A0C91BC942}") = "03_pubclient", "03_pubclient.vcxproj", "{94B6A2C3-6CED-3687-89C1-8A41438A5523}"
	ProjectSection(ProjectDependencies) = postProject
		{3652E3A5-955E-3965-9754-633437EF0E87} = {3652E3A5-955E-3965-9754-633437EF0E87}
		{05A56F68-2462-3C56-A984-C108CA41E7CD} = {05A56F68-2462-3C56-A984-C108CA41E7CD}
		{9334DC60-9A62-33BF-908E-7084705363C5} = {9334DC60-9A62-33BF-908E-7084705363C5}
		{98555C86-200B-3338-91AF-9D761638565D} = {98555C86-200B-3338-91AF-9D761638565D}
	EndProjectSection
EndProject
Project("{8BC9CEB8-8B4A-11D0-8D11-00A0C91BC942}") = "03_pubservice", "03_pubservice.vcxproj", "{72CAEB11-7DC8-3DCA-9235-177786D06984}"
	ProjectSection(ProjectDependencies) = postProject
		{3652E3A5-955E-3965-9754-633437EF0E87} = {3652E3A5-955E-3965-9754-633437EF0E87}
		{05A56F68-2462-3C56-A984-C108CA41E7CD} = {05A56F68-2462-3C56-A984-C108CA41E7CD}
		{9334DC60-9A62-33BF-908E-7084705363C5} = {9334DC60-9A62-33BF-908E-7084705363C5}
		{98555C86-200B-3338-91AF-9D761638565D} = {98555C86-200B-3338-91AF-9D761638565D}
	EndProjectSection
EndProject
Project("{8BC9CEB8-8B4A-11D0-8D11-00A0C91BC942}") = "03_twothreads", "03_twothreads.vcxproj", "{3F05E161-A0DC-3C5F-8592-E450764F3153}"
	ProjectSection(ProjectDependencies) = postProject
		{3652E3A5-955E-3965-9754-633437EF0E87} = {3652E3A5-955E-3965-9754-633437EF0E87}
		{05A56F68-2462-3C56-A984-C108CA41E7CD} = {05A56F68-2462-3C56-A984-C108CA41E7CD}
		{9334DC60-9A62-33BF-908E-7084705363C5} = {9334DC60-9A62-33BF-908E-7084705363C5}
		{98555C86-200B-3338-91AF-9D761638565D} = {98555C86-200B-3338-91AF-9D761638565D}
	EndProjectSection
EndProject
Project("{8BC9CEB8-8B4A-11D0-8D11-00A0C91BC942}") = "04_hellothread", "04_hellothread.vcxproj", "{DA31EC35-03E4-37B7-B8DE-38ADB3786323}"
	ProjectSection(ProjectDependencies) = postProject
		{05A56F68-2462-3C56-A984-C108CA41E7CD} = {05A56F68-2462-3C56-A984-C108CA41E7CD}
		{9334DC60-9A62-33BF-908E-7084705363C5} = {9334DC60-9A62-33BF-908E-7084705363C5}
		{98555C86-200B-3338-91AF-9D761638565D} = {98555C86-200B-3338-91AF-9D761638565D}
	EndProjectSection
EndProject
Project("{8BC9CEB8-8B4A-11D0-8D11-00A0C91BC942}") = "05_buffer", "05_buffer.vcxproj", "{D1C1E602-F7B4-344B-8A15-33500020A1C7}"
	ProjectSection(ProjectDependencies) = postProject
		{05A56F68-2462-3C56-A984-C108CA41E7CD} = {05A56F68-2462-3C56-A984-C108CA41E7CD}
		{9334DC60-9A62-33BF-908E-7084705363C5} = {9334DC60-9A62-33BF-908E-7084705363C5}
		{98555C86-200B-3338-91AF-9D761638565D} = {98555C86-200B-3338-91AF-9D761638565D}
	EndProjectSection
EndProject
Project("{8BC9CEB8-8B4A-11D0-8D11-00A0C91BC942}") = "06_file", "06_file.vcxproj", "{E27D7869-F698-3F74-A6E6-CF0E570C7760}"
	ProjectSection(ProjectDependencies) = postProject
		{05A56F68-2462-3C56-A984-C108CA41E7CD} = {05A56F68-2462-3C56-A984-C108CA41E7CD}
		{9334DC60-9A62-33BF-908E-7084705363C5} = {9334DC60-9A62-33BF-908E-7084705363C5}
		{98555C86-200B-3338-91AF-9D761638565D} = {98555C86-200B-3338-91AF-9D761638565D}
	EndProjectSection
EndProject
Project("{8BC9CEB8-8B4A-11D0-8D11-00A0C91BC942}") = "07_logging", "07_logging.vcxproj", "{7752446A-0CEE-3ECB-ACD1-C7DE72D97D7E}"
	ProjectSection(ProjectDependencies) = postProject
		{05A56F68-2462-3C56-A984-C108CA41E7CD} = {05A56F68-2462-3C56-A984-C108CA41E7CD}
		{9334DC60-9A62-33BF-908E-7084705363C5} = {9334DC60-9A62-33BF-908E-7084705363C5}
		{98555C86-200B-3338-91AF-9D761638565D} = {98555C86-200B-3338-91AF-9D761638565D}
	EndProjectSection
EndProject
Project("{8BC9CEB8-8B4A-11D0-8D11-00A0C91BC942}") = "08_timer", "08_timer.vcxproj", "{A6F67C3F-B61D-3A40-8EEB-CF09ECC7687D}"
	ProjectSection(ProjectDependencies) = postProject
		{05A56F68-2462-3C56-A984-C108CA41E7CD} = {05A56F68-2462-3C56-A984-C108CA41E7CD}
		{9334DC60-9A62-33BF-908E-7084705363C5} = {9334DC60-9A62-33BF-908E-7084705363C5}
		{98555C86-200B-3338-91AF-9D761638565D} = {98555C86-200B-3338-91AF-9D761638565D}
	EndProjectSection
EndProject
Project("{8BC9CEB8-8B4A-11D0-8D11-00A0C91BC942}") = "09_threads", "09_threads.vcxproj", "{B22F9370-E2D4-3E0C-A967-DC566CC36E97}"
	ProjectSection(ProjectDependencies) = postProject
		{05A56F68-2462-3C56-A984-C108CA41E7CD} = {05A56F68-2462-3C56-A984-C108CA41E7CD}
		{9334DC60-9A62-33BF-908E-7084705363C5} = {9334DC60-9A62-33BF-908E-7084705363C5}
		{98555C86-200B-3338-91AF-9D761638565D} = {98555C86-200B-3338-91AF-9D761638565D}
	EndProjectSection
EndProject
Project("{8BC9CEB8-8B4A-11D0-8D11-00A0C91BC942}") = "10_sync", "10_sync.vcxproj", "{740600F7-7EF8-3804-9E12-E1B54AC9D233}"
	ProjectSection(ProjectDependencies) = postProject
		{05A56F68-2462-3C56-A984-C108CA41E7CD} = {05A56F68-2462-3C56-A984-C108CA41E7CD}
		{9334DC60-9A62-33BF-908E-7084705363C5} = {9334DC60-9A62-33BF-908E-7084705363C5}
		{98555C86-200B-3338-91AF-9D761638565D} = {98555C86-200B-3338-91AF-9D761638565D}
	EndProjectSection
EndProject
Project("{8BC9CEB8-8B4A-11D0-8D11-00A0C91BC942}") = "11_service", "11_service.vcxproj", "{1DE1AA26-50C4-34DB-815F-31DB6746F690}"
	ProjectSection(ProjectDependencies) = postProject
		{05A56F68-2462-3C56-A984-C108CA41E7CD} = {05A56F68-2462-3C56-A984-C108CA41E7CD}
		{9334DC60-9A62-33BF-908E-7084705363C5} = {9334DC60-9A62-33BF-908E-7084705363C5}
		{98555C86-200B-3338-91AF-9D761638565D} = {98555C86-200B-3338-91AF-9D761638565D}
	EndProjectSection
EndProject
Project("{8BC9CEB8-8B4A-11D0-8D11-00A0C91BC942}") = "12_svcmulti", "12_svcmulti.vcxproj", "{CB942E8C-F95E-301E-83BA-9BA3E3C6D616}"
	ProjectSection(ProjectDependencies) = postProject
		{05A56F68-2462-3C56-A984-C108CA41E7CD} = {05A56F68-2462-3C56-A984-C108CA41E7CD}
		{9334DC60-9A62-33BF-908E-7084705363C5} = {9334DC60-9A62-33BF-908E-7084705363C5}
		{98555C86-200B-3338-91AF-9D761638565D} = {98555C86-200B-3338-91AF-9D761638565D}
	EndProjectSection
EndProject
Project("{8BC9CEB8-8B4A-11D0-8D11-00A0C91BC942}") = "13_generated", "13_generated.vcxproj", "{67D5F220-CAE5-30CA-A45F-E9CBED0D1D63}"
	ProjectSection(ProjectDependencies) = postProject
		{05A56F68-2462-3C56-A984-C108CA41E7CD} = {05A56F68-2462-3C56-A984-C108CA41E7CD}
		{9334DC60-9A62-33BF-908E-7084705363C5} = {9334DC60-9A62-33BF-908E-7084705363C5}
	EndProjectSection
EndProject
Project("{8BC9CEB8-8B4A-11D0-8D11-00A0C91BC942}") = "13_locservice", "13_locservice.vcxproj", "{36E98B12-8A64-31D4-ACCF-C2B38B701154}"
	ProjectSection(ProjectDependencies) = postProject
		{67D5F220-CAE5-30CA-A45F-E9CBED0D1D63} = {67D5F220-CAE5-30CA-A45F-E9CBED0D1D63}
		{05A56F68-2462-3C56-A984-C108CA41E7CD} = {05A56F68-2462-3C56-A984-C108CA41E7CD}
		{9334DC60-9A62-33BF-908E-7084705363C5} = {9334DC60-9A62-33BF-908E-7084705363C5}
		{98555C86-200B-3338-91AF-9D761638565D} = {98555C86-200B-3338-91AF-9D761638565D}
	EndProjectSection
EndProject
Project("{8BC9CEB8-8B4A-11D0-8D11-00A0C91BC942}") = "14_generated", "14_generated.vcxproj", "{3407D940-9B36-3DCC-814A-F2BE32BCD053}"
	ProjectSection(ProjectDependencies) = postProject
		{05A56F68-2462-3C56-A984-C108CA41E7CD} = {05A56F68-2462-3C56-A984-C108CA41E7CD}
		{9334DC60-9A62-33BF-908E-7084705363C5} = {9334DC60-9A62-33BF-908E-7084705363C5}
	EndProjectSection
EndProject
Project("{8BC9CEB8-8B4A-11D0-8D11-00A0C91BC942}") = "14_locmesh", "14_locmesh.vcxproj", "{0975F080-559B-3568-A690-62830F32B432}"
	ProjectSection(ProjectDependencies) = postProject
		{3407D940-9B36-3DCC-814A-F2BE32BCD053} = {3407D940-9B36-3DCC-814A-F2BE32BCD053}
		{05A56F68-2462-3C56-A984-C108CA41E7CD} = {05A56F68-2462-3C56-A984-C108CA41E7CD}
		{9334DC60-9A62-33BF-908E-7084705363C5} = {9334DC60-9A62-33BF-908E-7084705363C5}
		{98555C86-200B-3338-91AF-9D761638565D} = {98555C86-200B-3338-91AF-9D761638565D}
	EndProjectSection
EndProject
Project("{8BC9CEB8-8B4A-11D0-8D11-00A0C91BC942}") = "15_generated", "15_generated.vcxproj", "{D45C4B07-B352-3DCC-9451-BF0C4C045C14}"
	ProjectSection(ProjectDependencies) = postProject
		{05A56F68-2462-3C56-A984-C108CA41E7CD} = {05A56F68-2462-3C56-A984-C108CA41E7CD}
		{9334DC60-9A62-33BF-908E-7084705363C5} = {9334DC60-9A62-33BF-908E-7084705363C5}
	EndProjectSection
EndProject
Project("{8BC9CEB8-8B4A-11D0-8D11-00A0C91BC942}") = "15_pubclient", "15_pubclient.vcxproj", "{B0CD6780-FCC2-3921-AF34-91D9F441E4BE}"
	ProjectSection(ProjectDependencies) = postProject
		{D45C4B07-B352-3DCC-9451-BF0C4C045C14} = {D45C4B07-B352-3DCC-9451-BF0C4C045C14}
		{05A56F68-2462-3C56-A984-C108CA41E7CD} = {05A56F68-2462-3C56-A984-C108CA41E7CD}
		{9334DC60-9A62-33BF-908E-7084705363C5} = {9334DC60-9A62-33BF-908E-7084705363C5}
		{98555C86-200B-3338-91AF-9D761638565D} = {98555C86-200B-3338-91AF-9D761638565D}
	EndProjectSection
EndProject
Project("{8BC9CEB8-8B4A-11D0-8D11-00A0C91BC942}") = "15_pubservice", "15_pubservice.vcxproj", "{A90A2982-8BCE-3A09-87C1-1FC71398B18B}"
	ProjectSection(ProjectDependencies) = postProject
		{D45C4B07-B352-3DCC-9451-BF0C4C045C14} = {D45C4B07-B352-3DCC-9451-BF0C4C045C14}
		{05A56F68-2462-3C56-A984-C108CA41E7CD} = {05A56F68-2462-3C56-A984-C108CA41E7CD}
		{9334DC60-9A62-33BF-908E-7084705363C5} = {9334DC60-9A62-33BF-908E-7084705363C5}
		{98555C86-200B-3338-91AF-9D761638565D} = {98555C86-200B-3338-91AF-9D761638565D}
	EndProjectSection
EndProject
Project("{8BC9CEB8-8B4A-11D0-8D11-00A0C91BC942}") = "16_common", "16_common.vcxproj", "{29A65760-F3E0-3437-BF7A-FD3735C14051}"
	ProjectSection(ProjectDependencies) = postProject
		{FFBBCD36-78EF-330F-8631-FC70DC928F63} = {FFBBCD36-78EF-330F-8631-FC70DC928F63}
		{05A56F68-2462-3C56-A984-C108CA41E7CD} = {05A56F68-2462-3C56-A984-C108CA41E7CD}
		{9334DC60-9A62-33BF-908E-7084705363C5} = {9334DC60-9A62-33BF-908E-7084705363C5}
	EndProjectSection
EndProject
Project("{8BC9CEB8-8B4A-11D0-8D11-00A0C91BC942}") = "16_generated", "16_generated.vcxproj", "{FFBBCD36-78EF-330F-8631-FC70DC928F63}"
	ProjectSection(ProjectDependencies) = postProject
		{05A56F68-2462-3C56-A984-C108CA41E7CD} = {05A56F68-2462-3C56-A984-C108CA41E7CD}
		{9334DC60-9A62-33BF-908E-7084705363C5} = {9334DC60-9A62-33BF-908E-7084705363C5}
	EndProjectSection
EndProject
Project("{8BC9CEB8-8B4A-11D0-8D11-00A0C91BC942}") = "16_pubclients", "16_pubclients.vcxproj", "{DDEEDBD6-0029-3615-BD46-79B66C4BC155}"
	ProjectSection(ProjectDependencies) = postProject
		{29A65760-F3E0-3437-BF7A-FD3735C14051} = {29A65760-F3E0-3437-BF7A-FD3735C14051}
		{FFBBCD36-78EF-330F-8631-FC70DC928F63} = {FFBBCD36-78EF-330F-8631-FC70DC928F63}
		{05A56F68-2462-3C56-A984-C108CA41E7CD} = {05A56F68-2462-3C56-A984-C108CA41E7CD}
		{9334DC60-9A62-33BF-908E-7084705363C5} = {9334DC60-9A62-33BF-908E-7084705363C5}
		{98555C86-200B-3338-91AF-9D761638565D} = {98555C86-200B-3338-91AF-9D761638565D}
	EndProjectSection
EndProject
Project("{8BC9CEB8-8B4A-11D0-8D11-00A0C91BC942}") = "16_pubservice", "16_pubservice.vcxproj", "{62E3F279-1281-363F-B649-89E81BD8CB73}"
	ProjectSection(ProjectDependencies) = postProject
		{29A65760-F3E0-3437-BF7A-FD3735C14051} = {29A65760-F3E0-3437-BF7A-FD3735C14051}
		{FFBBCD36-78EF-330F-8631-FC70DC928F63} = {FFBBCD36-78EF-330F-8631-FC70DC928F63}
		{05A56F68-2462-3C56-A984-C108CA41E7CD} = {05A56F68-2462-3C56-A984-C108CA41E7CD}
		{9334DC60-9A62-33BF-908E-7084705363C5} = {9334DC60-9A62-33BF-908E-7084705363C5}
		{98555C86-200B-3338-91AF-9D761638565D} = {98555C86-200B-3338-91AF-9D761638565D}
	EndProjectSection
EndProject
Project("{8BC9CEB8-8B4A-11D0-8D11-00A0C91BC942}") = "16_pubsvcmesh", "16_pubsvcmesh.vcxproj", "{F4B035A5-D17B-3A93-AB02-E89715F66E84}"
	ProjectSection(ProjectDependencies) = postProject
		{29A65760-F3E0-3437-BF7A-FD3735C14051} = {29A65760-F3E0-3437-BF7A-FD3735C14051}
		{FFBBCD36-78EF-330F-8631-FC70DC928F63} = {FFBBCD36-78EF-330F-8631-FC70DC928F63}
		{05A56F68-2462-3C56-A984-C108CA41E7CD} = {05A56F68-2462-3C56-A984-C108CA41E7CD}
		{9334DC60-9A62-33BF-908E-7084705363C5} = {9334DC60-9A62-33BF-908E-7084705363C5}
		{98555C86-200B-3338-91AF-9D761638565D} = {98555C86-200B-3338-91AF-9D761638565D}
	EndProjectSection
EndProject
Project("{8BC9CEB8-8B4A-11D0-8D11-00A0C91BC942}") = "17_generated", "17_generated.vcxproj", "{5A66D943-30E1-357A-B076-6A48F69C1798}"
	ProjectSection(ProjectDependencies) = postProject
		{05A56F68-2462-3C56-A984-C108CA41E7CD} = {05A56F68-2462-3C56-A984-C108CA41E7CD}
		{9334DC60-9A62-33BF-908E-7084705363C5} = {9334DC60-9A62-33BF-908E-7084705363C5}
	EndProjectSection
EndProject
Project("{8BC9CEB8-8B4A-11D0-8D11-00A0C91BC942}") = "17_pubclient", "17_pubclient.vcxproj", "{94A788EE-B4FD-31D9-BA17-F3F78B6DE446}"
	ProjectSection(ProjectDependencies) = postProject
		{5A66D943-30E1-357A-B076-6A48F69C1798} = {5A66D943-30E1-357A-B076-6A48F69C1798}
		{05A56F68-2462-3C56-A984-C108CA41E7CD} = {05A56F68-2462-3C56-A984-C108CA41E7CD}
		{9334DC60-9A62-33BF-908E-7084705363C5} = {9334DC60-9A62-33BF-908E-7084705363C5}
		{98555C86-200B-3338-91AF-9D761638565D} = {98555C86-200B-3338-91AF-9D761638565D}
	EndProjectSection
EndProject
Project("{8BC9CEB8-8B4A-11D0-8D11-00A0C91BC942}") = "17_pubservice", "17_pubservice.vcxproj", "{651F09D2-7349-35FF-A786-0B97C668ADF1}"
	ProjectSection(ProjectDependencies) = postProject
		{5A66D943-30E1-357A-B076-6A48F69C1798} = {5A66D943-30E1-357A-B076-6A48F69C1798}
		{05A56F68-2462-3C56-A984-C108CA41E7CD} = {05A56F68-2462-3C56-A984-C108CA41E7CD}
		{9334DC60-9A62-33BF-908E-7084705363C5} = {9334DC60-9A62-33BF-908E-7084705363C5}
		{98555C86-200B-3338-91AF-9D761638565D} = {98555C86-200B-3338-91AF-9D761638565D}
	EndProjectSection
EndProject
Project("{8BC9CEB8-8B4A-11D0-8D11-00A0C91BC942}") = "18_generated", "18_generated.vcxproj", "{F2464ECC-D0AC-3177-AC2D-D88EA88E143B}"
	ProjectSection(ProjectDependencies) = postProject
		{05A56F68-2462-3C56-A984-C108CA41E7CD} = {05A56F68-2462-3C56-A984-C108CA41E7CD}
		{9334DC60-9A62-33BF-908E-7084705363C5} = {9334DC60-9A62-33BF-908E-7084705363C5}
	EndProjectSection
EndProject
Project("{8BC9CEB8-8B4A-11D0-8D11-00A0C91BC942}") = "18_pubclient", "18_pubclient.vcxproj", "{A1BF71A0-AACC-3589-B873-BDF219CEC8AE}"
	ProjectSection(ProjectDependencies) = postProject
		{F2464ECC-D0AC-3177-AC2D-D88EA88E143B} = {F2464ECC-D0AC-3177-AC2D-D88EA88E143B}
		{05A56F68-2462-3C56-A984-C108CA41E7CD} = {05A56F68-2462-3C56-A984-C108CA41E7CD}
		{9334DC60-9A62-33BF-908E-7084705363C5} = {9334DC60-9A62-33BF-908E-7084705363C5}
		{98555C86-200B-3338-91AF-9D761638565D} = {98555C86-200B-3338-91AF-9D761638565D}
	EndProjectSection
EndProject
Project("{8BC9CEB8-8B4A-11D0-8D11-00A0C91BC942}") = "18_pubservice", "18_pubservice.vcxproj", "{4148AA23-1908-337F-B323-C4582728054D}"
	ProjectSection(ProjectDependencies) = postProject
		{F2464ECC-D0AC-3177-AC2D-D88EA88E143B} = {F2464ECC-D0AC-3177-AC2D-D88EA88E143B}
		{05A56F68-2462-3C56-A984-C108CA41E7CD} = {05A56F68-2462-3C56-A984-C108CA41E7CD}
		{9334DC60-9A62-33BF-908E-7084705363C5} = {9334DC60-9A62-33BF-908E-7084705363C5}
		{98555C86-200B-3338-91AF-9D761638565D} = {98555C86-200B-3338-91AF-9D761638565D}
	EndProjectSection
EndProject
Project("{8BC9CEB8-8B4A-11D0-8D11-00A0C91BC942}") = "19_generated", "19_generated.vcxproj", "{9A570DCA-910F-37CA-AA27-8A98E95F2688}"
	ProjectSection(ProjectDependencies) = postProject
		{05A56F68-2462-3C56-A984-C108CA41E7CD} = {05A56F68-2462-3C56-A984-C108CA41E7CD}
		{9334DC60-9A62-33BF-908E-7084705363C5} = {9334DC60-9A62-33BF-908E-7084705363C5}
	EndProjectSection
EndProject
Project("{8BC9CEB8-8B4A-11D0-8D11-00A0C91BC942}") = "19_pubclient", "19_pubclient.vcxproj", "{24CA0E71-CF1A-357D-BBA0-546323D7D32F}"
	ProjectSection(ProjectDependencies) = postProject
		{9A570DCA-910F-37CA-AA27-8A98E95F2688} = {9A570DCA-910F-37CA-AA27-8A98E95F2688}
		{05A56F68-2462-3C56-A984-C108CA41E7CD} = {05A56F68-2462-3C56-A984-C108CA41E7CD}
		{9334DC60-9A62-33BF-908E-7084705363C5} = {9334DC60-9A62-33BF-908E-7084705363C5}
		{98555C86-200B-3338-91AF-9D761638565D} = {98555C86-200B-3338-91AF-9D761638565D}
	EndProjectSection
EndProject
Project("{8BC9CEB8-8B4A-11D0-8D11-00A0C91BC942}") = "19_pubservice", "19_pubservice.vcxproj", "{D8894112-B700-3351-8412-609237699483}"
	ProjectSection(ProjectDependencies) = postProject
		{9A570DCA-910F-37CA-AA27-8A98E95F2688} = {9A570DCA-910F-37CA-AA27-8A98E95F2688}
		{05A56F68-2462-3C56-A984-C108CA41E7CD} = {05A56F68-2462-3C56-A984-C108CA41E7CD}
		{9334DC60-9A62-33BF-908E-7084705363C5} = {9334DC60-9A62-33BF-908E-7084705363C5}
		{98555C86-200B-3338-91AF-9D761638565D} = {98555C86-200B-3338-91AF-9D761638565D}
	EndProjectSection
EndProject
Project("{8BC9CEB8-8B4A-11D0-8D11-00A0C91BC942}") = "20_chatter", "20_chatter.vcxproj", "{7A511BCB-791E-3136-BAD3-CF5AB16FBE38}"
	ProjectSection(ProjectDependencies) = postProject
		{B267E43E-33B5-3314-A6B3-190B50FB2A36} = {B267E43E-33B5-3314-A6B3-190B50FB2A36}
		{05A56F68-2462-3C56-A984-C108CA41E7CD} = {05A56F68-2462-3C56-A984-C108CA41E7CD}
		{9334DC60-9A62-33BF-908E-7084705363C5} = {9334DC60-9A62-33BF-908E-7084705363C5}
		{98555C86-200B-3338-91AF-9D761638565D} = {98555C86-200B-3338-91AF-9D761638565D}
	EndProjectSection
EndProject
Project("{8BC9CEB8-8B4A-11D0-8D11-00A0C91BC942}") = "20_generated", "20_generated.vcxproj", "{B267E43E-33B5-3314-A6B3-190B50FB2A36}"
	ProjectSection(ProjectDependencies) = postProject
		{05A56F68-2462-3C56-A984-C108CA41E7CD} = {05A56F68-2462-3C56-A984-C108CA41E7CD}
		{9334DC60-9A62-33BF-908E-7084705363C5} = {9334DC60-9A62-33BF-908E-7084705363C5}
	EndProjectSection
EndProject
Project("{8BC9CEB8-8B4A-11D0-8D11-00A0C91BC942}") = "20_register", "20_register.vcxproj", "{7586021C-B733-36ED-BB28-142C578A4088}"
	ProjectSection(ProjectDependencies) = postProject
		{B267E43E-33B5-3314-A6B3-190B50FB2A36} = {B267E43E-33B5-3314-A6B3-190B50FB2A36}
		{05A56F68-2462-3C56-A984-C108CA41E7CD} = {05A56F68-2462-3C56-A984-C108CA41E7CD}
		{9334DC60-9A62-33BF-908E-7084705363C5} = {9334DC60-9A62-33BF-908E-7084705363C5}
		{98555C86-200B-3338-91AF-9D761638565D} = {98555C86-200B-3338-91AF-9D761638565D}
	EndProjectSection
EndProject
Project("{8BC9CEB8-8B4A-11D0-8D11-00A0C91BC942}") = "21_generated", "21_generated.vcxproj", "{7E380757-F457-3FCD-BA58-7C7C335259CC}"
	ProjectSection(ProjectDependencies) = postProject
		{05A56F68-2462-3C56-A984-C108CA41E7CD} = {05A56F68-2462-3C56-A984-C108CA41E7CD}
		{9334DC60-9A62-33BF-908E-7084705363C5} = {9334DC60-9A62-33BF-908E-7084705363C5}
	EndProjectSection
EndProject
Project("{8BC9CEB8-8B4A-11D0-8D11-00A0C91BC942}") = "21_locservice", "21_locservice.vcxproj", "{C5B9E972-BD54-3F2F-A45D-789B4547831D}"
	ProjectSection(ProjectDependencies) = postProject
		{7E380757-F457-3FCD-BA58-7C7C335259CC} = {7E380757-F457-3FCD-BA58-7C7C335259CC}
		{05A56F68-2462-3C56-A984-C108CA41E7CD} = {05A56F68-2462-3C56-A984-C108CA41E7CD}
		{9334DC60-9A62-33BF-908E-7084705363C5} = {9334DC60-9A62-33BF-908E-7084705363C5}
		{98555C86-200B-3338-91AF-9D761638565D} = {98555C86-200B-3338-91AF-9D761638565D}
	EndProjectSection
EndProject
Project("{8BC9CEB8-8B4A-11D0-8D11-00A0C91BC942}") = "22_generated", "22_generated.vcxproj", "{ABB8CB36-7703-3302-8798-EFDC7653D99D}"
	ProjectSection(ProjectDependencies) = postProject
		{05A56F68-2462-3C56-A984-C108CA41E7CD} = {05A56F68-2462-3C56-A984-C108CA41E7CD}
		{9334DC60-9A62-33BF-908E-7084705363C5} = {9334DC60-9A62-33BF-908E-7084705363C5}
	EndProjectSection
EndProject
Project("{8BC9CEB8-8B4A-11D0-8D11-00A0C91BC942}") = "22_pubclient", "22_pubclient.vcxproj", "{739FB4A4-9A30-38E3-8019-B21DE85678C3}"
	ProjectSection(ProjectDependencies) = postProject
		{ABB8CB36-7703-3302-8798-EFDC7653D99D} = {ABB8CB36-7703-3302-8798-EFDC7653D99D}
		{05A56F68-2462-3C56-A984-C108CA41E7CD} = {05A56F68-2462-3C56-A984-C108CA41E7CD}
		{9334DC60-9A62-33BF-908E-7084705363C5} = {9334DC60-9A62-33BF-908E-7084705363C5}
		{98555C86-200B-3338-91AF-9D761638565D} = {98555C86-200B-3338-91AF-9D761638565D}
	EndProjectSection
EndProject
Project("{8BC9CEB8-8B4A-11D0-8D11-00A0C91BC942}") = "22_pubservice", "22_pubservice.vcxproj", "{11C0AC95-3ABF-376C-9A3D-D0FC33B87836}"
	ProjectSection(ProjectDependencies) = postProject
		{ABB8CB36-7703-3302-8798-EFDC7653D99D} = {ABB8CB36-7703-3302-8798-EFDC7653D99D}
		{05A56F68-2462-3C56-A984-C108CA41E7CD} = {05A56F68-2462-3C56-A984-C108CA41E7CD}
		{9334DC60-9A62-33BF-908E-7084705363C5} = {9334DC60-9A62-33BF-908E-7084705363C5}
		{98555C86-200B-3338-91AF-9D761638565D} = {98555C86-200B-3338-91AF-9D761638565D}
	EndProjectSection
EndProject
Project("{8BC9CEB8-8B4A-11D0-8D11-00A0C91BC942}") = "23_generated", "23_generated.vcxproj", "{7D20A2C6-B946-33C8-8C6F-43C60E8F77CF}"
	ProjectSection(ProjectDependencies) = postProject
		{05A56F68-2462-3C56-A984-C108CA41E7CD} = {05A56F68-2462-3C56-A984-C108CA41E7CD}
		{9334DC60-9A62-33BF-908E-7084705363C5} = {9334DC60-9A62-33BF-908E-7084705363C5}
	EndProjectSection
EndProject
Project("{8BC9CEB8-8B4A-11D0-8D11-00A0C91BC942}") = "23_pubclient", "23_pubclient.vcxproj", "{EA24B96E-FDDA-32DC-855D-45B3CF88F1B2}"
	ProjectSection(ProjectDependencies) = postProject
		{7D20A2C6-B946-33C8-8C6F-43C60E8F77CF} = {7D20A2C6-B946-33C8-8C6F-43C60E8F77CF}
		{05A56F68-2462-3C56-A984-C108CA41E7CD} = {05A56F68-2462-3C56-A984-C108CA41E7CD}
		{9334DC60-9A62-33BF-908E-7084705363C5} = {9334DC60-9A62-33BF-908E-7084705363C5}
		{98555C86-200B-3338-91AF-9D761638565D} = {98555C86-200B-3338-91AF-9D761638565D}
	EndProjectSection
EndProject
Project("{8BC9CEB8-8B4A-11D0-8D11-00A0C91BC942}") = "23_pubservice", "23_pubservice.vcxproj", "{7F253BD0-E7B8-319B-8593-0633EED843DE}"
	ProjectSection(ProjectDependencies) = postProject
		{7D20A2C6-B946-33C8-8C6F-43C60E8F77CF} = {7D20A2C6-B946-33C8-8C6F-43C60E8F77CF}
		{05A56F68-2462-3C56-A984-C108CA41E7CD} = {05A56F68-2462-3C56-A984-C108CA41E7CD}
		{9334DC60-9A62-33BF-908E-7084705363C5} = {9334DC60-9A62-33BF-908E-7084705363C5}
		{98555C86-200B-3338-91AF-9D761638565D} = {98555C86-200B-3338-91AF-9D761638565D}
	EndProjectSection
EndProject
Project("{8BC9CEB8-8B4A-11D0-8D11-00A0C91BC942}") = "24_generated", "24_generated.vcxproj", "{204DF995-21C1-343F-AE41-418D56B0EEA7}"
	ProjectSection(ProjectDependencies) = postProject
		{05A56F68-2462-3C56-A984-C108CA41E7CD} = {05A56F68-2462-3C56-A984-C108CA41E7CD}
		{9334DC60-9A62-33BF-908E-7084705363C5} = {9334DC60-9A62-33BF-908E-7084705363C5}
	EndProjectSection
EndProject
Project("{8BC9CEB8-8B4A-11D0-8D11-00A0C91BC942}") = "24_pubclient", "24_pubclient.vcxproj", "{5DCCBF4F-A5B6-3857-9E3D-E5A672927639}"
	ProjectSection(ProjectDependencies) = postProject
		{204DF995-21C1-343F-AE41-418D56B0EEA7} = {204DF995-21C1-343F-AE41-418D56B0EEA7}
		{05A56F68-2462-3C56-A984-C108CA41E7CD} = {05A56F68-2462-3C56-A984-C108CA41E7CD}
		{9334DC60-9A62-33BF-908E-7084705363C5} = {9334DC60-9A62-33BF-908E-7084705363C5}
		{98555C86-200B-3338-91AF-9D761638565D} = {98555C86-200B-3338-91AF-9D761638565D}
	EndProjectSection
EndProject
Project("{8BC9CEB8-8B4A-11D0-8D11-00A0C91BC942}") = "24_pubservice", "24_pubservice.vcxproj", "{2B0BF211-7185-3170-B611-1AEB4807D514}"
	ProjectSection(ProjectDependencies) = postProject
		{204DF995-21C1-343F-AE41-418D56B0EEA7} = {204DF995-21C1-343F-AE41-418D56B0EEA7}
		{05A56F68-2462-3C56-A984-C108CA41E7CD} = {05A56F68-2462-3C56-A984-C108CA41E7CD}
		{9334DC60-9A62-33BF-908E-7084705363C5} = {9334DC60-9A62-33BF-908E-7084705363C5}
		{98555C86-200B-3338-91AF-9D761638565D} = {98555C86-200B-3338-91AF-9D761638565D}
	EndProjectSection
EndProject
Project("{8BC9CEB8-8B4A-11D0-8D11-00A0C91BC942}") = "25_generated", "25_generated.vcxproj", "{321D788F-797B-31A9-AC35-653DA5B9A6F7}"
	ProjectSection(ProjectDependencies) = postProject
		{05A56F68-2462-3C56-A984-C108CA41E7CD} = {05A56F68-2462-3C56-A984-C108CA41E7CD}
		{9334DC60-9A62-33BF-908E-7084705363C5} = {9334DC60-9A62-33BF-908E-7084705363C5}
	EndProjectSection
EndProject
Project("{8BC9CEB8-8B4A-11D0-8D11-00A0C91BC942}") = "25_publisher", "25_publisher.vcxproj", "{44D5BCA1-DB98-3814-B473-2F91A6D5ADAF}"
	ProjectSection(ProjectDependencies) = postProject
		{321D788F-797B-31A9-AC35-653DA5B9A6F7} = {321D788F-797B-31A9-AC35-653DA5B9A6F7}
		{05A56F68-2462-3C56-A984-C108CA41E7CD} = {05A56F68-2462-3C56-A984-C108CA41E7CD}
		{9334DC60-9A62-33BF-908E-7084705363C5} = {9334DC60-9A62-33BF-908E-7084705363C5}
		{98555C86-200B-3338-91AF-9D761638565D} = {98555C86-200B-3338-91AF-9D761638565D}
	EndProjectSection
EndProject
Project("{8BC9CEB8-8B4A-11D0-8D11-00A0C91BC942}") = "25_subscriber", "25_subscriber.vcxproj", "{81AC3AF9-BB40-3005-8C83-1E7636B093F0}"
	ProjectSection(ProjectDependencies) = postProject
		{321D788F-797B-31A9-AC35-653DA5B9A6F7} = {321D788F-797B-31A9-AC35-653DA5B9A6F7}
		{05A56F68-2462-3C56-A984-C108CA41E7CD} = {05A56F68-2462-3C56-A984-C108CA41E7CD}
		{9334DC60-9A62-33BF-908E-7084705363C5} = {9334DC60-9A62-33BF-908E-7084705363C5}
		{98555C86-200B-3338-91AF-9D761638565D} = {98555C86-200B-3338-91AF-9D761638565D}
	EndProjectSection
EndProject
Project("{8BC9CEB8-8B4A-11D0-8D11-00A0C91BC942}") = "26_common", "26_common.vcxproj", "{E42B5733-695B-3A8B-9CCB-82863EDFD435}"
	ProjectSection(ProjectDependencies) = postProject
		{5E362C67-0533-3EBD-A190-F1C0AD4155FD} = {5E362C67-0533-3EBD-A190-F1C0AD4155FD}
		{05A56F68-2462-3C56-A984-C108CA41E7CD} = {05A56F68-2462-3C56-A984-C108CA41E7CD}
		{9334DC60-9A62-33BF-908E-7084705363C5} = {9334DC60-9A62-33BF-908E-7084705363C5}
	EndProjectSection
EndProject
Project("{8BC9CEB8-8B4A-11D0-8D11-00A0C91BC942}") = "26_generated", "26_generated.vcxproj", "{5E362C67-0533-3EBD-A190-F1C0AD4155FD}"
	ProjectSection(ProjectDependencies) = postProject
		{05A56F68-2462-3C56-A984-C108CA41E7CD} = {05A56F68-2462-3C56-A984-C108CA41E7CD}
		{9334DC60-9A62-33BF-908E-7084705363C5} = {9334DC60-9A62-33BF-908E-7084705363C5}
	EndProjectSection
EndProject
Project("{8BC9CEB8-8B4A-11D0-8D11-00A0C91BC942}") = "26_pubsubctrl", "26_pubsubctrl.vcxproj", "{9760F632-D436-3B00-B9E1-272CC6BDD5D4}"
	ProjectSection(ProjectDependencies) = postProject
		{E42B5733-695B-3A8B-9CCB-82863EDFD435} = {E42B5733-695B-3A8B-9CCB-82863EDFD435}
		{5E362C67-0533-3EBD-A190-F1C0AD4155FD} = {5E362C67-0533-3EBD-A190-F1C0AD4155FD}
		{05A56F68-2462-3C56-A984-C108CA41E7CD} = {05A56F68-2462-3C56-A984-C108CA41E7CD}
		{9334DC60-9A62-33BF-908E-7084705363C5} = {9334DC60-9A62-33BF-908E-7084705363C5}
		{98555C86-200B-3338-91AF-9D761638565D} = {98555C86-200B-3338-91AF-9D761638565D}
	EndProjectSection
EndProject
Project("{8BC9CEB8-8B4A-11D0-8D11-00A0C91BC942}") = "26_pubsubdyn", "26_pubsubdyn.vcxproj", "{0AEED0C7-2D97-3046-8DD0-B233FD231C7E}"
	ProjectSection(ProjectDependencies) = postProject
		{E42B5733-695B-3A8B-9CCB-82863EDFD435} = {E42B5733-695B-3A8B-9CCB-82863EDFD435}
		{5E362C67-0533-3EBD-A190-F1C0AD4155FD} = {5E362C67-0533-3EBD-A190-F1C0AD4155FD}
		{05A56F68-2462-3C56-A984-C108CA41E7CD} = {05A56F68-2462-3C56-A984-C108CA41E7CD}
		{9334DC60-9A62-33BF-908E-7084705363C5} = {9334DC60-9A62-33BF-908E-7084705363C5}
		{98555C86-200B-3338-91AF-9D761638565D} = {98555C86-200B-3338-91AF-9D761638565D}
	EndProjectSection
EndProject
Project("{8BC9CEB8-8B4A-11D0-8D11-00A0C91BC942}") = "27_generated", "27_generated.vcxproj", "{E9B37F4F-29E7-38F2-BC83-2785A402FA9A}"
	ProjectSection(ProjectDependencies) = postProject
		{05A56F68-2462-3C56-A984-C108CA41E7CD} = {05A56F68-2462-3C56-A984-C108CA41E7CD}
		{9334DC60-9A62-33BF-908E-7084705363C5} = {9334DC60-9A62-33BF-908E-7084705363C5}
	EndProjectSection
EndProject
Project("{8BC9CEB8-8B4A-11D0-8D11-00A0C91BC942}") = "27_publisher", "27_publisher.vcxproj", "{42B2215C-4701-33D7-A0D2-71068F3929D2}"
	ProjectSection(ProjectDependencies) = postProject
		{E9B37F4F-29E7-38F2-BC83-2785A402FA9A} = {E9B37F4F-29E7-38F2-BC83-2785A402FA9A}
		{05A56F68-2462-3C56-A984-C108CA41E7CD} = {05A56F68-2462-3C56-A984-C108CA41E7CD}
		{9334DC60-9A62-33BF-908E-7084705363C5} = {9334DC60-9A62-33BF-908E-7084705363C5}
		{98555C86-200B-3338-91AF-9D761638565D} = {98555C86-200B-3338-91AF-9D761638565D}
	EndProjectSection
EndProject
Project("{8BC9CEB8-8B4A-11D0-8D11-00A0C91BC942}") = "27_subscribermulti", "27_subscribermulti.vcxproj", "{84D0C2D1-FBFE-3216-91C0-60D2B44EA5BD}"
	ProjectSection(ProjectDependencies) = postProject
		{E9B37F4F-29E7-38F2-BC83-2785A402FA9A} = {E9B37F4F-29E7-38F2-BC83-2785A402FA9A}
		{05A56F68-2462-3C56-A984-C108CA41E7CD} = {05A56F68-2462-3C56-A984-C108CA41E7CD}
		{9334DC60-9A62-33BF-908E-7084705363C5} = {9334DC60-9A62-33BF-908E-7084705363C5}
		{98555C86-200B-3338-91AF-9D761638565D} = {98555C86-200B-3338-91AF-9D761638565D}
	EndProjectSection
EndProject
Project("{8BC9CEB8-8B4A-11D0-8D11-00A0C91BC942}") = "28_stlsync", "28_stlsync.vcxproj", "{F2A68373-547B-3C50-B4D4-93CC25E05A47}"
	ProjectSection(ProjectDependencies) = postProject
		{05A56F68-2462-3C56-A984-C108CA41E7CD} = {05A56F68-2462-3C56-A984-C108CA41E7CD}
		{9334DC60-9A62-33BF-908E-7084705363C5} = {9334DC60-9A62-33BF-908E-7084705363C5}
		{98555C86-200B-3338-91AF-9D761638565D} = {98555C86-200B-3338-91AF-9D761638565D}
	EndProjectSection
EndProject
Project("{8BC9CEB8-8B4A-11D0-8D11-00A0C91BC942}") = "29_syncevent", "29_syncevent.vcxproj", "{D05D2099-0F73-3F03-B4F3-7ABC2C0B9364}"
	ProjectSection(ProjectDependencies) = postProject
		{05A56F68-2462-3C56-A984-C108CA41E7CD} = {05A56F68-2462-3C56-A984-C108CA41E7CD}
		{9334DC60-9A62-33BF-908E-7084705363C5} = {9334DC60-9A62-33BF-908E-7084705363C5}
		{98555C86-200B-3338-91AF-9D761638565D} = {98555C86-200B-3338-91AF-9D761638565D}
	EndProjectSection
EndProject
Project("{8BC9CEB8-8B4A-11D0-8D11-00A0C91BC942}") = "INSTALL", "INSTALL.vcxproj", "{B238EE4F-1D1F-351A-BF8E-EF5B5991C750}"
	ProjectSection(ProjectDependencies) = postProject
		{1BDC06EA-BF09-31BD-A648-A67D8758635E} = {1BDC06EA-BF09-31BD-A648-A67D8758635E}
		{05A56F68-2462-3C56-A984-C108CA41E7CD} = {05A56F68-2462-3C56-A984-C108CA41E7CD}
	EndProjectSection
EndProject
Project("{8BC9CEB8-8B4A-11D0-8D11-00A0C91BC942}") = "RUN_TESTS", "RUN_TESTS.vcxproj", "{8E00A501-DF51-343E-A484-985C8AFA0E9D}"
	ProjectSection(ProjectDependencies) = postProject
		{05A56F68-2462-3C56-A984-C108CA41E7CD} = {05A56F68-2462-3C56-A984-C108CA41E7CD}
	EndProjectSection
EndProject
Project("{8BC9CEB8-8B4A-11D0-8D11-00A0C91BC942}") = "ZERO_CHECK", "ZERO_CHECK.vcxproj", "{05A56F68-2462-3C56-A984-C108CA41E7CD}"
	ProjectSection(ProjectDependencies) = postProject
	EndProjectSection
EndProject
Project("{8BC9CEB8-8B4A-11D0-8D11-00A0C91BC942}") = "areg", "areg.vcxproj", "{9334DC60-9A62-33BF-908E-7084705363C5}"
	ProjectSection(ProjectDependencies) = postProject
		{05A56F68-2462-3C56-A984-C108CA41E7CD} = {05A56F68-2462-3C56-A984-C108CA41E7CD}
		{A531DA5E-C00A-3893-AF51-BED4A76C0103} = {A531DA5E-C00A-3893-AF51-BED4A76C0103}
	EndProjectSection
EndProject
Project("{8BC9CEB8-8B4A-11D0-8D11-00A0C91BC942}") = "areg-dummy", "areg-dummy.vcxproj", "{A531DA5E-C00A-3893-AF51-BED4A76C0103}"
	ProjectSection(ProjectDependencies) = postProject
		{05A56F68-2462-3C56-A984-C108CA41E7CD} = {05A56F68-2462-3C56-A984-C108CA41E7CD}
	EndProjectSection
EndProject
Project("{8BC9CEB8-8B4A-11D0-8D11-00A0C91BC942}") = "areg-unit-tests", "areg-unit-tests.vcxproj", "{1179C36E-5274-3B88-A74F-2BF54385CD90}"
	ProjectSection(ProjectDependencies) = postProject
		{05A56F68-2462-3C56-A984-C108CA41E7CD} = {05A56F68-2462-3C56-A984-C108CA41E7CD}
		{9334DC60-9A62-33BF-908E-7084705363C5} = {9334DC60-9A62-33BF-908E-7084705363C5}
		{A531DA5E-C00A-3893-AF51-BED4A76C0103} = {A531DA5E-C00A-3893-AF51-BED4A76C0103}
		{98555C86-200B-3338-91AF-9D761638565D} = {98555C86-200B-3338-91AF-9D761638565D}
		{414AF259-0CB2-3610-B8C8-114685DF84AE} = {414AF259-0CB2-3610-B8C8-114685DF84AE}
		{18CA252C-B3A6-345D-92A3-B133FAB782EC} = {18CA252C-B3A6-345D-92A3-B133FAB782EC}
	EndProjectSection
EndProject
Project("{8BC9CEB8-8B4A-11D0-8D11-00A0C91BC942}") = "aregextend", "aregextend.vcxproj", "{98555C86-200B-3338-91AF-9D761638565D}"
	ProjectSection(ProjectDependencies) = postProject
		{05A56F68-2462-3C56-A984-C108CA41E7CD} = {05A56F68-2462-3C56-A984-C108CA41E7CD}
		{9334DC60-9A62-33BF-908E-7084705363C5} = {9334DC60-9A62-33BF-908E-7084705363C5}
	EndProjectSection
EndProject
Project("{8BC9CEB8-8B4A-11D0-8D11-00A0C91BC942}") = "areglogger", "areglogger.vcxproj", "{B8FB7F72-C55C-365D-965E-09257FDAEFFB}"
	ProjectSection(ProjectDependencies) = postProject
		{05A56F68-2462-3C56-A984-C108CA41E7CD} = {05A56F68-2462-3C56-A984-C108CA41E7CD}
		{9334DC60-9A62-33BF-908E-7084705363C5} = {9334DC60-9A62-33BF-908E-7084705363C5}
		{98555C86-200B-3338-91AF-9D761638565D} = {98555C86-200B-3338-91AF-9D761638565D}
		{3095A84E-E2CF-34B9-9AE5-6B99C631DAC7} = {3095A84E-E2CF-34B9-9AE5-6B99C631DAC7}
	EndProjectSection
EndProject
Project("{8BC9CEB8-8B4A-11D0-8D11-00A0C91BC942}") = "aregsqlite3", "aregsqlite3.vcxproj", "{3095A84E-E2CF-34B9-9AE5-6B99C631DAC7}"
	ProjectSection(ProjectDependencies) = postProject
		{05A56F68-2462-3C56-A984-C108CA41E7CD} = {05A56F68-2462-3C56-A984-C108CA41E7CD}
		{9334DC60-9A62-33BF-908E-7084705363C5} = {9334DC60-9A62-33BF-908E-7084705363C5}
		{A531DA5E-C00A-3893-AF51-BED4A76C0103} = {A531DA5E-C00A-3893-AF51-BED4A76C0103}
	EndProjectSection
EndProject
Project("{8BC9CEB8-8B4A-11D0-8D11-00A0C91BC942}") = "gmock", "packages\googletest-build\googlemock\gmock.vcxproj", "{54A6B0B0-57E3-3616-83C4-4ADF45839926}"
	ProjectSection(ProjectDependencies) = postProject
		{05A56F68-2462-3C56-A984-C108CA41E7CD} = {05A56F68-2462-3C56-A984-C108CA41E7CD}
	EndProjectSection
EndProject
Project("{8BC9CEB8-8B4A-11D0-8D11-00A0C91BC942}") = "gmock_main", "packages\googletest-build\googlemock\gmock_main.vcxproj", "{8EA25E28-D1A6-3A56-B872-E26A1B137544}"
	ProjectSection(ProjectDependencies) = postProject
		{05A56F68-2462-3C56-A984-C108CA41E7CD} = {05A56F68-2462-3C56-A984-C108CA41E7CD}
	EndProjectSection
EndProject
Project("{8BC9CEB8-8B4A-11D0-8D11-00A0C91BC942}") = "gtest", "packages\googletest-build\googletest\gtest.vcxproj", "{414AF259-0CB2-3610-B8C8-114685DF84AE}"
	ProjectSection(ProjectDependencies) = postProject
		{05A56F68-2462-3C56-A984-C108CA41E7CD} = {05A56F68-2462-3C56-A984-C108CA41E7CD}
	EndProjectSection
EndProject
Project("{8BC9CEB8-8B4A-11D0-8D11-00A0C91BC942}") = "gtest_main", "packages\googletest-build\googletest\gtest_main.vcxproj", "{18CA252C-B3A6-345D-92A3-B133FAB782EC}"
	ProjectSection(ProjectDependencies) = postProject
		{05A56F68-2462-3C56-A984-C108CA41E7CD} = {05A56F68-2462-3C56-A984-C108CA41E7CD}
		{414AF259-0CB2-3610-B8C8-114685DF84AE} = {414AF259-0CB2-3610-B8C8-114685DF84AE}
	EndProjectSection
EndProject
Project("{8BC9CEB8-8B4A-11D0-8D11-00A0C91BC942}") = "logcollector", "logcollector.vcxproj", "{F920E8A5-02DA-3C3C-8810-96A8E81F8F07}"
	ProjectSection(ProjectDependencies) = postProject
		{05A56F68-2462-3C56-A984-C108CA41E7CD} = {05A56F68-2462-3C56-A984-C108CA41E7CD}
		{9334DC60-9A62-33BF-908E-7084705363C5} = {9334DC60-9A62-33BF-908E-7084705363C5}
		{98555C86-200B-3338-91AF-9D761638565D} = {98555C86-200B-3338-91AF-9D761638565D}
	EndProjectSection
EndProject
Project("{8BC9CEB8-8B4A-11D0-8D11-00A0C91BC942}") = "logobserver", "logobserver.vcxproj", "{3C8C048C-7E8A-3C7B-A0A2-73FC25A7FDC1}"
	ProjectSection(ProjectDependencies) = postProject
		{05A56F68-2462-3C56-A984-C108CA41E7CD} = {05A56F68-2462-3C56-A984-C108CA41E7CD}
		{9334DC60-9A62-33BF-908E-7084705363C5} = {9334DC60-9A62-33BF-908E-7084705363C5}
		{98555C86-200B-3338-91AF-9D761638565D} = {98555C86-200B-3338-91AF-9D761638565D}
		{B8FB7F72-C55C-365D-965E-09257FDAEFFB} = {B8FB7F72-C55C-365D-965E-09257FDAEFFB}
	EndProjectSection
EndProject
Project("{8BC9CEB8-8B4A-11D0-8D11-00A0C91BC942}") = "mtrouter", "mtrouter.vcxproj", "{1E7633C9-4F59-3E83-A172-69E562B1DB02}"
	ProjectSection(ProjectDependencies) = postProject
		{05A56F68-2462-3C56-A984-C108CA41E7CD} = {05A56F68-2462-3C56-A984-C108CA41E7CD}
		{9334DC60-9A62-33BF-908E-7084705363C5} = {9334DC60-9A62-33BF-908E-7084705363C5}
		{98555C86-200B-3338-91AF-9D761638565D} = {98555C86-200B-3338-91AF-9D761638565D}
	EndProjectSection
EndProject
Global
	GlobalSection(SolutionConfigurationPlatforms) = preSolution
		Debug|x64 = Debug|x64
		Release|x64 = Release|x64
		MinSizeRel|x64 = MinSizeRel|x64
		RelWithDebInfo|x64 = RelWithDebInfo|x64
	EndGlobalSection
	GlobalSection(ProjectConfigurationPlatforms) = postSolution
		{1BDC06EA-BF09-31BD-A648-A67D8758635E}.Debug|x64.ActiveCfg = Debug|x64
		{1BDC06EA-BF09-31BD-A648-A67D8758635E}.Debug|x64.Build.0 = Debug|x64
		{1BDC06EA-BF09-31BD-A648-A67D8758635E}.Release|x64.ActiveCfg = Release|x64
		{1BDC06EA-BF09-31BD-A648-A67D8758635E}.Release|x64.Build.0 = Release|x64
		{1BDC06EA-BF09-31BD-A648-A67D8758635E}.MinSizeRel|x64.ActiveCfg = MinSizeRel|x64
		{1BDC06EA-BF09-31BD-A648-A67D8758635E}.MinSizeRel|x64.Build.0 = MinSizeRel|x64
		{1BDC06EA-BF09-31BD-A648-A67D8758635E}.RelWithDebInfo|x64.ActiveCfg = RelWithDebInfo|x64
		{1BDC06EA-BF09-31BD-A648-A67D8758635E}.RelWithDebInfo|x64.Build.0 = RelWithDebInfo|x64
		{424B5756-9DD9-305C-9001-63A3F3C48783}.Debug|x64.ActiveCfg = Debug|x64
		{424B5756-9DD9-305C-9001-63A3F3C48783}.Debug|x64.Build.0 = Debug|x64
		{424B5756-9DD9-305C-9001-63A3F3C48783}.Release|x64.ActiveCfg = Release|x64
		{424B5756-9DD9-305C-9001-63A3F3C48783}.Release|x64.Build.0 = Release|x64
		{424B5756-9DD9-305C-9001-63A3F3C48783}.MinSizeRel|x64.ActiveCfg = MinSizeRel|x64
		{424B5756-9DD9-305C-9001-63A3F3C48783}.MinSizeRel|x64.Build.0 = MinSizeRel|x64
		{424B5756-9DD9-305C-9001-63A3F3C48783}.RelWithDebInfo|x64.ActiveCfg = RelWithDebInfo|x64
		{424B5756-9DD9-305C-9001-63A3F3C48783}.RelWithDebInfo|x64.Build.0 = RelWithDebInfo|x64
		{ADB2F18F-2894-39C0-A795-DD3E672C57F6}.Debug|x64.ActiveCfg = Debug|x64
		{ADB2F18F-2894-39C0-A795-DD3E672C57F6}.Debug|x64.Build.0 = Debug|x64
		{ADB2F18F-2894-39C0-A795-DD3E672C57F6}.Release|x64.ActiveCfg = Release|x64
		{ADB2F18F-2894-39C0-A795-DD3E672C57F6}.Release|x64.Build.0 = Release|x64
		{ADB2F18F-2894-39C0-A795-DD3E672C57F6}.MinSizeRel|x64.ActiveCfg = MinSizeRel|x64
		{ADB2F18F-2894-39C0-A795-DD3E672C57F6}.MinSizeRel|x64.Build.0 = MinSizeRel|x64
		{ADB2F18F-2894-39C0-A795-DD3E672C57F6}.RelWithDebInfo|x64.ActiveCfg = RelWithDebInfo|x64
		{ADB2F18F-2894-39C0-A795-DD3E672C57F6}.RelWithDebInfo|x64.Build.0 = RelWithDebInfo|x64
		{4107FA2D-C823-3875-B200-025DE65B2EE0}.Debug|x64.ActiveCfg = Debug|x64
		{4107FA2D-C823-3875-B200-025DE65B2EE0}.Debug|x64.Build.0 = Debug|x64
		{4107FA2D-C823-3875-B200-025DE65B2EE0}.Release|x64.ActiveCfg = Release|x64
		{4107FA2D-C823-3875-B200-025DE65B2EE0}.Release|x64.Build.0 = Release|x64
		{4107FA2D-C823-3875-B200-025DE65B2EE0}.MinSizeRel|x64.ActiveCfg = MinSizeRel|x64
		{4107FA2D-C823-3875-B200-025DE65B2EE0}.MinSizeRel|x64.Build.0 = MinSizeRel|x64
		{4107FA2D-C823-3875-B200-025DE65B2EE0}.RelWithDebInfo|x64.ActiveCfg = RelWithDebInfo|x64
		{4107FA2D-C823-3875-B200-025DE65B2EE0}.RelWithDebInfo|x64.Build.0 = RelWithDebInfo|x64
		{3E0095CA-932A-34E6-9462-20F531575542}.Debug|x64.ActiveCfg = Debug|x64
		{3E0095CA-932A-34E6-9462-20F531575542}.Debug|x64.Build.0 = Debug|x64
		{3E0095CA-932A-34E6-9462-20F531575542}.Release|x64.ActiveCfg = Release|x64
		{3E0095CA-932A-34E6-9462-20F531575542}.Release|x64.Build.0 = Release|x64
		{3E0095CA-932A-34E6-9462-20F531575542}.MinSizeRel|x64.ActiveCfg = MinSizeRel|x64
		{3E0095CA-932A-34E6-9462-20F531575542}.MinSizeRel|x64.Build.0 = MinSizeRel|x64
		{3E0095CA-932A-34E6-9462-20F531575542}.RelWithDebInfo|x64.ActiveCfg = RelWithDebInfo|x64
		{3E0095CA-932A-34E6-9462-20F531575542}.RelWithDebInfo|x64.Build.0 = RelWithDebInfo|x64
		{E684B9CC-EB13-389C-807F-DF95D2B08490}.Debug|x64.ActiveCfg = Debug|x64
		{E684B9CC-EB13-389C-807F-DF95D2B08490}.Debug|x64.Build.0 = Debug|x64
		{E684B9CC-EB13-389C-807F-DF95D2B08490}.Release|x64.ActiveCfg = Release|x64
		{E684B9CC-EB13-389C-807F-DF95D2B08490}.Release|x64.Build.0 = Release|x64
		{E684B9CC-EB13-389C-807F-DF95D2B08490}.MinSizeRel|x64.ActiveCfg = MinSizeRel|x64
		{E684B9CC-EB13-389C-807F-DF95D2B08490}.MinSizeRel|x64.Build.0 = MinSizeRel|x64
		{E684B9CC-EB13-389C-807F-DF95D2B08490}.RelWithDebInfo|x64.ActiveCfg = RelWithDebInfo|x64
		{E684B9CC-EB13-389C-807F-DF95D2B08490}.RelWithDebInfo|x64.Build.0 = RelWithDebInfo|x64
		{3652E3A5-955E-3965-9754-633437EF0E87}.Debug|x64.ActiveCfg = Debug|x64
		{3652E3A5-955E-3965-9754-633437EF0E87}.Debug|x64.Build.0 = Debug|x64
		{3652E3A5-955E-3965-9754-633437EF0E87}.Release|x64.ActiveCfg = Release|x64
		{3652E3A5-955E-3965-9754-633437EF0E87}.Release|x64.Build.0 = Release|x64
		{3652E3A5-955E-3965-9754-633437EF0E87}.MinSizeRel|x64.ActiveCfg = MinSizeRel|x64
		{3652E3A5-955E-3965-9754-633437EF0E87}.MinSizeRel|x64.Build.0 = MinSizeRel|x64
		{3652E3A5-955E-3965-9754-633437EF0E87}.RelWithDebInfo|x64.ActiveCfg = RelWithDebInfo|x64
		{3652E3A5-955E-3965-9754-633437EF0E87}.RelWithDebInfo|x64.Build.0 = RelWithDebInfo|x64
		{AE366ADE-CA3C-308F-BC90-FEFD8C29D8CE}.Debug|x64.ActiveCfg = Debug|x64
		{AE366ADE-CA3C-308F-BC90-FEFD8C29D8CE}.Debug|x64.Build.0 = Debug|x64
		{AE366ADE-CA3C-308F-BC90-FEFD8C29D8CE}.Release|x64.ActiveCfg = Release|x64
		{AE366ADE-CA3C-308F-BC90-FEFD8C29D8CE}.Release|x64.Build.0 = Release|x64
		{AE366ADE-CA3C-308F-BC90-FEFD8C29D8CE}.MinSizeRel|x64.ActiveCfg = MinSizeRel|x64
		{AE366ADE-CA3C-308F-BC90-FEFD8C29D8CE}.MinSizeRel|x64.Build.0 = MinSizeRel|x64
		{AE366ADE-CA3C-308F-BC90-FEFD8C29D8CE}.RelWithDebInfo|x64.ActiveCfg = RelWithDebInfo|x64
		{AE366ADE-CA3C-308F-BC90-FEFD8C29D8CE}.RelWithDebInfo|x64.Build.0 = RelWithDebInfo|x64
		{94B6A2C3-6CED-3687-89C1-8A41438A5523}.Debug|x64.ActiveCfg = Debug|x64
		{94B6A2C3-6CED-3687-89C1-8A41438A5523}.Debug|x64.Build.0 = Debug|x64
		{94B6A2C3-6CED-3687-89C1-8A41438A5523}.Release|x64.ActiveCfg = Release|x64
		{94B6A2C3-6CED-3687-89C1-8A41438A5523}.Release|x64.Build.0 = Release|x64
		{94B6A2C3-6CED-3687-89C1-8A41438A5523}.MinSizeRel|x64.ActiveCfg = MinSizeRel|x64
		{94B6A2C3-6CED-3687-89C1-8A41438A5523}.MinSizeRel|x64.Build.0 = MinSizeRel|x64
		{94B6A2C3-6CED-3687-89C1-8A41438A5523}.RelWithDebInfo|x64.ActiveCfg = RelWithDebInfo|x64
		{94B6A2C3-6CED-3687-89C1-8A41438A5523}.RelWithDebInfo|x64.Build.0 = RelWithDebInfo|x64
		{72CAEB11-7DC8-3DCA-9235-177786D06984}.Debug|x64.ActiveCfg = Debug|x64
		{72CAEB11-7DC8-3DCA-9235-177786D06984}.Debug|x64.Build.0 = Debug|x64
		{72CAEB11-7DC8-3DCA-9235-177786D06984}.Release|x64.ActiveCfg = Release|x64
		{72CAEB11-7DC8-3DCA-9235-177786D06984}.Release|x64.Build.0 = Release|x64
		{72CAEB11-7DC8-3DCA-9235-177786D06984}.MinSizeRel|x64.ActiveCfg = MinSizeRel|x64
		{72CAEB11-7DC8-3DCA-9235-177786D06984}.MinSizeRel|x64.Build.0 = MinSizeRel|x64
		{72CAEB11-7DC8-3DCA-9235-177786D06984}.RelWithDebInfo|x64.ActiveCfg = RelWithDebInfo|x64
		{72CAEB11-7DC8-3DCA-9235-177786D06984}.RelWithDebInfo|x64.Build.0 = RelWithDebInfo|x64
		{3F05E161-A0DC-3C5F-8592-E450764F3153}.Debug|x64.ActiveCfg = Debug|x64
		{3F05E161-A0DC-3C5F-8592-E450764F3153}.Debug|x64.Build.0 = Debug|x64
		{3F05E161-A0DC-3C5F-8592-E450764F3153}.Release|x64.ActiveCfg = Release|x64
		{3F05E161-A0DC-3C5F-8592-E450764F3153}.Release|x64.Build.0 = Release|x64
		{3F05E161-A0DC-3C5F-8592-E450764F3153}.MinSizeRel|x64.ActiveCfg = MinSizeRel|x64
		{3F05E161-A0DC-3C5F-8592-E450764F3153}.MinSizeRel|x64.Build.0 = MinSizeRel|x64
		{3F05E161-A0DC-3C5F-8592-E450764F3153}.RelWithDebInfo|x64.ActiveCfg = RelWithDebInfo|x64
		{3F05E161-A0DC-3C5F-8592-E450764F3153}.RelWithDebInfo|x64.Build.0 = RelWithDebInfo|x64
		{DA31EC35-03E4-37B7-B8DE-38ADB3786323}.Debug|x64.ActiveCfg = Debug|x64
		{DA31EC35-03E4-37B7-B8DE-38ADB3786323}.Debug|x64.Build.0 = Debug|x64
		{DA31EC35-03E4-37B7-B8DE-38ADB3786323}.Release|x64.ActiveCfg = Release|x64
		{DA31EC35-03E4-37B7-B8DE-38ADB3786323}.Release|x64.Build.0 = Release|x64
		{DA31EC35-03E4-37B7-B8DE-38ADB3786323}.MinSizeRel|x64.ActiveCfg = MinSizeRel|x64
		{DA31EC35-03E4-37B7-B8DE-38ADB3786323}.MinSizeRel|x64.Build.0 = MinSizeRel|x64
		{DA31EC35-03E4-37B7-B8DE-38ADB3786323}.RelWithDebInfo|x64.ActiveCfg = RelWithDebInfo|x64
		{DA31EC35-03E4-37B7-B8DE-38ADB3786323}.RelWithDebInfo|x64.Build.0 = RelWithDebInfo|x64
		{D1C1E602-F7B4-344B-8A15-33500020A1C7}.Debug|x64.ActiveCfg = Debug|x64
		{D1C1E602-F7B4-344B-8A15-33500020A1C7}.Debug|x64.Build.0 = Debug|x64
		{D1C1E602-F7B4-344B-8A15-33500020A1C7}.Release|x64.ActiveCfg = Release|x64
		{D1C1E602-F7B4-344B-8A15-33500020A1C7}.Release|x64.Build.0 = Release|x64
		{D1C1E602-F7B4-344B-8A15-33500020A1C7}.MinSizeRel|x64.ActiveCfg = MinSizeRel|x64
		{D1C1E602-F7B4-344B-8A15-33500020A1C7}.MinSizeRel|x64.Build.0 = MinSizeRel|x64
		{D1C1E602-F7B4-344B-8A15-33500020A1C7}.RelWithDebInfo|x64.ActiveCfg = RelWithDebInfo|x64
		{D1C1E602-F7B4-344B-8A15-33500020A1C7}.RelWithDebInfo|x64.Build.0 = RelWithDebInfo|x64
		{E27D7869-F698-3F74-A6E6-CF0E570C7760}.Debug|x64.ActiveCfg = Debug|x64
		{E27D7869-F698-3F74-A6E6-CF0E570C7760}.Debug|x64.Build.0 = Debug|x64
		{E27D7869-F698-3F74-A6E6-CF0E570C7760}.Release|x64.ActiveCfg = Release|x64
		{E27D7869-F698-3F74-A6E6-CF0E570C7760}.Release|x64.Build.0 = Release|x64
		{E27D7869-F698-3F74-A6E6-CF0E570C7760}.MinSizeRel|x64.ActiveCfg = MinSizeRel|x64
		{E27D7869-F698-3F74-A6E6-CF0E570C7760}.MinSizeRel|x64.Build.0 = MinSizeRel|x64
		{E27D7869-F698-3F74-A6E6-CF0E570C7760}.RelWithDebInfo|x64.ActiveCfg = RelWithDebInfo|x64
		{E27D7869-F698-3F74-A6E6-CF0E570C7760}.RelWithDebInfo|x64.Build.0 = RelWithDebInfo|x64
		{7752446A-0CEE-3ECB-ACD1-C7DE72D97D7E}.Debug|x64.ActiveCfg = Debug|x64
		{7752446A-0CEE-3ECB-ACD1-C7DE72D97D7E}.Debug|x64.Build.0 = Debug|x64
		{7752446A-0CEE-3ECB-ACD1-C7DE72D97D7E}.Release|x64.ActiveCfg = Release|x64
		{7752446A-0CEE-3ECB-ACD1-C7DE72D97D7E}.Release|x64.Build.0 = Release|x64
		{7752446A-0CEE-3ECB-ACD1-C7DE72D97D7E}.MinSizeRel|x64.ActiveCfg = MinSizeRel|x64
		{7752446A-0CEE-3ECB-ACD1-C7DE72D97D7E}.MinSizeRel|x64.Build.0 = MinSizeRel|x64
		{7752446A-0CEE-3ECB-ACD1-C7DE72D97D7E}.RelWithDebInfo|x64.ActiveCfg = RelWithDebInfo|x64
		{7752446A-0CEE-3ECB-ACD1-C7DE72D97D7E}.RelWithDebInfo|x64.Build.0 = RelWithDebInfo|x64
		{A6F67C3F-B61D-3A40-8EEB-CF09ECC7687D}.Debug|x64.ActiveCfg = Debug|x64
		{A6F67C3F-B61D-3A40-8EEB-CF09ECC7687D}.Debug|x64.Build.0 = Debug|x64
		{A6F67C3F-B61D-3A40-8EEB-CF09ECC7687D}.Release|x64.ActiveCfg = Release|x64
		{A6F67C3F-B61D-3A40-8EEB-CF09ECC7687D}.Release|x64.Build.0 = Release|x64
		{A6F67C3F-B61D-3A40-8EEB-CF09ECC7687D}.MinSizeRel|x64.ActiveCfg = MinSizeRel|x64
		{A6F67C3F-B61D-3A40-8EEB-CF09ECC7687D}.MinSizeRel|x64.Build.0 = MinSizeRel|x64
		{A6F67C3F-B61D-3A40-8EEB-CF09ECC7687D}.RelWithDebInfo|x64.ActiveCfg = RelWithDebInfo|x64
		{A6F67C3F-B61D-3A40-8EEB-CF09ECC7687D}.RelWithDebInfo|x64.Build.0 = RelWithDebInfo|x64
		{B22F9370-E2D4-3E0C-A967-DC566CC36E97}.Debug|x64.ActiveCfg = Debug|x64
		{B22F9370-E2D4-3E0C-A967-DC566CC36E97}.Debug|x64.Build.0 = Debug|x64
		{B22F9370-E2D4-3E0C-A967-DC566CC36E97}.Release|x64.ActiveCfg = Release|x64
		{B22F9370-E2D4-3E0C-A967-DC566CC36E97}.Release|x64.Build.0 = Release|x64
		{B22F9370-E2D4-3E0C-A967-DC566CC36E97}.MinSizeRel|x64.ActiveCfg = MinSizeRel|x64
		{B22F9370-E2D4-3E0C-A967-DC566CC36E97}.MinSizeRel|x64.Build.0 = MinSizeRel|x64
		{B22F9370-E2D4-3E0C-A967-DC566CC36E97}.RelWithDebInfo|x64.ActiveCfg = RelWithDebInfo|x64
		{B22F9370-E2D4-3E0C-A967-DC566CC36E97}.RelWithDebInfo|x64.Build.0 = RelWithDebInfo|x64
		{740600F7-7EF8-3804-9E12-E1B54AC9D233}.Debug|x64.ActiveCfg = Debug|x64
		{740600F7-7EF8-3804-9E12-E1B54AC9D233}.Debug|x64.Build.0 = Debug|x64
		{740600F7-7EF8-3804-9E12-E1B54AC9D233}.Release|x64.ActiveCfg = Release|x64
		{740600F7-7EF8-3804-9E12-E1B54AC9D233}.Release|x64.Build.0 = Release|x64
		{740600F7-7EF8-3804-9E12-E1B54AC9D233}.MinSizeRel|x64.ActiveCfg = MinSizeRel|x64
		{740600F7-7EF8-3804-9E12-E1B54AC9D233}.MinSizeRel|x64.Build.0 = MinSizeRel|x64
		{740600F7-7EF8-3804-9E12-E1B54AC9D233}.RelWithDebInfo|x64.ActiveCfg = RelWithDebInfo|x64
		{740600F7-7EF8-3804-9E12-E1B54AC9D233}.RelWithDebInfo|x64.Build.0 = RelWithDebInfo|x64
		{1DE1AA26-50C4-34DB-815F-31DB6746F690}.Debug|x64.ActiveCfg = Debug|x64
		{1DE1AA26-50C4-34DB-815F-31DB6746F690}.Debug|x64.Build.0 = Debug|x64
		{1DE1AA26-50C4-34DB-815F-31DB6746F690}.Release|x64.ActiveCfg = Release|x64
		{1DE1AA26-50C4-34DB-815F-31DB6746F690}.Release|x64.Build.0 = Release|x64
		{1DE1AA26-50C4-34DB-815F-31DB6746F690}.MinSizeRel|x64.ActiveCfg = MinSizeRel|x64
		{1DE1AA26-50C4-34DB-815F-31DB6746F690}.MinSizeRel|x64.Build.0 = MinSizeRel|x64
		{1DE1AA26-50C4-34DB-815F-31DB6746F690}.RelWithDebInfo|x64.ActiveCfg = RelWithDebInfo|x64
		{1DE1AA26-50C4-34DB-815F-31DB6746F690}.RelWithDebInfo|x64.Build.0 = RelWithDebInfo|x64
		{CB942E8C-F95E-301E-83BA-9BA3E3C6D616}.Debug|x64.ActiveCfg = Debug|x64
		{CB942E8C-F95E-301E-83BA-9BA3E3C6D616}.Debug|x64.Build.0 = Debug|x64
		{CB942E8C-F95E-301E-83BA-9BA3E3C6D616}.Release|x64.ActiveCfg = Release|x64
		{CB942E8C-F95E-301E-83BA-9BA3E3C6D616}.Release|x64.Build.0 = Release|x64
		{CB942E8C-F95E-301E-83BA-9BA3E3C6D616}.MinSizeRel|x64.ActiveCfg = MinSizeRel|x64
		{CB942E8C-F95E-301E-83BA-9BA3E3C6D616}.MinSizeRel|x64.Build.0 = MinSizeRel|x64
		{CB942E8C-F95E-301E-83BA-9BA3E3C6D616}.RelWithDebInfo|x64.ActiveCfg = RelWithDebInfo|x64
		{CB942E8C-F95E-301E-83BA-9BA3E3C6D616}.RelWithDebInfo|x64.Build.0 = RelWithDebInfo|x64
		{67D5F220-CAE5-30CA-A45F-E9CBED0D1D63}.Debug|x64.ActiveCfg = Debug|x64
		{67D5F220-CAE5-30CA-A45F-E9CBED0D1D63}.Debug|x64.Build.0 = Debug|x64
		{67D5F220-CAE5-30CA-A45F-E9CBED0D1D63}.Release|x64.ActiveCfg = Release|x64
		{67D5F220-CAE5-30CA-A45F-E9CBED0D1D63}.Release|x64.Build.0 = Release|x64
		{67D5F220-CAE5-30CA-A45F-E9CBED0D1D63}.MinSizeRel|x64.ActiveCfg = MinSizeRel|x64
		{67D5F220-CAE5-30CA-A45F-E9CBED0D1D63}.MinSizeRel|x64.Build.0 = MinSizeRel|x64
		{67D5F220-CAE5-30CA-A45F-E9CBED0D1D63}.RelWithDebInfo|x64.ActiveCfg = RelWithDebInfo|x64
		{67D5F220-CAE5-30CA-A45F-E9CBED0D1D63}.RelWithDebInfo|x64.Build.0 = RelWithDebInfo|x64
		{36E98B12-8A64-31D4-ACCF-C2B38B701154}.Debug|x64.ActiveCfg = Debug|x64
		{36E98B12-8A64-31D4-ACCF-C2B38B701154}.Debug|x64.Build.0 = Debug|x64
		{36E98B12-8A64-31D4-ACCF-C2B38B701154}.Release|x64.ActiveCfg = Release|x64
		{36E98B12-8A64-31D4-ACCF-C2B38B701154}.Release|x64.Build.0 = Release|x64
		{36E98B12-8A64-31D4-ACCF-C2B38B701154}.MinSizeRel|x64.ActiveCfg = MinSizeRel|x64
		{36E98B12-8A64-31D4-ACCF-C2B38B701154}.MinSizeRel|x64.Build.0 = MinSizeRel|x64
		{36E98B12-8A64-31D4-ACCF-C2B38B701154}.RelWithDebInfo|x64.ActiveCfg = RelWithDebInfo|x64
		{36E98B12-8A64-31D4-ACCF-C2B38B701154}.RelWithDebInfo|x64.Build.0 = RelWithDebInfo|x64
		{3407D940-9B36-3DCC-814A-F2BE32BCD053}.Debug|x64.ActiveCfg = Debug|x64
		{3407D940-9B36-3DCC-814A-F2BE32BCD053}.Debug|x64.Build.0 = Debug|x64
		{3407D940-9B36-3DCC-814A-F2BE32BCD053}.Release|x64.ActiveCfg = Release|x64
		{3407D940-9B36-3DCC-814A-F2BE32BCD053}.Release|x64.Build.0 = Release|x64
		{3407D940-9B36-3DCC-814A-F2BE32BCD053}.MinSizeRel|x64.ActiveCfg = MinSizeRel|x64
		{3407D940-9B36-3DCC-814A-F2BE32BCD053}.MinSizeRel|x64.Build.0 = MinSizeRel|x64
		{3407D940-9B36-3DCC-814A-F2BE32BCD053}.RelWithDebInfo|x64.ActiveCfg = RelWithDebInfo|x64
		{3407D940-9B36-3DCC-814A-F2BE32BCD053}.RelWithDebInfo|x64.Build.0 = RelWithDebInfo|x64
		{0975F080-559B-3568-A690-62830F32B432}.Debug|x64.ActiveCfg = Debug|x64
		{0975F080-559B-3568-A690-62830F32B432}.Debug|x64.Build.0 = Debug|x64
		{0975F080-559B-3568-A690-62830F32B432}.Release|x64.ActiveCfg = Release|x64
		{0975F080-559B-3568-A690-62830F32B432}.Release|x64.Build.0 = Release|x64
		{0975F080-559B-3568-A690-62830F32B432}.MinSizeRel|x64.ActiveCfg = MinSizeRel|x64
		{0975F080-559B-3568-A690-62830F32B432}.MinSizeRel|x64.Build.0 = MinSizeRel|x64
		{0975F080-559B-3568-A690-62830F32B432}.RelWithDebInfo|x64.ActiveCfg = RelWithDebInfo|x64
		{0975F080-559B-3568-A690-62830F32B432}.RelWithDebInfo|x64.Build.0 = RelWithDebInfo|x64
		{D45C4B07-B352-3DCC-9451-BF0C4C045C14}.Debug|x64.ActiveCfg = Debug|x64
		{D45C4B07-B352-3DCC-9451-BF0C4C045C14}.Debug|x64.Build.0 = Debug|x64
		{D45C4B07-B352-3DCC-9451-BF0C4C045C14}.Release|x64.ActiveCfg = Release|x64
		{D45C4B07-B352-3DCC-9451-BF0C4C045C14}.Release|x64.Build.0 = Release|x64
		{D45C4B07-B352-3DCC-9451-BF0C4C045C14}.MinSizeRel|x64.ActiveCfg = MinSizeRel|x64
		{D45C4B07-B352-3DCC-9451-BF0C4C045C14}.MinSizeRel|x64.Build.0 = MinSizeRel|x64
		{D45C4B07-B352-3DCC-9451-BF0C4C045C14}.RelWithDebInfo|x64.ActiveCfg = RelWithDebInfo|x64
		{D45C4B07-B352-3DCC-9451-BF0C4C045C14}.RelWithDebInfo|x64.Build.0 = RelWithDebInfo|x64
		{B0CD6780-FCC2-3921-AF34-91D9F441E4BE}.Debug|x64.ActiveCfg = Debug|x64
		{B0CD6780-FCC2-3921-AF34-91D9F441E4BE}.Debug|x64.Build.0 = Debug|x64
		{B0CD6780-FCC2-3921-AF34-91D9F441E4BE}.Release|x64.ActiveCfg = Release|x64
		{B0CD6780-FCC2-3921-AF34-91D9F441E4BE}.Release|x64.Build.0 = Release|x64
		{B0CD6780-FCC2-3921-AF34-91D9F441E4BE}.MinSizeRel|x64.ActiveCfg = MinSizeRel|x64
		{B0CD6780-FCC2-3921-AF34-91D9F441E4BE}.MinSizeRel|x64.Build.0 = MinSizeRel|x64
		{B0CD6780-FCC2-3921-AF34-91D9F441E4BE}.RelWithDebInfo|x64.ActiveCfg = RelWithDebInfo|x64
		{B0CD6780-FCC2-3921-AF34-91D9F441E4BE}.RelWithDebInfo|x64.Build.0 = RelWithDebInfo|x64
		{A90A2982-8BCE-3A09-87C1-1FC71398B18B}.Debug|x64.ActiveCfg = Debug|x64
		{A90A2982-8BCE-3A09-87C1-1FC71398B18B}.Debug|x64.Build.0 = Debug|x64
		{A90A2982-8BCE-3A09-87C1-1FC71398B18B}.Release|x64.ActiveCfg = Release|x64
		{A90A2982-8BCE-3A09-87C1-1FC71398B18B}.Release|x64.Build.0 = Release|x64
		{A90A2982-8BCE-3A09-87C1-1FC71398B18B}.MinSizeRel|x64.ActiveCfg = MinSizeRel|x64
		{A90A2982-8BCE-3A09-87C1-1FC71398B18B}.MinSizeRel|x64.Build.0 = MinSizeRel|x64
		{A90A2982-8BCE-3A09-87C1-1FC71398B18B}.RelWithDebInfo|x64.ActiveCfg = RelWithDebInfo|x64
		{A90A2982-8BCE-3A09-87C1-1FC71398B18B}.RelWithDebInfo|x64.Build.0 = RelWithDebInfo|x64
		{29A65760-F3E0-3437-BF7A-FD3735C14051}.Debug|x64.ActiveCfg = Debug|x64
		{29A65760-F3E0-3437-BF7A-FD3735C14051}.Debug|x64.Build.0 = Debug|x64
		{29A65760-F3E0-3437-BF7A-FD3735C14051}.Release|x64.ActiveCfg = Release|x64
		{29A65760-F3E0-3437-BF7A-FD3735C14051}.Release|x64.Build.0 = Release|x64
		{29A65760-F3E0-3437-BF7A-FD3735C14051}.MinSizeRel|x64.ActiveCfg = MinSizeRel|x64
		{29A65760-F3E0-3437-BF7A-FD3735C14051}.MinSizeRel|x64.Build.0 = MinSizeRel|x64
		{29A65760-F3E0-3437-BF7A-FD3735C14051}.RelWithDebInfo|x64.ActiveCfg = RelWithDebInfo|x64
		{29A65760-F3E0-3437-BF7A-FD3735C14051}.RelWithDebInfo|x64.Build.0 = RelWithDebInfo|x64
		{FFBBCD36-78EF-330F-8631-FC70DC928F63}.Debug|x64.ActiveCfg = Debug|x64
		{FFBBCD36-78EF-330F-8631-FC70DC928F63}.Debug|x64.Build.0 = Debug|x64
		{FFBBCD36-78EF-330F-8631-FC70DC928F63}.Release|x64.ActiveCfg = Release|x64
		{FFBBCD36-78EF-330F-8631-FC70DC928F63}.Release|x64.Build.0 = Release|x64
		{FFBBCD36-78EF-330F-8631-FC70DC928F63}.MinSizeRel|x64.ActiveCfg = MinSizeRel|x64
		{FFBBCD36-78EF-330F-8631-FC70DC928F63}.MinSizeRel|x64.Build.0 = MinSizeRel|x64
		{FFBBCD36-78EF-330F-8631-FC70DC928F63}.RelWithDebInfo|x64.ActiveCfg = RelWithDebInfo|x64
		{FFBBCD36-78EF-330F-8631-FC70DC928F63}.RelWithDebInfo|x64.Build.0 = RelWithDebInfo|x64
		{DDEEDBD6-0029-3615-BD46-79B66C4BC155}.Debug|x64.ActiveCfg = Debug|x64
		{DDEEDBD6-0029-3615-BD46-79B66C4BC155}.Debug|x64.Build.0 = Debug|x64
		{DDEEDBD6-0029-3615-BD46-79B66C4BC155}.Release|x64.ActiveCfg = Release|x64
		{DDEEDBD6-0029-3615-BD46-79B66C4BC155}.Release|x64.Build.0 = Release|x64
		{DDEEDBD6-0029-3615-BD46-79B66C4BC155}.MinSizeRel|x64.ActiveCfg = MinSizeRel|x64
		{DDEEDBD6-0029-3615-BD46-79B66C4BC155}.MinSizeRel|x64.Build.0 = MinSizeRel|x64
		{DDEEDBD6-0029-3615-BD46-79B66C4BC155}.RelWithDebInfo|x64.ActiveCfg = RelWithDebInfo|x64
		{DDEEDBD6-0029-3615-BD46-79B66C4BC155}.RelWithDebInfo|x64.Build.0 = RelWithDebInfo|x64
		{62E3F279-1281-363F-B649-89E81BD8CB73}.Debug|x64.ActiveCfg = Debug|x64
		{62E3F279-1281-363F-B649-89E81BD8CB73}.Debug|x64.Build.0 = Debug|x64
		{62E3F279-1281-363F-B649-89E81BD8CB73}.Release|x64.ActiveCfg = Release|x64
		{62E3F279-1281-363F-B649-89E81BD8CB73}.Release|x64.Build.0 = Release|x64
		{62E3F279-1281-363F-B649-89E81BD8CB73}.MinSizeRel|x64.ActiveCfg = MinSizeRel|x64
		{62E3F279-1281-363F-B649-89E81BD8CB73}.MinSizeRel|x64.Build.0 = MinSizeRel|x64
		{62E3F279-1281-363F-B649-89E81BD8CB73}.RelWithDebInfo|x64.ActiveCfg = RelWithDebInfo|x64
		{62E3F279-1281-363F-B649-89E81BD8CB73}.RelWithDebInfo|x64.Build.0 = RelWithDebInfo|x64
		{F4B035A5-D17B-3A93-AB02-E89715F66E84}.Debug|x64.ActiveCfg = Debug|x64
		{F4B035A5-D17B-3A93-AB02-E89715F66E84}.Debug|x64.Build.0 = Debug|x64
		{F4B035A5-D17B-3A93-AB02-E89715F66E84}.Release|x64.ActiveCfg = Release|x64
		{F4B035A5-D17B-3A93-AB02-E89715F66E84}.Release|x64.Build.0 = Release|x64
		{F4B035A5-D17B-3A93-AB02-E89715F66E84}.MinSizeRel|x64.ActiveCfg = MinSizeRel|x64
		{F4B035A5-D17B-3A93-AB02-E89715F66E84}.MinSizeRel|x64.Build.0 = MinSizeRel|x64
		{F4B035A5-D17B-3A93-AB02-E89715F66E84}.RelWithDebInfo|x64.ActiveCfg = RelWithDebInfo|x64
		{F4B035A5-D17B-3A93-AB02-E89715F66E84}.RelWithDebInfo|x64.Build.0 = RelWithDebInfo|x64
		{5A66D943-30E1-357A-B076-6A48F69C1798}.Debug|x64.ActiveCfg = Debug|x64
		{5A66D943-30E1-357A-B076-6A48F69C1798}.Debug|x64.Build.0 = Debug|x64
		{5A66D943-30E1-357A-B076-6A48F69C1798}.Release|x64.ActiveCfg = Release|x64
		{5A66D943-30E1-357A-B076-6A48F69C1798}.Release|x64.Build.0 = Release|x64
		{5A66D943-30E1-357A-B076-6A48F69C1798}.MinSizeRel|x64.ActiveCfg = MinSizeRel|x64
		{5A66D943-30E1-357A-B076-6A48F69C1798}.MinSizeRel|x64.Build.0 = MinSizeRel|x64
		{5A66D943-30E1-357A-B076-6A48F69C1798}.RelWithDebInfo|x64.ActiveCfg = RelWithDebInfo|x64
		{5A66D943-30E1-357A-B076-6A48F69C1798}.RelWithDebInfo|x64.Build.0 = RelWithDebInfo|x64
		{94A788EE-B4FD-31D9-BA17-F3F78B6DE446}.Debug|x64.ActiveCfg = Debug|x64
		{94A788EE-B4FD-31D9-BA17-F3F78B6DE446}.Debug|x64.Build.0 = Debug|x64
		{94A788EE-B4FD-31D9-BA17-F3F78B6DE446}.Release|x64.ActiveCfg = Release|x64
		{94A788EE-B4FD-31D9-BA17-F3F78B6DE446}.Release|x64.Build.0 = Release|x64
		{94A788EE-B4FD-31D9-BA17-F3F78B6DE446}.MinSizeRel|x64.ActiveCfg = MinSizeRel|x64
		{94A788EE-B4FD-31D9-BA17-F3F78B6DE446}.MinSizeRel|x64.Build.0 = MinSizeRel|x64
		{94A788EE-B4FD-31D9-BA17-F3F78B6DE446}.RelWithDebInfo|x64.ActiveCfg = RelWithDebInfo|x64
		{94A788EE-B4FD-31D9-BA17-F3F78B6DE446}.RelWithDebInfo|x64.Build.0 = RelWithDebInfo|x64
		{651F09D2-7349-35FF-A786-0B97C668ADF1}.Debug|x64.ActiveCfg = Debug|x64
		{651F09D2-7349-35FF-A786-0B97C668ADF1}.Debug|x64.Build.0 = Debug|x64
		{651F09D2-7349-35FF-A786-0B97C668ADF1}.Release|x64.ActiveCfg = Release|x64
		{651F09D2-7349-35FF-A786-0B97C668ADF1}.Release|x64.Build.0 = Release|x64
		{651F09D2-7349-35FF-A786-0B97C668ADF1}.MinSizeRel|x64.ActiveCfg = MinSizeRel|x64
		{651F09D2-7349-35FF-A786-0B97C668ADF1}.MinSizeRel|x64.Build.0 = MinSizeRel|x64
		{651F09D2-7349-35FF-A786-0B97C668ADF1}.RelWithDebInfo|x64.ActiveCfg = RelWithDebInfo|x64
		{651F09D2-7349-35FF-A786-0B97C668ADF1}.RelWithDebInfo|x64.Build.0 = RelWithDebInfo|x64
		{F2464ECC-D0AC-3177-AC2D-D88EA88E143B}.Debug|x64.ActiveCfg = Debug|x64
		{F2464ECC-D0AC-3177-AC2D-D88EA88E143B}.Debug|x64.Build.0 = Debug|x64
		{F2464ECC-D0AC-3177-AC2D-D88EA88E143B}.Release|x64.ActiveCfg = Release|x64
		{F2464ECC-D0AC-3177-AC2D-D88EA88E143B}.Release|x64.Build.0 = Release|x64
		{F2464ECC-D0AC-3177-AC2D-D88EA88E143B}.MinSizeRel|x64.ActiveCfg = MinSizeRel|x64
		{F2464ECC-D0AC-3177-AC2D-D88EA88E143B}.MinSizeRel|x64.Build.0 = MinSizeRel|x64
		{F2464ECC-D0AC-3177-AC2D-D88EA88E143B}.RelWithDebInfo|x64.ActiveCfg = RelWithDebInfo|x64
		{F2464ECC-D0AC-3177-AC2D-D88EA88E143B}.RelWithDebInfo|x64.Build.0 = RelWithDebInfo|x64
		{A1BF71A0-AACC-3589-B873-BDF219CEC8AE}.Debug|x64.ActiveCfg = Debug|x64
		{A1BF71A0-AACC-3589-B873-BDF219CEC8AE}.Debug|x64.Build.0 = Debug|x64
		{A1BF71A0-AACC-3589-B873-BDF219CEC8AE}.Release|x64.ActiveCfg = Release|x64
		{A1BF71A0-AACC-3589-B873-BDF219CEC8AE}.Release|x64.Build.0 = Release|x64
		{A1BF71A0-AACC-3589-B873-BDF219CEC8AE}.MinSizeRel|x64.ActiveCfg = MinSizeRel|x64
		{A1BF71A0-AACC-3589-B873-BDF219CEC8AE}.MinSizeRel|x64.Build.0 = MinSizeRel|x64
		{A1BF71A0-AACC-3589-B873-BDF219CEC8AE}.RelWithDebInfo|x64.ActiveCfg = RelWithDebInfo|x64
		{A1BF71A0-AACC-3589-B873-BDF219CEC8AE}.RelWithDebInfo|x64.Build.0 = RelWithDebInfo|x64
		{4148AA23-1908-337F-B323-C4582728054D}.Debug|x64.ActiveCfg = Debug|x64
		{4148AA23-1908-337F-B323-C4582728054D}.Debug|x64.Build.0 = Debug|x64
		{4148AA23-1908-337F-B323-C4582728054D}.Release|x64.ActiveCfg = Release|x64
		{4148AA23-1908-337F-B323-C4582728054D}.Release|x64.Build.0 = Release|x64
		{4148AA23-1908-337F-B323-C4582728054D}.MinSizeRel|x64.ActiveCfg = MinSizeRel|x64
		{4148AA23-1908-337F-B323-C4582728054D}.MinSizeRel|x64.Build.0 = MinSizeRel|x64
		{4148AA23-1908-337F-B323-C4582728054D}.RelWithDebInfo|x64.ActiveCfg = RelWithDebInfo|x64
		{4148AA23-1908-337F-B323-C4582728054D}.RelWithDebInfo|x64.Build.0 = RelWithDebInfo|x64
		{9A570DCA-910F-37CA-AA27-8A98E95F2688}.Debug|x64.ActiveCfg = Debug|x64
		{9A570DCA-910F-37CA-AA27-8A98E95F2688}.Debug|x64.Build.0 = Debug|x64
		{9A570DCA-910F-37CA-AA27-8A98E95F2688}.Release|x64.ActiveCfg = Release|x64
		{9A570DCA-910F-37CA-AA27-8A98E95F2688}.Release|x64.Build.0 = Release|x64
		{9A570DCA-910F-37CA-AA27-8A98E95F2688}.MinSizeRel|x64.ActiveCfg = MinSizeRel|x64
		{9A570DCA-910F-37CA-AA27-8A98E95F2688}.MinSizeRel|x64.Build.0 = MinSizeRel|x64
		{9A570DCA-910F-37CA-AA27-8A98E95F2688}.RelWithDebInfo|x64.ActiveCfg = RelWithDebInfo|x64
		{9A570DCA-910F-37CA-AA27-8A98E95F2688}.RelWithDebInfo|x64.Build.0 = RelWithDebInfo|x64
		{24CA0E71-CF1A-357D-BBA0-546323D7D32F}.Debug|x64.ActiveCfg = Debug|x64
		{24CA0E71-CF1A-357D-BBA0-546323D7D32F}.Debug|x64.Build.0 = Debug|x64
		{24CA0E71-CF1A-357D-BBA0-546323D7D32F}.Release|x64.ActiveCfg = Release|x64
		{24CA0E71-CF1A-357D-BBA0-546323D7D32F}.Release|x64.Build.0 = Release|x64
		{24CA0E71-CF1A-357D-BBA0-546323D7D32F}.MinSizeRel|x64.ActiveCfg = MinSizeRel|x64
		{24CA0E71-CF1A-357D-BBA0-546323D7D32F}.MinSizeRel|x64.Build.0 = MinSizeRel|x64
		{24CA0E71-CF1A-357D-BBA0-546323D7D32F}.RelWithDebInfo|x64.ActiveCfg = RelWithDebInfo|x64
		{24CA0E71-CF1A-357D-BBA0-546323D7D32F}.RelWithDebInfo|x64.Build.0 = RelWithDebInfo|x64
		{D8894112-B700-3351-8412-609237699483}.Debug|x64.ActiveCfg = Debug|x64
		{D8894112-B700-3351-8412-609237699483}.Debug|x64.Build.0 = Debug|x64
		{D8894112-B700-3351-8412-609237699483}.Release|x64.ActiveCfg = Release|x64
		{D8894112-B700-3351-8412-609237699483}.Release|x64.Build.0 = Release|x64
		{D8894112-B700-3351-8412-609237699483}.MinSizeRel|x64.ActiveCfg = MinSizeRel|x64
		{D8894112-B700-3351-8412-609237699483}.MinSizeRel|x64.Build.0 = MinSizeRel|x64
		{D8894112-B700-3351-8412-609237699483}.RelWithDebInfo|x64.ActiveCfg = RelWithDebInfo|x64
		{D8894112-B700-3351-8412-609237699483}.RelWithDebInfo|x64.Build.0 = RelWithDebInfo|x64
		{7A511BCB-791E-3136-BAD3-CF5AB16FBE38}.Debug|x64.ActiveCfg = Debug|x64
		{7A511BCB-791E-3136-BAD3-CF5AB16FBE38}.Debug|x64.Build.0 = Debug|x64
		{7A511BCB-791E-3136-BAD3-CF5AB16FBE38}.Release|x64.ActiveCfg = Release|x64
		{7A511BCB-791E-3136-BAD3-CF5AB16FBE38}.Release|x64.Build.0 = Release|x64
		{7A511BCB-791E-3136-BAD3-CF5AB16FBE38}.MinSizeRel|x64.ActiveCfg = MinSizeRel|x64
		{7A511BCB-791E-3136-BAD3-CF5AB16FBE38}.MinSizeRel|x64.Build.0 = MinSizeRel|x64
		{7A511BCB-791E-3136-BAD3-CF5AB16FBE38}.RelWithDebInfo|x64.ActiveCfg = RelWithDebInfo|x64
		{7A511BCB-791E-3136-BAD3-CF5AB16FBE38}.RelWithDebInfo|x64.Build.0 = RelWithDebInfo|x64
		{B267E43E-33B5-3314-A6B3-190B50FB2A36}.Debug|x64.ActiveCfg = Debug|x64
		{B267E43E-33B5-3314-A6B3-190B50FB2A36}.Debug|x64.Build.0 = Debug|x64
		{B267E43E-33B5-3314-A6B3-190B50FB2A36}.Release|x64.ActiveCfg = Release|x64
		{B267E43E-33B5-3314-A6B3-190B50FB2A36}.Release|x64.Build.0 = Release|x64
		{B267E43E-33B5-3314-A6B3-190B50FB2A36}.MinSizeRel|x64.ActiveCfg = MinSizeRel|x64
		{B267E43E-33B5-3314-A6B3-190B50FB2A36}.MinSizeRel|x64.Build.0 = MinSizeRel|x64
		{B267E43E-33B5-3314-A6B3-190B50FB2A36}.RelWithDebInfo|x64.ActiveCfg = RelWithDebInfo|x64
		{B267E43E-33B5-3314-A6B3-190B50FB2A36}.RelWithDebInfo|x64.Build.0 = RelWithDebInfo|x64
		{7586021C-B733-36ED-BB28-142C578A4088}.Debug|x64.ActiveCfg = Debug|x64
		{7586021C-B733-36ED-BB28-142C578A4088}.Debug|x64.Build.0 = Debug|x64
		{7586021C-B733-36ED-BB28-142C578A4088}.Release|x64.ActiveCfg = Release|x64
		{7586021C-B733-36ED-BB28-142C578A4088}.Release|x64.Build.0 = Release|x64
		{7586021C-B733-36ED-BB28-142C578A4088}.MinSizeRel|x64.ActiveCfg = MinSizeRel|x64
		{7586021C-B733-36ED-BB28-142C578A4088}.MinSizeRel|x64.Build.0 = MinSizeRel|x64
		{7586021C-B733-36ED-BB28-142C578A4088}.RelWithDebInfo|x64.ActiveCfg = RelWithDebInfo|x64
		{7586021C-B733-36ED-BB28-142C578A4088}.RelWithDebInfo|x64.Build.0 = RelWithDebInfo|x64
		{7E380757-F457-3FCD-BA58-7C7C335259CC}.Debug|x64.ActiveCfg = Debug|x64
		{7E380757-F457-3FCD-BA58-7C7C335259CC}.Debug|x64.Build.0 = Debug|x64
		{7E380757-F457-3FCD-BA58-7C7C335259CC}.Release|x64.ActiveCfg = Release|x64
		{7E380757-F457-3FCD-BA58-7C7C335259CC}.Release|x64.Build.0 = Release|x64
		{7E380757-F457-3FCD-BA58-7C7C335259CC}.MinSizeRel|x64.ActiveCfg = MinSizeRel|x64
		{7E380757-F457-3FCD-BA58-7C7C335259CC}.MinSizeRel|x64.Build.0 = MinSizeRel|x64
		{7E380757-F457-3FCD-BA58-7C7C335259CC}.RelWithDebInfo|x64.ActiveCfg = RelWithDebInfo|x64
		{7E380757-F457-3FCD-BA58-7C7C335259CC}.RelWithDebInfo|x64.Build.0 = RelWithDebInfo|x64
		{C5B9E972-BD54-3F2F-A45D-789B4547831D}.Debug|x64.ActiveCfg = Debug|x64
		{C5B9E972-BD54-3F2F-A45D-789B4547831D}.Debug|x64.Build.0 = Debug|x64
		{C5B9E972-BD54-3F2F-A45D-789B4547831D}.Release|x64.ActiveCfg = Release|x64
		{C5B9E972-BD54-3F2F-A45D-789B4547831D}.Release|x64.Build.0 = Release|x64
		{C5B9E972-BD54-3F2F-A45D-789B4547831D}.MinSizeRel|x64.ActiveCfg = MinSizeRel|x64
		{C5B9E972-BD54-3F2F-A45D-789B4547831D}.MinSizeRel|x64.Build.0 = MinSizeRel|x64
		{C5B9E972-BD54-3F2F-A45D-789B4547831D}.RelWithDebInfo|x64.ActiveCfg = RelWithDebInfo|x64
		{C5B9E972-BD54-3F2F-A45D-789B4547831D}.RelWithDebInfo|x64.Build.0 = RelWithDebInfo|x64
		{ABB8CB36-7703-3302-8798-EFDC7653D99D}.Debug|x64.ActiveCfg = Debug|x64
		{ABB8CB36-7703-3302-8798-EFDC7653D99D}.Debug|x64.Build.0 = Debug|x64
		{ABB8CB36-7703-3302-8798-EFDC7653D99D}.Release|x64.ActiveCfg = Release|x64
		{ABB8CB36-7703-3302-8798-EFDC7653D99D}.Release|x64.Build.0 = Release|x64
		{ABB8CB36-7703-3302-8798-EFDC7653D99D}.MinSizeRel|x64.ActiveCfg = MinSizeRel|x64
		{ABB8CB36-7703-3302-8798-EFDC7653D99D}.MinSizeRel|x64.Build.0 = MinSizeRel|x64
		{ABB8CB36-7703-3302-8798-EFDC7653D99D}.RelWithDebInfo|x64.ActiveCfg = RelWithDebInfo|x64
		{ABB8CB36-7703-3302-8798-EFDC7653D99D}.RelWithDebInfo|x64.Build.0 = RelWithDebInfo|x64
		{739FB4A4-9A30-38E3-8019-B21DE85678C3}.Debug|x64.ActiveCfg = Debug|x64
		{739FB4A4-9A30-38E3-8019-B21DE85678C3}.Debug|x64.Build.0 = Debug|x64
		{739FB4A4-9A30-38E3-8019-B21DE85678C3}.Release|x64.ActiveCfg = Release|x64
		{739FB4A4-9A30-38E3-8019-B21DE85678C3}.Release|x64.Build.0 = Release|x64
		{739FB4A4-9A30-38E3-8019-B21DE85678C3}.MinSizeRel|x64.ActiveCfg = MinSizeRel|x64
		{739FB4A4-9A30-38E3-8019-B21DE85678C3}.MinSizeRel|x64.Build.0 = MinSizeRel|x64
		{739FB4A4-9A30-38E3-8019-B21DE85678C3}.RelWithDebInfo|x64.ActiveCfg = RelWithDebInfo|x64
		{739FB4A4-9A30-38E3-8019-B21DE85678C3}.RelWithDebInfo|x64.Build.0 = RelWithDebInfo|x64
		{11C0AC95-3ABF-376C-9A3D-D0FC33B87836}.Debug|x64.ActiveCfg = Debug|x64
		{11C0AC95-3ABF-376C-9A3D-D0FC33B87836}.Debug|x64.Build.0 = Debug|x64
		{11C0AC95-3ABF-376C-9A3D-D0FC33B87836}.Release|x64.ActiveCfg = Release|x64
		{11C0AC95-3ABF-376C-9A3D-D0FC33B87836}.Release|x64.Build.0 = Release|x64
		{11C0AC95-3ABF-376C-9A3D-D0FC33B87836}.MinSizeRel|x64.ActiveCfg = MinSizeRel|x64
		{11C0AC95-3ABF-376C-9A3D-D0FC33B87836}.MinSizeRel|x64.Build.0 = MinSizeRel|x64
		{11C0AC95-3ABF-376C-9A3D-D0FC33B87836}.RelWithDebInfo|x64.ActiveCfg = RelWithDebInfo|x64
		{11C0AC95-3ABF-376C-9A3D-D0FC33B87836}.RelWithDebInfo|x64.Build.0 = RelWithDebInfo|x64
		{7D20A2C6-B946-33C8-8C6F-43C60E8F77CF}.Debug|x64.ActiveCfg = Debug|x64
		{7D20A2C6-B946-33C8-8C6F-43C60E8F77CF}.Debug|x64.Build.0 = Debug|x64
		{7D20A2C6-B946-33C8-8C6F-43C60E8F77CF}.Release|x64.ActiveCfg = Release|x64
		{7D20A2C6-B946-33C8-8C6F-43C60E8F77CF}.Release|x64.Build.0 = Release|x64
		{7D20A2C6-B946-33C8-8C6F-43C60E8F77CF}.MinSizeRel|x64.ActiveCfg = MinSizeRel|x64
		{7D20A2C6-B946-33C8-8C6F-43C60E8F77CF}.MinSizeRel|x64.Build.0 = MinSizeRel|x64
		{7D20A2C6-B946-33C8-8C6F-43C60E8F77CF}.RelWithDebInfo|x64.ActiveCfg = RelWithDebInfo|x64
		{7D20A2C6-B946-33C8-8C6F-43C60E8F77CF}.RelWithDebInfo|x64.Build.0 = RelWithDebInfo|x64
		{EA24B96E-FDDA-32DC-855D-45B3CF88F1B2}.Debug|x64.ActiveCfg = Debug|x64
		{EA24B96E-FDDA-32DC-855D-45B3CF88F1B2}.Debug|x64.Build.0 = Debug|x64
		{EA24B96E-FDDA-32DC-855D-45B3CF88F1B2}.Release|x64.ActiveCfg = Release|x64
		{EA24B96E-FDDA-32DC-855D-45B3CF88F1B2}.Release|x64.Build.0 = Release|x64
		{EA24B96E-FDDA-32DC-855D-45B3CF88F1B2}.MinSizeRel|x64.ActiveCfg = MinSizeRel|x64
		{EA24B96E-FDDA-32DC-855D-45B3CF88F1B2}.MinSizeRel|x64.Build.0 = MinSizeRel|x64
		{EA24B96E-FDDA-32DC-855D-45B3CF88F1B2}.RelWithDebInfo|x64.ActiveCfg = RelWithDebInfo|x64
		{EA24B96E-FDDA-32DC-855D-45B3CF88F1B2}.RelWithDebInfo|x64.Build.0 = RelWithDebInfo|x64
		{7F253BD0-E7B8-319B-8593-0633EED843DE}.Debug|x64.ActiveCfg = Debug|x64
		{7F253BD0-E7B8-319B-8593-0633EED843DE}.Debug|x64.Build.0 = Debug|x64
		{7F253BD0-E7B8-319B-8593-0633EED843DE}.Release|x64.ActiveCfg = Release|x64
		{7F253BD0-E7B8-319B-8593-0633EED843DE}.Release|x64.Build.0 = Release|x64
		{7F253BD0-E7B8-319B-8593-0633EED843DE}.MinSizeRel|x64.ActiveCfg = MinSizeRel|x64
		{7F253BD0-E7B8-319B-8593-0633EED843DE}.MinSizeRel|x64.Build.0 = MinSizeRel|x64
		{7F253BD0-E7B8-319B-8593-0633EED843DE}.RelWithDebInfo|x64.ActiveCfg = RelWithDebInfo|x64
		{7F253BD0-E7B8-319B-8593-0633EED843DE}.RelWithDebInfo|x64.Build.0 = RelWithDebInfo|x64
		{204DF995-21C1-343F-AE41-418D56B0EEA7}.Debug|x64.ActiveCfg = Debug|x64
		{204DF995-21C1-343F-AE41-418D56B0EEA7}.Debug|x64.Build.0 = Debug|x64
		{204DF995-21C1-343F-AE41-418D56B0EEA7}.Release|x64.ActiveCfg = Release|x64
		{204DF995-21C1-343F-AE41-418D56B0EEA7}.Release|x64.Build.0 = Release|x64
		{204DF995-21C1-343F-AE41-418D56B0EEA7}.MinSizeRel|x64.ActiveCfg = MinSizeRel|x64
		{204DF995-21C1-343F-AE41-418D56B0EEA7}.MinSizeRel|x64.Build.0 = MinSizeRel|x64
		{204DF995-21C1-343F-AE41-418D56B0EEA7}.RelWithDebInfo|x64.ActiveCfg = RelWithDebInfo|x64
		{204DF995-21C1-343F-AE41-418D56B0EEA7}.RelWithDebInfo|x64.Build.0 = RelWithDebInfo|x64
		{5DCCBF4F-A5B6-3857-9E3D-E5A672927639}.Debug|x64.ActiveCfg = Debug|x64
		{5DCCBF4F-A5B6-3857-9E3D-E5A672927639}.Debug|x64.Build.0 = Debug|x64
		{5DCCBF4F-A5B6-3857-9E3D-E5A672927639}.Release|x64.ActiveCfg = Release|x64
		{5DCCBF4F-A5B6-3857-9E3D-E5A672927639}.Release|x64.Build.0 = Release|x64
		{5DCCBF4F-A5B6-3857-9E3D-E5A672927639}.MinSizeRel|x64.ActiveCfg = MinSizeRel|x64
		{5DCCBF4F-A5B6-3857-9E3D-E5A672927639}.MinSizeRel|x64.Build.0 = MinSizeRel|x64
		{5DCCBF4F-A5B6-3857-9E3D-E5A672927639}.RelWithDebInfo|x64.ActiveCfg = RelWithDebInfo|x64
		{5DCCBF4F-A5B6-3857-9E3D-E5A672927639}.RelWithDebInfo|x64.Build.0 = RelWithDebInfo|x64
		{2B0BF211-7185-3170-B611-1AEB4807D514}.Debug|x64.ActiveCfg = Debug|x64
		{2B0BF211-7185-3170-B611-1AEB4807D514}.Debug|x64.Build.0 = Debug|x64
		{2B0BF211-7185-3170-B611-1AEB4807D514}.Release|x64.ActiveCfg = Release|x64
		{2B0BF211-7185-3170-B611-1AEB4807D514}.Release|x64.Build.0 = Release|x64
		{2B0BF211-7185-3170-B611-1AEB4807D514}.MinSizeRel|x64.ActiveCfg = MinSizeRel|x64
		{2B0BF211-7185-3170-B611-1AEB4807D514}.MinSizeRel|x64.Build.0 = MinSizeRel|x64
		{2B0BF211-7185-3170-B611-1AEB4807D514}.RelWithDebInfo|x64.ActiveCfg = RelWithDebInfo|x64
		{2B0BF211-7185-3170-B611-1AEB4807D514}.RelWithDebInfo|x64.Build.0 = RelWithDebInfo|x64
		{321D788F-797B-31A9-AC35-653DA5B9A6F7}.Debug|x64.ActiveCfg = Debug|x64
		{321D788F-797B-31A9-AC35-653DA5B9A6F7}.Debug|x64.Build.0 = Debug|x64
		{321D788F-797B-31A9-AC35-653DA5B9A6F7}.Release|x64.ActiveCfg = Release|x64
		{321D788F-797B-31A9-AC35-653DA5B9A6F7}.Release|x64.Build.0 = Release|x64
		{321D788F-797B-31A9-AC35-653DA5B9A6F7}.MinSizeRel|x64.ActiveCfg = MinSizeRel|x64
		{321D788F-797B-31A9-AC35-653DA5B9A6F7}.MinSizeRel|x64.Build.0 = MinSizeRel|x64
		{321D788F-797B-31A9-AC35-653DA5B9A6F7}.RelWithDebInfo|x64.ActiveCfg = RelWithDebInfo|x64
		{321D788F-797B-31A9-AC35-653DA5B9A6F7}.RelWithDebInfo|x64.Build.0 = RelWithDebInfo|x64
		{44D5BCA1-DB98-3814-B473-2F91A6D5ADAF}.Debug|x64.ActiveCfg = Debug|x64
		{44D5BCA1-DB98-3814-B473-2F91A6D5ADAF}.Debug|x64.Build.0 = Debug|x64
		{44D5BCA1-DB98-3814-B473-2F91A6D5ADAF}.Release|x64.ActiveCfg = Release|x64
		{44D5BCA1-DB98-3814-B473-2F91A6D5ADAF}.Release|x64.Build.0 = Release|x64
		{44D5BCA1-DB98-3814-B473-2F91A6D5ADAF}.MinSizeRel|x64.ActiveCfg = MinSizeRel|x64
		{44D5BCA1-DB98-3814-B473-2F91A6D5ADAF}.MinSizeRel|x64.Build.0 = MinSizeRel|x64
		{44D5BCA1-DB98-3814-B473-2F91A6D5ADAF}.RelWithDebInfo|x64.ActiveCfg = RelWithDebInfo|x64
		{44D5BCA1-DB98-3814-B473-2F91A6D5ADAF}.RelWithDebInfo|x64.Build.0 = RelWithDebInfo|x64
		{81AC3AF9-BB40-3005-8C83-1E7636B093F0}.Debug|x64.ActiveCfg = Debug|x64
		{81AC3AF9-BB40-3005-8C83-1E7636B093F0}.Debug|x64.Build.0 = Debug|x64
		{81AC3AF9-BB40-3005-8C83-1E7636B093F0}.Release|x64.ActiveCfg = Release|x64
		{81AC3AF9-BB40-3005-8C83-1E7636B093F0}.Release|x64.Build.0 = Release|x64
		{81AC3AF9-BB40-3005-8C83-1E7636B093F0}.MinSizeRel|x64.ActiveCfg = MinSizeRel|x64
		{81AC3AF9-BB40-3005-8C83-1E7636B093F0}.MinSizeRel|x64.Build.0 = MinSizeRel|x64
		{81AC3AF9-BB40-3005-8C83-1E7636B093F0}.RelWithDebInfo|x64.ActiveCfg = RelWithDebInfo|x64
		{81AC3AF9-BB40-3005-8C83-1E7636B093F0}.RelWithDebInfo|x64.Build.0 = RelWithDebInfo|x64
		{E42B5733-695B-3A8B-9CCB-82863EDFD435}.Debug|x64.ActiveCfg = Debug|x64
		{E42B5733-695B-3A8B-9CCB-82863EDFD435}.Debug|x64.Build.0 = Debug|x64
		{E42B5733-695B-3A8B-9CCB-82863EDFD435}.Release|x64.ActiveCfg = Release|x64
		{E42B5733-695B-3A8B-9CCB-82863EDFD435}.Release|x64.Build.0 = Release|x64
		{E42B5733-695B-3A8B-9CCB-82863EDFD435}.MinSizeRel|x64.ActiveCfg = MinSizeRel|x64
		{E42B5733-695B-3A8B-9CCB-82863EDFD435}.MinSizeRel|x64.Build.0 = MinSizeRel|x64
		{E42B5733-695B-3A8B-9CCB-82863EDFD435}.RelWithDebInfo|x64.ActiveCfg = RelWithDebInfo|x64
		{E42B5733-695B-3A8B-9CCB-82863EDFD435}.RelWithDebInfo|x64.Build.0 = RelWithDebInfo|x64
		{5E362C67-0533-3EBD-A190-F1C0AD4155FD}.Debug|x64.ActiveCfg = Debug|x64
		{5E362C67-0533-3EBD-A190-F1C0AD4155FD}.Debug|x64.Build.0 = Debug|x64
		{5E362C67-0533-3EBD-A190-F1C0AD4155FD}.Release|x64.ActiveCfg = Release|x64
		{5E362C67-0533-3EBD-A190-F1C0AD4155FD}.Release|x64.Build.0 = Release|x64
		{5E362C67-0533-3EBD-A190-F1C0AD4155FD}.MinSizeRel|x64.ActiveCfg = MinSizeRel|x64
		{5E362C67-0533-3EBD-A190-F1C0AD4155FD}.MinSizeRel|x64.Build.0 = MinSizeRel|x64
		{5E362C67-0533-3EBD-A190-F1C0AD4155FD}.RelWithDebInfo|x64.ActiveCfg = RelWithDebInfo|x64
		{5E362C67-0533-3EBD-A190-F1C0AD4155FD}.RelWithDebInfo|x64.Build.0 = RelWithDebInfo|x64
		{9760F632-D436-3B00-B9E1-272CC6BDD5D4}.Debug|x64.ActiveCfg = Debug|x64
		{9760F632-D436-3B00-B9E1-272CC6BDD5D4}.Debug|x64.Build.0 = Debug|x64
		{9760F632-D436-3B00-B9E1-272CC6BDD5D4}.Release|x64.ActiveCfg = Release|x64
		{9760F632-D436-3B00-B9E1-272CC6BDD5D4}.Release|x64.Build.0 = Release|x64
		{9760F632-D436-3B00-B9E1-272CC6BDD5D4}.MinSizeRel|x64.ActiveCfg = MinSizeRel|x64
		{9760F632-D436-3B00-B9E1-272CC6BDD5D4}.MinSizeRel|x64.Build.0 = MinSizeRel|x64
		{9760F632-D436-3B00-B9E1-272CC6BDD5D4}.RelWithDebInfo|x64.ActiveCfg = RelWithDebInfo|x64
		{9760F632-D436-3B00-B9E1-272CC6BDD5D4}.RelWithDebInfo|x64.Build.0 = RelWithDebInfo|x64
		{0AEED0C7-2D97-3046-8DD0-B233FD231C7E}.Debug|x64.ActiveCfg = Debug|x64
		{0AEED0C7-2D97-3046-8DD0-B233FD231C7E}.Debug|x64.Build.0 = Debug|x64
		{0AEED0C7-2D97-3046-8DD0-B233FD231C7E}.Release|x64.ActiveCfg = Release|x64
		{0AEED0C7-2D97-3046-8DD0-B233FD231C7E}.Release|x64.Build.0 = Release|x64
		{0AEED0C7-2D97-3046-8DD0-B233FD231C7E}.MinSizeRel|x64.ActiveCfg = MinSizeRel|x64
		{0AEED0C7-2D97-3046-8DD0-B233FD231C7E}.MinSizeRel|x64.Build.0 = MinSizeRel|x64
		{0AEED0C7-2D97-3046-8DD0-B233FD231C7E}.RelWithDebInfo|x64.ActiveCfg = RelWithDebInfo|x64
		{0AEED0C7-2D97-3046-8DD0-B233FD231C7E}.RelWithDebInfo|x64.Build.0 = RelWithDebInfo|x64
		{E9B37F4F-29E7-38F2-BC83-2785A402FA9A}.Debug|x64.ActiveCfg = Debug|x64
		{E9B37F4F-29E7-38F2-BC83-2785A402FA9A}.Debug|x64.Build.0 = Debug|x64
		{E9B37F4F-29E7-38F2-BC83-2785A402FA9A}.Release|x64.ActiveCfg = Release|x64
		{E9B37F4F-29E7-38F2-BC83-2785A402FA9A}.Release|x64.Build.0 = Release|x64
		{E9B37F4F-29E7-38F2-BC83-2785A402FA9A}.MinSizeRel|x64.ActiveCfg = MinSizeRel|x64
		{E9B37F4F-29E7-38F2-BC83-2785A402FA9A}.MinSizeRel|x64.Build.0 = MinSizeRel|x64
		{E9B37F4F-29E7-38F2-BC83-2785A402FA9A}.RelWithDebInfo|x64.ActiveCfg = RelWithDebInfo|x64
		{E9B37F4F-29E7-38F2-BC83-2785A402FA9A}.RelWithDebInfo|x64.Build.0 = RelWithDebInfo|x64
		{42B2215C-4701-33D7-A0D2-71068F3929D2}.Debug|x64.ActiveCfg = Debug|x64
		{42B2215C-4701-33D7-A0D2-71068F3929D2}.Debug|x64.Build.0 = Debug|x64
		{42B2215C-4701-33D7-A0D2-71068F3929D2}.Release|x64.ActiveCfg = Release|x64
		{42B2215C-4701-33D7-A0D2-71068F3929D2}.Release|x64.Build.0 = Release|x64
		{42B2215C-4701-33D7-A0D2-71068F3929D2}.MinSizeRel|x64.ActiveCfg = MinSizeRel|x64
		{42B2215C-4701-33D7-A0D2-71068F3929D2}.MinSizeRel|x64.Build.0 = MinSizeRel|x64
		{42B2215C-4701-33D7-A0D2-71068F3929D2}.RelWithDebInfo|x64.ActiveCfg = RelWithDebInfo|x64
		{42B2215C-4701-33D7-A0D2-71068F3929D2}.RelWithDebInfo|x64.Build.0 = RelWithDebInfo|x64
		{84D0C2D1-FBFE-3216-91C0-60D2B44EA5BD}.Debug|x64.ActiveCfg = Debug|x64
		{84D0C2D1-FBFE-3216-91C0-60D2B44EA5BD}.Debug|x64.Build.0 = Debug|x64
		{84D0C2D1-FBFE-3216-91C0-60D2B44EA5BD}.Release|x64.ActiveCfg = Release|x64
		{84D0C2D1-FBFE-3216-91C0-60D2B44EA5BD}.Release|x64.Build.0 = Release|x64
		{84D0C2D1-FBFE-3216-91C0-60D2B44EA5BD}.MinSizeRel|x64.ActiveCfg = MinSizeRel|x64
		{84D0C2D1-FBFE-3216-91C0-60D2B44EA5BD}.MinSizeRel|x64.Build.0 = MinSizeRel|x64
		{84D0C2D1-FBFE-3216-91C0-60D2B44EA5BD}.RelWithDebInfo|x64.ActiveCfg = RelWithDebInfo|x64
		{84D0C2D1-FBFE-3216-91C0-60D2B44EA5BD}.RelWithDebInfo|x64.Build.0 = RelWithDebInfo|x64
		{F2A68373-547B-3C50-B4D4-93CC25E05A47}.Debug|x64.ActiveCfg = Debug|x64
		{F2A68373-547B-3C50-B4D4-93CC25E05A47}.Debug|x64.Build.0 = Debug|x64
		{F2A68373-547B-3C50-B4D4-93CC25E05A47}.Release|x64.ActiveCfg = Release|x64
		{F2A68373-547B-3C50-B4D4-93CC25E05A47}.Release|x64.Build.0 = Release|x64
		{F2A68373-547B-3C50-B4D4-93CC25E05A47}.MinSizeRel|x64.ActiveCfg = MinSizeRel|x64
		{F2A68373-547B-3C50-B4D4-93CC25E05A47}.MinSizeRel|x64.Build.0 = MinSizeRel|x64
		{F2A68373-547B-3C50-B4D4-93CC25E05A47}.RelWithDebInfo|x64.ActiveCfg = RelWithDebInfo|x64
		{F2A68373-547B-3C50-B4D4-93CC25E05A47}.RelWithDebInfo|x64.Build.0 = RelWithDebInfo|x64
		{D05D2099-0F73-3F03-B4F3-7ABC2C0B9364}.Debug|x64.ActiveCfg = Debug|x64
		{D05D2099-0F73-3F03-B4F3-7ABC2C0B9364}.Debug|x64.Build.0 = Debug|x64
		{D05D2099-0F73-3F03-B4F3-7ABC2C0B9364}.Release|x64.ActiveCfg = Release|x64
		{D05D2099-0F73-3F03-B4F3-7ABC2C0B9364}.Release|x64.Build.0 = Release|x64
		{D05D2099-0F73-3F03-B4F3-7ABC2C0B9364}.MinSizeRel|x64.ActiveCfg = MinSizeRel|x64
		{D05D2099-0F73-3F03-B4F3-7ABC2C0B9364}.MinSizeRel|x64.Build.0 = MinSizeRel|x64
		{D05D2099-0F73-3F03-B4F3-7ABC2C0B9364}.RelWithDebInfo|x64.ActiveCfg = RelWithDebInfo|x64
		{D05D2099-0F73-3F03-B4F3-7ABC2C0B9364}.RelWithDebInfo|x64.Build.0 = RelWithDebInfo|x64
		{B238EE4F-1D1F-351A-BF8E-EF5B5991C750}.Debug|x64.ActiveCfg = Debug|x64
		{B238EE4F-1D1F-351A-BF8E-EF5B5991C750}.Release|x64.ActiveCfg = Release|x64
		{B238EE4F-1D1F-351A-BF8E-EF5B5991C750}.MinSizeRel|x64.ActiveCfg = MinSizeRel|x64
		{B238EE4F-1D1F-351A-BF8E-EF5B5991C750}.RelWithDebInfo|x64.ActiveCfg = RelWithDebInfo|x64
		{8E00A501-DF51-343E-A484-985C8AFA0E9D}.Debug|x64.ActiveCfg = Debug|x64
		{8E00A501-DF51-343E-A484-985C8AFA0E9D}.Release|x64.ActiveCfg = Release|x64
		{8E00A501-DF51-343E-A484-985C8AFA0E9D}.MinSizeRel|x64.ActiveCfg = MinSizeRel|x64
		{8E00A501-DF51-343E-A484-985C8AFA0E9D}.RelWithDebInfo|x64.ActiveCfg = RelWithDebInfo|x64
		{05A56F68-2462-3C56-A984-C108CA41E7CD}.Debug|x64.ActiveCfg = Debug|x64
		{05A56F68-2462-3C56-A984-C108CA41E7CD}.Debug|x64.Build.0 = Debug|x64
		{05A56F68-2462-3C56-A984-C108CA41E7CD}.Release|x64.ActiveCfg = Release|x64
		{05A56F68-2462-3C56-A984-C108CA41E7CD}.Release|x64.Build.0 = Release|x64
		{05A56F68-2462-3C56-A984-C108CA41E7CD}.MinSizeRel|x64.ActiveCfg = MinSizeRel|x64
		{05A56F68-2462-3C56-A984-C108CA41E7CD}.MinSizeRel|x64.Build.0 = MinSizeRel|x64
		{05A56F68-2462-3C56-A984-C108CA41E7CD}.RelWithDebInfo|x64.ActiveCfg = RelWithDebInfo|x64
		{05A56F68-2462-3C56-A984-C108CA41E7CD}.RelWithDebInfo|x64.Build.0 = RelWithDebInfo|x64
		{9334DC60-9A62-33BF-908E-7084705363C5}.Debug|x64.ActiveCfg = Debug|x64
		{9334DC60-9A62-33BF-908E-7084705363C5}.Debug|x64.Build.0 = Debug|x64
		{9334DC60-9A62-33BF-908E-7084705363C5}.Release|x64.ActiveCfg = Release|x64
		{9334DC60-9A62-33BF-908E-7084705363C5}.Release|x64.Build.0 = Release|x64
		{9334DC60-9A62-33BF-908E-7084705363C5}.MinSizeRel|x64.ActiveCfg = MinSizeRel|x64
		{9334DC60-9A62-33BF-908E-7084705363C5}.MinSizeRel|x64.Build.0 = MinSizeRel|x64
		{9334DC60-9A62-33BF-908E-7084705363C5}.RelWithDebInfo|x64.ActiveCfg = RelWithDebInfo|x64
		{9334DC60-9A62-33BF-908E-7084705363C5}.RelWithDebInfo|x64.Build.0 = RelWithDebInfo|x64
		{A531DA5E-C00A-3893-AF51-BED4A76C0103}.Debug|x64.ActiveCfg = Debug|x64
		{A531DA5E-C00A-3893-AF51-BED4A76C0103}.Debug|x64.Build.0 = Debug|x64
		{A531DA5E-C00A-3893-AF51-BED4A76C0103}.Release|x64.ActiveCfg = Release|x64
		{A531DA5E-C00A-3893-AF51-BED4A76C0103}.Release|x64.Build.0 = Release|x64
		{A531DA5E-C00A-3893-AF51-BED4A76C0103}.MinSizeRel|x64.ActiveCfg = MinSizeRel|x64
		{A531DA5E-C00A-3893-AF51-BED4A76C0103}.MinSizeRel|x64.Build.0 = MinSizeRel|x64
		{A531DA5E-C00A-3893-AF51-BED4A76C0103}.RelWithDebInfo|x64.ActiveCfg = RelWithDebInfo|x64
		{A531DA5E-C00A-3893-AF51-BED4A76C0103}.RelWithDebInfo|x64.Build.0 = RelWithDebInfo|x64
		{1179C36E-5274-3B88-A74F-2BF54385CD90}.Debug|x64.ActiveCfg = Debug|x64
		{1179C36E-5274-3B88-A74F-2BF54385CD90}.Debug|x64.Build.0 = Debug|x64
		{1179C36E-5274-3B88-A74F-2BF54385CD90}.Release|x64.ActiveCfg = Release|x64
		{1179C36E-5274-3B88-A74F-2BF54385CD90}.Release|x64.Build.0 = Release|x64
		{1179C36E-5274-3B88-A74F-2BF54385CD90}.MinSizeRel|x64.ActiveCfg = MinSizeRel|x64
		{1179C36E-5274-3B88-A74F-2BF54385CD90}.MinSizeRel|x64.Build.0 = MinSizeRel|x64
		{1179C36E-5274-3B88-A74F-2BF54385CD90}.RelWithDebInfo|x64.ActiveCfg = RelWithDebInfo|x64
		{1179C36E-5274-3B88-A74F-2BF54385CD90}.RelWithDebInfo|x64.Build.0 = RelWithDebInfo|x64
		{98555C86-200B-3338-91AF-9D761638565D}.Debug|x64.ActiveCfg = Debug|x64
		{98555C86-200B-3338-91AF-9D761638565D}.Debug|x64.Build.0 = Debug|x64
		{98555C86-200B-3338-91AF-9D761638565D}.Release|x64.ActiveCfg = Release|x64
		{98555C86-200B-3338-91AF-9D761638565D}.Release|x64.Build.0 = Release|x64
		{98555C86-200B-3338-91AF-9D761638565D}.MinSizeRel|x64.ActiveCfg = MinSizeRel|x64
		{98555C86-200B-3338-91AF-9D761638565D}.MinSizeRel|x64.Build.0 = MinSizeRel|x64
		{98555C86-200B-3338-91AF-9D761638565D}.RelWithDebInfo|x64.ActiveCfg = RelWithDebInfo|x64
		{98555C86-200B-3338-91AF-9D761638565D}.RelWithDebInfo|x64.Build.0 = RelWithDebInfo|x64
		{B8FB7F72-C55C-365D-965E-09257FDAEFFB}.Debug|x64.ActiveCfg = Debug|x64
		{B8FB7F72-C55C-365D-965E-09257FDAEFFB}.Debug|x64.Build.0 = Debug|x64
		{B8FB7F72-C55C-365D-965E-09257FDAEFFB}.Release|x64.ActiveCfg = Release|x64
		{B8FB7F72-C55C-365D-965E-09257FDAEFFB}.Release|x64.Build.0 = Release|x64
		{B8FB7F72-C55C-365D-965E-09257FDAEFFB}.MinSizeRel|x64.ActiveCfg = MinSizeRel|x64
		{B8FB7F72-C55C-365D-965E-09257FDAEFFB}.MinSizeRel|x64.Build.0 = MinSizeRel|x64
		{B8FB7F72-C55C-365D-965E-09257FDAEFFB}.RelWithDebInfo|x64.ActiveCfg = RelWithDebInfo|x64
		{B8FB7F72-C55C-365D-965E-09257FDAEFFB}.RelWithDebInfo|x64.Build.0 = RelWithDebInfo|x64
		{3095A84E-E2CF-34B9-9AE5-6B99C631DAC7}.Debug|x64.ActiveCfg = Debug|x64
		{3095A84E-E2CF-34B9-9AE5-6B99C631DAC7}.Debug|x64.Build.0 = Debug|x64
		{3095A84E-E2CF-34B9-9AE5-6B99C631DAC7}.Release|x64.ActiveCfg = Release|x64
		{3095A84E-E2CF-34B9-9AE5-6B99C631DAC7}.Release|x64.Build.0 = Release|x64
		{3095A84E-E2CF-34B9-9AE5-6B99C631DAC7}.MinSizeRel|x64.ActiveCfg = MinSizeRel|x64
		{3095A84E-E2CF-34B9-9AE5-6B99C631DAC7}.MinSizeRel|x64.Build.0 = MinSizeRel|x64
		{3095A84E-E2CF-34B9-9AE5-6B99C631DAC7}.RelWithDebInfo|x64.ActiveCfg = RelWithDebInfo|x64
		{3095A84E-E2CF-34B9-9AE5-6B99C631DAC7}.RelWithDebInfo|x64.Build.0 = RelWithDebInfo|x64
		{54A6B0B0-57E3-3616-83C4-4ADF45839926}.Debug|x64.ActiveCfg = Debug|x64
		{54A6B0B0-57E3-3616-83C4-4ADF45839926}.Debug|x64.Build.0 = Debug|x64
		{54A6B0B0-57E3-3616-83C4-4ADF45839926}.Release|x64.ActiveCfg = Release|x64
		{54A6B0B0-57E3-3616-83C4-4ADF45839926}.Release|x64.Build.0 = Release|x64
		{54A6B0B0-57E3-3616-83C4-4ADF45839926}.MinSizeRel|x64.ActiveCfg = MinSizeRel|x64
		{54A6B0B0-57E3-3616-83C4-4ADF45839926}.MinSizeRel|x64.Build.0 = MinSizeRel|x64
		{54A6B0B0-57E3-3616-83C4-4ADF45839926}.RelWithDebInfo|x64.ActiveCfg = RelWithDebInfo|x64
		{54A6B0B0-57E3-3616-83C4-4ADF45839926}.RelWithDebInfo|x64.Build.0 = RelWithDebInfo|x64
		{8EA25E28-D1A6-3A56-B872-E26A1B137544}.Debug|x64.ActiveCfg = Debug|x64
		{8EA25E28-D1A6-3A56-B872-E26A1B137544}.Debug|x64.Build.0 = Debug|x64
		{8EA25E28-D1A6-3A56-B872-E26A1B137544}.Release|x64.ActiveCfg = Release|x64
		{8EA25E28-D1A6-3A56-B872-E26A1B137544}.Release|x64.Build.0 = Release|x64
		{8EA25E28-D1A6-3A56-B872-E26A1B137544}.MinSizeRel|x64.ActiveCfg = MinSizeRel|x64
		{8EA25E28-D1A6-3A56-B872-E26A1B137544}.MinSizeRel|x64.Build.0 = MinSizeRel|x64
		{8EA25E28-D1A6-3A56-B872-E26A1B137544}.RelWithDebInfo|x64.ActiveCfg = RelWithDebInfo|x64
		{8EA25E28-D1A6-3A56-B872-E26A1B137544}.RelWithDebInfo|x64.Build.0 = RelWithDebInfo|x64
		{414AF259-0CB2-3610-B8C8-114685DF84AE}.Debug|x64.ActiveCfg = Debug|x64
		{414AF259-0CB2-3610-B8C8-114685DF84AE}.Debug|x64.Build.0 = Debug|x64
		{414AF259-0CB2-3610-B8C8-114685DF84AE}.Release|x64.ActiveCfg = Release|x64
		{414AF259-0CB2-3610-B8C8-114685DF84AE}.Release|x64.Build.0 = Release|x64
		{414AF259-0CB2-3610-B8C8-114685DF84AE}.MinSizeRel|x64.ActiveCfg = MinSizeRel|x64
		{414AF259-0CB2-3610-B8C8-114685DF84AE}.MinSizeRel|x64.Build.0 = MinSizeRel|x64
		{414AF259-0CB2-3610-B8C8-114685DF84AE}.RelWithDebInfo|x64.ActiveCfg = RelWithDebInfo|x64
		{414AF259-0CB2-3610-B8C8-114685DF84AE}.RelWithDebInfo|x64.Build.0 = RelWithDebInfo|x64
		{18CA252C-B3A6-345D-92A3-B133FAB782EC}.Debug|x64.ActiveCfg = Debug|x64
		{18CA252C-B3A6-345D-92A3-B133FAB782EC}.Debug|x64.Build.0 = Debug|x64
		{18CA252C-B3A6-345D-92A3-B133FAB782EC}.Release|x64.ActiveCfg = Release|x64
		{18CA252C-B3A6-345D-92A3-B133FAB782EC}.Release|x64.Build.0 = Release|x64
		{18CA252C-B3A6-345D-92A3-B133FAB782EC}.MinSizeRel|x64.ActiveCfg = MinSizeRel|x64
		{18CA252C-B3A6-345D-92A3-B133FAB782EC}.MinSizeRel|x64.Build.0 = MinSizeRel|x64
		{18CA252C-B3A6-345D-92A3-B133FAB782EC}.RelWithDebInfo|x64.ActiveCfg = RelWithDebInfo|x64
		{18CA252C-B3A6-345D-92A3-B133FAB782EC}.RelWithDebInfo|x64.Build.0 = RelWithDebInfo|x64
		{F920E8A5-02DA-3C3C-8810-96A8E81F8F07}.Debug|x64.ActiveCfg = Debug|x64
		{F920E8A5-02DA-3C3C-8810-96A8E81F8F07}.Debug|x64.Build.0 = Debug|x64
		{F920E8A5-02DA-3C3C-8810-96A8E81F8F07}.Release|x64.ActiveCfg = Release|x64
		{F920E8A5-02DA-3C3C-8810-96A8E81F8F07}.Release|x64.Build.0 = Release|x64
		{F920E8A5-02DA-3C3C-8810-96A8E81F8F07}.MinSizeRel|x64.ActiveCfg = MinSizeRel|x64
		{F920E8A5-02DA-3C3C-8810-96A8E81F8F07}.MinSizeRel|x64.Build.0 = MinSizeRel|x64
		{F920E8A5-02DA-3C3C-8810-96A8E81F8F07}.RelWithDebInfo|x64.ActiveCfg = RelWithDebInfo|x64
		{F920E8A5-02DA-3C3C-8810-96A8E81F8F07}.RelWithDebInfo|x64.Build.0 = RelWithDebInfo|x64
		{3C8C048C-7E8A-3C7B-A0A2-73FC25A7FDC1}.Debug|x64.ActiveCfg = Debug|x64
		{3C8C048C-7E8A-3C7B-A0A2-73FC25A7FDC1}.Debug|x64.Build.0 = Debug|x64
		{3C8C048C-7E8A-3C7B-A0A2-73FC25A7FDC1}.Release|x64.ActiveCfg = Release|x64
		{3C8C048C-7E8A-3C7B-A0A2-73FC25A7FDC1}.Release|x64.Build.0 = Release|x64
		{3C8C048C-7E8A-3C7B-A0A2-73FC25A7FDC1}.MinSizeRel|x64.ActiveCfg = MinSizeRel|x64
		{3C8C048C-7E8A-3C7B-A0A2-73FC25A7FDC1}.MinSizeRel|x64.Build.0 = MinSizeRel|x64
		{3C8C048C-7E8A-3C7B-A0A2-73FC25A7FDC1}.RelWithDebInfo|x64.ActiveCfg = RelWithDebInfo|x64
		{3C8C048C-7E8A-3C7B-A0A2-73FC25A7FDC1}.RelWithDebInfo|x64.Build.0 = RelWithDebInfo|x64
		{1E7633C9-4F59-3E83-A172-69E562B1DB02}.Debug|x64.ActiveCfg = Debug|x64
		{1E7633C9-4F59-3E83-A172-69E562B1DB02}.Debug|x64.Build.0 = Debug|x64
		{1E7633C9-4F59-3E83-A172-69E562B1DB02}.Release|x64.ActiveCfg = Release|x64
		{1E7633C9-4F59-3E83-A172-69E562B1DB02}.Release|x64.Build.0 = Release|x64
		{1E7633C9-4F59-3E83-A172-69E562B1DB02}.MinSizeRel|x64.ActiveCfg = MinSizeRel|x64
		{1E7633C9-4F59-3E83-A172-69E562B1DB02}.MinSizeRel|x64.Build.0 = MinSizeRel|x64
		{1E7633C9-4F59-3E83-A172-69E562B1DB02}.RelWithDebInfo|x64.ActiveCfg = RelWithDebInfo|x64
		{1E7633C9-4F59-3E83-A172-69E562B1DB02}.RelWithDebInfo|x64.Build.0 = RelWithDebInfo|x64
	EndGlobalSection
	GlobalSection(ExtensibilityGlobals) = postSolution
		SolutionGuid = {8033754C-5775-3851-92FA-1730DB5DB875}
	EndGlobalSection
	GlobalSection(ExtensibilityAddIns) = postSolution
	EndGlobalSection
EndGlobal
