<?xml version="1.0" encoding="utf-8"?>
<Project ToolsVersion="4.0" xmlns="http://schemas.microsoft.com/developer/msbuild/2003">
  <ItemGroup>
    <Filter Include="Source Files">
      <UniqueIdentifier>{F961AE56-D48C-4774-8838-7E4C7391E3CC}</UniqueIdentifier>
      <Extensions>cpp;c;cc;cxx;def;odl;idl;hpj;bat;asm;asmx</Extensions>
    </Filter>
    <Filter Include="Header Files">
      <UniqueIdentifier>{A9521BAC-F092-483F-8A7F-8CE1B687CA3B}</UniqueIdentifier>
      <Extensions>h;hh;hpp;hxx;hm;inl;inc;xsd</Extensions>
    </Filter>
    <Filter Include="Resource Files">
      <UniqueIdentifier>{584FE066-28E9-4C10-B932-3BAE4EA970C5}</UniqueIdentifier>
      <Extensions>rc;ico;cur;bmp;dlg;rc2;rct;bin;rgs;gif;jpg;jpeg;jpe;resx;tiff;tif;png;wav;mfcribbon-ms</Extensions>
    </Filter>
  </ItemGroup>
  <ItemGroup>
    <ClInclude Include="shared\NECommonSettings.hpp">
      <Filter>Header Files</Filter>
    </ClInclude>
    <ClInclude Include="edge\CEDistrbutedApp.hpp">
      <Filter>Header Files</Filter>
    </ClInclude>
    <ClInclude Include="edge\NEDistributedApp.hpp">
      <Filter>Header Files</Filter>
    </ClInclude>
    <ClInclude Include="edge\ui\CEDistributedDialog.hpp">
      <Filter>Header Files</Filter>
    </ClInclude>
    <ClInclude Include="edge\ui\CEPageConnections.hpp">
      <Filter>Header Files</Filter>
    </ClInclude>
    <ClInclude Include="edge\ui\CEPageMessaging.hpp">
      <Filter>Header Files</Filter>
    </ClInclude>
    <ClInclude Include="edge\ui\CEPageNetworkSetup.hpp">
      <Filter>Header Files</Filter>
    </ClInclude>
    <ClInclude Include="edge\services\CECentralMessaging.hpp">
      <Filter>Header Files</Filter>
    </ClInclude>
    <ClInclude Include="edge\services\CEConnectionList.hpp">
      <Filter>Header Files</Filter>
    </ClInclude>
    <ClInclude Include="edge\services\CENetworkSetup.hpp">
      <Filter>Header Files</Filter>
    </ClInclude>
    <ClInclude Include="shared\generated\private\CECentralMessagerProxy.hpp">
      <Filter>Header Files</Filter>
    </ClInclude>
    <ClInclude Include="shared\generated\private\CECentralMessagerEvents.hpp">
      <Filter>Header Files</Filter>
    </ClInclude>
    <ClInclude Include="shared\generated\private\CEConnectionManagerProxy.hpp">
      <Filter>Header Files</Filter>
    </ClInclude>
    <ClInclude Include="shared\generated\private\CEConnectionManagerEvents.hpp">
      <Filter>Header Files</Filter>
    </ClInclude>
    <ClInclude Include="shared\generated\private\CEDirectMessagerEvents.hpp">
      <Filter>Header Files</Filter>
    </ClInclude>
    <ClInclude Include="shared\generated\private\CEDirectMessagerProxy.hpp">
      <Filter>Header Files</Filter>
    </ClInclude>
    <ClInclude Include="shared\generated\private\CEDirectMessagerStub.hpp">
      <Filter>Header Files</Filter>
    </ClInclude>
    <ClInclude Include="shared\generated\CECentralMessagerClientBase.hpp">
      <Filter>Header Files</Filter>
    </ClInclude>
    <ClInclude Include="shared\generated\CEConnectionManagerClientBase.hpp">
      <Filter>Header Files</Filter>
    </ClInclude>
    <ClInclude Include="shared\generated\CEDirectMessagerClientBase.hpp">
      <Filter>Header Files</Filter>
    </ClInclude>
    <ClInclude Include="shared\generated\NEDirectMessager.hpp">
      <Filter>Header Files</Filter>
    </ClInclude>
    <ClInclude Include="shared\generated\NECentralMessager.hpp">
      <Filter>Header Files</Filter>
    </ClInclude>
    <ClInclude Include="shared\generated\NEConnectionManager.hpp">
      <Filter>Header Files</Filter>
    </ClInclude>
    <ClInclude Include="shared\generated\NEDirectConnection.hpp">
      <Filter>Header Files</Filter>
    </ClInclude>
    <ClInclude Include="shared\generated\CEDirectConnectionClientBase.hpp">
      <Filter>Header Files</Filter>
    </ClInclude>
    <ClInclude Include="shared\generated\private\CEDirectConnectionEvents.hpp">
      <Filter>Header Files</Filter>
    </ClInclude>
    <ClInclude Include="shared\generated\private\CEDirectConnectionProxy.hpp">
      <Filter>Header Files</Filter>
    </ClInclude>
    <ClInclude Include="shared\generated\private\CEDirectConnectionStub.hpp">
      <Filter>Header Files</Filter>
    </ClInclude>
    <ClInclude Include="edge\ui\CEPageChat.hpp">
      <Filter>Header Files</Filter>
    </ClInclude>
    <ClInclude Include="edge\services\CEConnectionServicing.hpp">
      <Filter>Header Files</Filter>
    </ClInclude>
    <ClInclude Include="edge\services\CEDirectMessagingClient.hpp">
      <Filter>Header Files</Filter>
    </ClInclude>
    <ClInclude Include="edge\services\CEDirectConnectionService.hpp">
      <Filter>Header Files</Filter>
    </ClInclude>
    <ClInclude Include="edge\services\CEDirectConnectionClient.hpp">
      <Filter>Header Files</Filter>
    </ClInclude>
    <ClInclude Include="edge\services\CEChatPrticipantHandler.hpp">
      <Filter>Header Files</Filter>
    </ClInclude>
    <ClInclude Include="edge\services\CEDirectChatService.hpp">
      <Filter>Header Files</Filter>
    </ClInclude>
    <ClInclude Include="edge\services\CEChatParticipantService.hpp">
      <Filter>Header Files</Filter>
    </ClInclude>
    <ClInclude Include="edge\services\CEConnectionHandler.hpp">
      <Filter>Header Files</Filter>
    </ClInclude>
    <ClInclude Include="edge\res\resource.h">
      <Filter>Header Files</Filter>
    </ClInclude>
    <ClInclude Include="edge\res\stdafx.h">
      <Filter>Header Files</Filter>
    </ClInclude>
    <ClInclude Include="edge\res\targetver.h">
      <Filter>Header Files</Filter>
    </ClInclude>
  </ItemGroup>
  <ItemGroup>
    <ClCompile Include="edge\CEDistrbutedApp.cpp">
      <Filter>Source Files</Filter>
    </ClCompile>
    <ClCompile Include="edge\NEDistributedApp.cpp">
      <Filter>Source Files</Filter>
    </ClCompile>
    <ClCompile Include="edge\ui\CEDistributedDialog.cpp">
      <Filter>Source Files</Filter>
    </ClCompile>
    <ClCompile Include="edge\ui\CEPageConnections.cpp">
      <Filter>Source Files</Filter>
    </ClCompile>
    <ClCompile Include="edge\ui\CEPageMessaging.cpp">
      <Filter>Source Files</Filter>
    </ClCompile>
    <ClCompile Include="edge\ui\CEPageNetworkSetup.cpp">
      <Filter>Source Files</Filter>
    </ClCompile>
    <ClCompile Include="edge\res\stdafx.cpp">
      <Filter>Source Files</Filter>
    </ClCompile>
    <ClCompile Include="edge\services\CECentralMessaging.cpp">
      <Filter>Source Files</Filter>
    </ClCompile>
    <ClCompile Include="edge\services\CEConnectionList.cpp">
      <Filter>Source Files</Filter>
    </ClCompile>
    <ClCompile Include="edge\services\CENetworkSetup.cpp">
      <Filter>Source Files</Filter>
    </ClCompile>
    <ClCompile Include="shared\generated\private\CECentralMessagerClientBase.cpp">
      <Filter>Source Files</Filter>
    </ClCompile>
    <ClCompile Include="shared\generated\private\CECentralMessagerProxy.cpp">
      <Filter>Source Files</Filter>
    </ClCompile>
    <ClCompile Include="shared\generated\private\CEConnectionManagerClientBase.cpp">
      <Filter>Source Files</Filter>
    </ClCompile>
    <ClCompile Include="shared\generated\private\CECentralMessagerEvents.cpp">
      <Filter>Source Files</Filter>
    </ClCompile>
    <ClCompile Include="shared\generated\private\CEConnectionManagerProxy.cpp">
      <Filter>Source Files</Filter>
    </ClCompile>
    <ClCompile Include="shared\generated\private\CEConnectionManagerEvents.cpp">
      <Filter>Source Files</Filter>
    </ClCompile>
    <ClCompile Include="shared\generated\private\CEDirectMessagerClientBase.cpp">
      <Filter>Source Files</Filter>
    </ClCompile>
    <ClCompile Include="shared\generated\private\CEDirectMessagerEvents.cpp">
      <Filter>Source Files</Filter>
    </ClCompile>
    <ClCompile Include="shared\generated\private\CEDirectMessagerProxy.cpp">
      <Filter>Source Files</Filter>
    </ClCompile>
    <ClCompile Include="shared\generated\private\CEDirectMessagerStub.cpp">
      <Filter>Source Files</Filter>
    </ClCompile>
    <ClCompile Include="shared\generated\private\NEDirectMessager.cpp">
      <Filter>Source Files</Filter>
    </ClCompile>
    <ClCompile Include="shared\generated\private\NECentralMessager.cpp">
      <Filter>Source Files</Filter>
    </ClCompile>
    <ClCompile Include="shared\generated\private\NEConnectionManager.cpp">
      <Filter>Source Files</Filter>
    </ClCompile>
    <ClCompile Include="shared\generated\private\CEDirectConnectionClientBase.cpp">
      <Filter>Source Files</Filter>
    </ClCompile>
    <ClCompile Include="shared\generated\private\CEDirectConnectionEvents.cpp">
      <Filter>Source Files</Filter>
    </ClCompile>
    <ClCompile Include="shared\generated\private\CEDirectConnectionProxy.cpp">
      <Filter>Source Files</Filter>
    </ClCompile>
    <ClCompile Include="shared\generated\private\CEDirectConnectionStub.cpp">
      <Filter>Source Files</Filter>
    </ClCompile>
    <ClCompile Include="shared\generated\private\NEDirectConnection.cpp">
      <Filter>Source Files</Filter>
    </ClCompile>
    <ClCompile Include="edge\ui\CEPageChat.cpp">
      <Filter>Source Files</Filter>
    </ClCompile>
    <ClCompile Include="edge\services\CEConnectionServicing.cpp">
      <Filter>Source Files</Filter>
    </ClCompile>
    <ClCompile Include="edge\services\CEDirectMessagingClient.cpp">
      <Filter>Source Files</Filter>
    </ClCompile>
    <ClCompile Include="edge\services\CEDirectConnectionService.cpp">
      <Filter>Source Files</Filter>
    </ClCompile>
    <ClCompile Include="edge\services\CEDirectConnectionClient.cpp">
      <Filter>Source Files</Filter>
    </ClCompile>
    <ClCompile Include="edge\services\CEChatPrticipantHandler.cpp">
      <Filter>Source Files</Filter>
    </ClCompile>
    <ClCompile Include="edge\services\CEDirectChatService.cpp">
      <Filter>Source Files</Filter>
    </ClCompile>
    <ClCompile Include="edge\services\CEChatParticipantService.cpp">
      <Filter>Source Files</Filter>
    </ClCompile>
    <ClCompile Include="edge\services\CEConnectionHandler.cpp">
      <Filter>Source Files</Filter>
    </ClCompile>
    <ClCompile Include="edge\res\stdafx.cpp">
      <Filter>Source Files</Filter>
    </ClCompile>
  </ItemGroup>
  <ItemGroup>
    <None Include="edge\res\edge.rc2">
      <Filter>Resource Files</Filter>
    </None>
    <None Include="resources\CentralMessager.siml">
      <Filter>Resource Files</Filter>
    </None>
    <None Include="resources\ConnectionManager.siml">
      <Filter>Resource Files</Filter>
    </None>
    <None Include="resources\DirectConnection.siml">
      <Filter>Resource Files</Filter>
    </None>
    <None Include="resources\DirectMessager.siml">
      <Filter>Resource Files</Filter>
    </None>
  </ItemGroup>
  <ItemGroup>
    <Image Include="edge\res\edge.ico">
      <Filter>Resource Files</Filter>
    </Image>
  </ItemGroup>
  <ItemGroup>
    <ResourceCompile Include="edge\res\edge.rc">
      <Filter>Resource Files</Filter>
    </ResourceCompile>
  </ItemGroup>
  <ItemGroup>
    <Text Include="edge\res\ReadMe.txt">
      <Filter>Resource Files</Filter>
    </Text>
  </ItemGroup>
</Project>