<?xml version="1.0" encoding="utf-8"?>
<Project ToolsVersion="4.0" xmlns="http://schemas.microsoft.com/developer/msbuild/2003">
  <ItemGroup>
    <Filter Include="Source Files">
      <UniqueIdentifier>{4FC737F1-C7A5-4376-A066-2A32D752A2FF}</UniqueIdentifier>
      <Extensions>cpp;c;cc;cxx;def;odl;idl;hpj;asm;asmx</Extensions>
    </Filter>
    <Filter Include="Header Files">
      <UniqueIdentifier>{93995380-89BD-4b04-88EB-625FBE52EBFB}</UniqueIdentifier>
      <Extensions>h;hpp;hxx;hm;inl;inc;xsd</Extensions>
    </Filter>
    <Filter Include="Resource Files">
      <UniqueIdentifier>{67DA6AB6-F800-4c08-8B7A-83BB121AAD01}</UniqueIdentifier>
      <Extensions>bat;rc;ico;cur;bmp;dlg;rc2;rct;bin;rgs;gif;jpg;jpeg;jpe;resx;tiff;tif;png;wav;mfcribbon-ms</Extensions>
    </Filter>
  </ItemGroup>
  <ItemGroup>
    <None Include="res\PowerManager.siml">
      <Filter>Resource Files</Filter>
    </None>
    <None Include="res\TrafficController.siml">
      <Filter>Resource Files</Filter>
    </None>
  </ItemGroup>
  <ItemGroup>
    <ClCompile Include="$(AregGenerateDir)examples\16_pubfsm\private\NEPowerManager.cpp">
      <Filter>Source Files</Filter>
    </ClCompile>
    <ClCompile Include="$(AregGenerateDir)examples\16_pubfsm\private\NETrafficController.cpp">
      <Filter>Source Files</Filter>
    </ClCompile>
    <ClCompile Include="$(AregGenerateDir)examples\16_pubfsm\private\PowerManagerClientBase.cpp">
      <Filter>Source Files</Filter>
    </ClCompile>
    <ClCompile Include="$(AregGenerateDir)examples\16_pubfsm\private\PowerManagerEvents.cpp">
      <Filter>Source Files</Filter>
    </ClCompile>
    <ClCompile Include="$(AregGenerateDir)examples\16_pubfsm\private\PowerManagerProxy.cpp">
      <Filter>Source Files</Filter>
    </ClCompile>
    <ClCompile Include="$(AregGenerateDir)examples\16_pubfsm\private\PowerManagerStub.cpp">
      <Filter>Source Files</Filter>
    </ClCompile>
    <ClCompile Include="$(AregGenerateDir)examples\16_pubfsm\private\TrafficControllerClientBase.cpp">
      <Filter>Source Files</Filter>
    </ClCompile>
    <ClCompile Include="$(AregGenerateDir)examples\16_pubfsm\private\TrafficControllerEvents.cpp">
      <Filter>Source Files</Filter>
    </ClCompile>
    <ClCompile Include="$(AregGenerateDir)examples\16_pubfsm\private\TrafficControllerProxy.cpp">
      <Filter>Source Files</Filter>
    </ClCompile>
    <ClCompile Include="$(AregGenerateDir)examples\16_pubfsm\private\TrafficControllerStub.cpp">
      <Filter>Source Files</Filter>
    </ClCompile>
  </ItemGroup>
  <ItemGroup>
    <ClInclude Include="$(AregGenerateDir)examples\16_pubfsm\private\PowerManagerEvents.hpp">
      <Filter>Header Files</Filter>
    </ClInclude>
    <ClInclude Include="$(AregGenerateDir)examples\16_pubfsm\private\PowerManagerProxy.hpp">
      <Filter>Header Files</Filter>
    </ClInclude>
    <ClInclude Include="$(AregGenerateDir)examples\16_pubfsm\private\TrafficControllerEvents.hpp">
      <Filter>Header Files</Filter>
    </ClInclude>
    <ClInclude Include="$(AregGenerateDir)examples\16_pubfsm\private\TrafficControllerProxy.hpp">
      <Filter>Header Files</Filter>
    </ClInclude>
    <ClInclude Include="$(AregGenerateDir)examples\16_pubfsm\NEPowerManager.hpp">
      <Filter>Header Files</Filter>
    </ClInclude>
    <ClInclude Include="$(AregGenerateDir)examples\16_pubfsm\NETrafficController.hpp">
      <Filter>Header Files</Filter>
    </ClInclude>
    <ClInclude Include="$(AregGenerateDir)examples\16_pubfsm\PowerManagerClientBase.hpp">
      <Filter>Header Files</Filter>
    </ClInclude>
    <ClInclude Include="$(AregGenerateDir)examples\16_pubfsm\PowerManagerStub.hpp">
      <Filter>Header Files</Filter>
    </ClInclude>
    <ClInclude Include="$(AregGenerateDir)examples\16_pubfsm\TrafficControllerClientBase.hpp">
      <Filter>Header Files</Filter>
    </ClInclude>
    <ClInclude Include="$(AregGenerateDir)examples\16_pubfsm\TrafficControllerStub.hpp">
      <Filter>Header Files</Filter>
    </ClInclude>
  </ItemGroup>
</Project>
