<?xml version="1.0" encoding="utf-8"?>
<Project ToolsVersion="4.0" xmlns="http://schemas.microsoft.com/developer/msbuild/2003">
  <ItemGroup>
    <Filter Include="Source Files">
      <UniqueIdentifier>{4FC737F1-C7A5-4376-A066-2A32D752A2FF}</UniqueIdentifier>
      <Extensions>cpp;c;cc;cxx;def;odl;idl;hpj;asm;asmx</Extensions>
    </Filter>
    <Filter Include="Header Files">
      <UniqueIdentifier>{93995380-89BD-4b04-88EB-625FBE52EBFB}</UniqueIdentifier>
      <Extensions>h;hpp;hxx;hm;inl;inc;xsd</Extensions>
    </Filter>
    <Filter Include="Resource Files">
      <UniqueIdentifier>{67DA6AB6-F800-4c08-8B7A-83BB121AAD01}</UniqueIdentifier>
      <Extensions>bat;rc;ico;cur;bmp;dlg;rc2;rct;bin;rgs;gif;jpg;jpeg;jpe;resx;tiff;tif;png;wav;mfcribbon-ms</Extensions>
    </Filter>
  </ItemGroup>
  <ItemGroup>
    <ClCompile Include="generated\src\private\IETrafficLightActionHandler.cpp">
      <Filter>Source Files</Filter>
    </ClCompile>
    <ClCompile Include="generated\src\private\NETrafficLightFSM.cpp">
      <Filter>Source Files</Filter>
    </ClCompile>
    <ClCompile Include="generated\src\private\TrafficLightFSM.cpp">
      <Filter>Source Files</Filter>
    </ClCompile>
    <ClCompile Include="generated\src\private\NEPowerManager.cpp">
      <Filter>Source Files</Filter>
    </ClCompile>
    <ClCompile Include="generated\src\private\NETrafficController.cpp">
      <Filter>Source Files</Filter>
    </ClCompile>
    <ClCompile Include="generated\src\private\PowerManagerClientBase.cpp">
      <Filter>Source Files</Filter>
    </ClCompile>
    <ClCompile Include="generated\src\private\PowerManagerEvents.cpp">
      <Filter>Source Files</Filter>
    </ClCompile>
    <ClCompile Include="generated\src\private\PowerManagerProxy.cpp">
      <Filter>Source Files</Filter>
    </ClCompile>
    <ClCompile Include="generated\src\private\PowerManagerStub.cpp">
      <Filter>Source Files</Filter>
    </ClCompile>
    <ClCompile Include="generated\src\private\TrafficControllerClientBase.cpp">
      <Filter>Source Files</Filter>
    </ClCompile>
    <ClCompile Include="generated\src\private\TrafficControllerEvents.cpp">
      <Filter>Source Files</Filter>
    </ClCompile>
    <ClCompile Include="generated\src\private\TrafficControllerProxy.cpp">
      <Filter>Source Files</Filter>
    </ClCompile>
    <ClCompile Include="generated\src\private\TrafficControllerStub.cpp">
      <Filter>Source Files</Filter>
    </ClCompile>
  </ItemGroup>
  <ItemGroup>
    <ClInclude Include="generated\src\private\IETrafficLightActionHandler.hpp">
      <Filter>Header Files</Filter>
    </ClInclude>
    <ClInclude Include="generated\src\private\NETrafficLightFSM.hpp">
      <Filter>Header Files</Filter>
    </ClInclude>
    <ClInclude Include="generated\src\private\TrafficLightFSM.hpp">
      <Filter>Header Files</Filter>
    </ClInclude>
    <ClInclude Include="generated\src\private\PowerManagerEvents.hpp">
      <Filter>Header Files</Filter>
    </ClInclude>
    <ClInclude Include="generated\src\private\PowerManagerProxy.hpp">
      <Filter>Header Files</Filter>
    </ClInclude>
    <ClInclude Include="generated\src\private\TrafficControllerEvents.hpp">
      <Filter>Header Files</Filter>
    </ClInclude>
    <ClInclude Include="generated\src\private\TrafficControllerProxy.hpp">
      <Filter>Header Files</Filter>
    </ClInclude>
    <ClInclude Include="generated\src\NEPowerManager.hpp">
      <Filter>Header Files</Filter>
    </ClInclude>
    <ClInclude Include="generated\src\NETrafficController.hpp">
      <Filter>Header Files</Filter>
    </ClInclude>
    <ClInclude Include="generated\src\PowerManagerClientBase.hpp">
      <Filter>Header Files</Filter>
    </ClInclude>
    <ClInclude Include="generated\src\PowerManagerStub.hpp">
      <Filter>Header Files</Filter>
    </ClInclude>
    <ClInclude Include="generated\src\TrafficControllerClientBase.hpp">
      <Filter>Header Files</Filter>
    </ClInclude>
    <ClInclude Include="generated\src\TrafficControllerStub.hpp">
      <Filter>Header Files</Filter>
    </ClInclude>
    <ClInclude Include="generated\src\NECommon.hpp">
      <Filter>Header Files</Filter>
    </ClInclude>
  </ItemGroup>
  <ItemGroup>
    <Text Include="generated\CMakeLists.txt" />
    <Text Include="generated\src\private\CMakeLists.txt" />
  </ItemGroup>
  <ItemGroup>
    <None Include="res\PowerManager.siml" />
    <None Include="res\TrafficController.siml" />
  </ItemGroup>
</Project>