<?xml version="1.0" encoding="utf-8"?>
<Project ToolsVersion="4.0" xmlns="http://schemas.microsoft.com/developer/msbuild/2003">
  <ItemGroup>
    <Filter Include="Source Files">
      <UniqueIdentifier>{96C3A071-CEB7-489F-A9C3-3C071BA9284C}</UniqueIdentifier>
      <Extensions>cpp;c;cc;cxx;def;odl;idl;hpj;asm;asmx</Extensions>
    </Filter>
    <Filter Include="Header Files">
      <UniqueIdentifier>{318BC744-5FC1-4D32-A998-4DCE322D0437}</UniqueIdentifier>
      <Extensions>h;hpp;hxx;hm;inl;inc;xsd</Extensions>
    </Filter>
    <Filter Include="Resource Files">
      <UniqueIdentifier>{66276831-F50E-4B4E-A0B2-653371A46408}</UniqueIdentifier>
      <Extensions>bat;rc;ico;cur;bmp;dlg;rc2;rct;bin;rgs;gif;jpg;jpeg;jpe;resx;tiff;tif;png;wav;mfcribbon-ms</Extensions>
    </Filter>
  </ItemGroup>
  <ItemGroup>
    <ClInclude Include="common\src\NECommon.hpp">
      <Filter>Header Files</Filter>
    </ClInclude>
    <ClInclude Include="common\src\Publisher.hpp">
      <Filter>Header Files</Filter>
    </ClInclude>
    <ClInclude Include="common\src\Subscriber.hpp">
      <Filter>Header Files</Filter>
    </ClInclude>
    <ClInclude Include="common\src\PubSubMixed.hpp">
      <Filter>Header Files</Filter>
    </ClInclude>
  </ItemGroup>
  <ItemGroup>
    <ClCompile Include="common\src\Publisher.cpp">
      <Filter>Source Files</Filter>
    </ClCompile>
    <ClCompile Include="common\src\Subscriber.cpp">
      <Filter>Source Files</Filter>
    </ClCompile>
    <ClCompile Include="common\src\NECommon.cpp">
      <Filter>Source Files</Filter>
    </ClCompile>
    <ClCompile Include="common\src\PubSubMixed.cpp">
      <Filter>Source Files</Filter>
    </ClCompile>
  </ItemGroup>
</Project>