<?xml version="1.0" encoding="utf-8"?>
<Project ToolsVersion="17.0" xmlns="http://schemas.microsoft.com/developer/msbuild/2003">
  <ItemGroup>
    <CustomBuild Include="C:\projects\areg-sdk\build_check\CMakeFiles\b24ea8c604c3bb3c8ead8ce86b39930f\INSTALL_force.rule">
      <Filter>CMake Rules</Filter>
    </CustomBuild>
  </ItemGroup>
  <ItemGroup>
    <Filter Include="CMake Rules">
      <UniqueIdentifier>{B9F20B85-CE56-3C64-9092-B91FB7417B3F}</UniqueIdentifier>
    </Filter>
  </ItemGroup>
</Project>
