<?xml version="1.0" encoding="utf-8"?>
<Project ToolsVersion="4.0" xmlns="http://schemas.microsoft.com/developer/msbuild/2003">
  <ItemGroup>
    <Filter Include="Source Files">
      <UniqueIdentifier>{42667E03-EB69-46B4-882D-E068C18095EA}</UniqueIdentifier>
      <Extensions>cpp;c;cc;cxx;def;odl;idl;hpj;asm;asmx</Extensions>
    </Filter>
    <Filter Include="Header Files">
      <UniqueIdentifier>{CCA1AF51-9BBB-40DD-85A3-F1F16A897087}</UniqueIdentifier>
      <Extensions>h;hpp;hxx;hm;inl;inc;xsd</Extensions>
    </Filter>
    <Filter Include="Resource Files">
      <UniqueIdentifier>{E5D337AB-090F-49B3-B4A2-FF4FB4B8C6A8}</UniqueIdentifier>
      <Extensions>bat;rc;ico;cur;bmp;dlg;rc2;rct;bin;rgs;gif;jpg;jpeg;jpe;resx;tiff;tif;png;wav;mfcribbon-ms</Extensions>
    </Filter>
  </ItemGroup>
  <ItemGroup>
    <ClCompile Include="pubservice\src\main.cpp">
      <Filter>Source Files</Filter>
    </ClCompile>
    <ClCompile Include="pubservice\src\ServicingComponent.cpp">
      <Filter>Source Files</Filter>
    </ClCompile>
    <ClCompile Include="pubservice\src\NEUtilities.cpp">
      <Filter>Source Files</Filter>
    </ClCompile>
  </ItemGroup>
  <ItemGroup>
    <ClInclude Include="pubservice\src\ServicingComponent.hpp">
      <Filter>Header Files</Filter>
    </ClInclude>
    <ClInclude Include="common\NELargeData.hpp">
      <Filter>Header Files</Filter>
    </ClInclude>
    <ClInclude Include="common\SimpleBitmap.hpp">
      <Filter>Header Files</Filter>
    </ClInclude>
    <ClInclude Include="pubservice\src\NEUtilities.hpp">
      <Filter>Header Files</Filter>
    </ClInclude>
  </ItemGroup>
</Project>