<?xml version="1.0" encoding="utf-8"?>
<Project ToolsVersion="4.0" xmlns="http://schemas.microsoft.com/developer/msbuild/2003">
  <ItemGroup>
    <Filter Include="Source Files">
      <UniqueIdentifier>{BDB6E408-D718-441F-8366-014F2F188A7B}</UniqueIdentifier>
      <Extensions>cpp;c;cc;cxx;def;odl;idl;hpj;asm;asmx</Extensions>
    </Filter>
    <Filter Include="Header Files">
      <UniqueIdentifier>{3E3383B4-DC6A-427A-B534-3C2CD2DE3E56}</UniqueIdentifier>
      <Extensions>h;hpp;hxx;hm;inl;inc;xsd</Extensions>
    </Filter>
    <Filter Include="Resource Files">
      <UniqueIdentifier>{89BF4B87-AF81-4E5C-8B63-377A77F54E91}</UniqueIdentifier>
      <Extensions>bat;rc;ico;cur;bmp;dlg;rc2;rct;bin;rgs;gif;jpg;jpeg;jpe;resx;tiff;tif;png;wav;mfcribbon-ms</Extensions>
    </Filter>
  </ItemGroup>
  <ItemGroup>
    <None Include="res\PubSub.siml">
      <Filter>Resource Files</Filter>
    </None>
  </ItemGroup>
  <ItemGroup>
    <ClCompile Include="$(AregGenerateDir)examples\22_pubsub\private\NEPubSub.cpp">
      <Filter>Source Files</Filter>
    </ClCompile>
    <ClCompile Include="$(AregGenerateDir)examples\22_pubsub\private\PubSubClientBase.cpp">
      <Filter>Source Files</Filter>
    </ClCompile>
    <ClCompile Include="$(AregGenerateDir)examples\22_pubsub\private\PubSubEvents.cpp">
      <Filter>Source Files</Filter>
    </ClCompile>
    <ClCompile Include="$(AregGenerateDir)examples\22_pubsub\private\PubSubProxy.cpp">
      <Filter>Source Files</Filter>
    </ClCompile>
    <ClCompile Include="$(AregGenerateDir)examples\22_pubsub\private\PubSubStub.cpp">
      <Filter>Source Files</Filter>
    </ClCompile>
  </ItemGroup>
  <ItemGroup>
    <ClInclude Include="$(AregGenerateDir)examples\22_pubsub\private\PubSubEvents.hpp">
      <Filter>Header Files</Filter>
    </ClInclude>
    <ClInclude Include="$(AregGenerateDir)examples\22_pubsub\private\PubSubProxy.hpp">
      <Filter>Header Files</Filter>
    </ClInclude>
    <ClInclude Include="$(AregGenerateDir)examples\22_pubsub\NEPubSub.hpp">
      <Filter>Header Files</Filter>
    </ClInclude>
    <ClInclude Include="$(AregGenerateDir)examples\22_pubsub\PubSubClientBase.hpp">
      <Filter>Header Files</Filter>
    </ClInclude>
    <ClInclude Include="$(AregGenerateDir)examples\22_pubsub\PubSubStub.hpp">
      <Filter>Header Files</Filter>
    </ClInclude>
  </ItemGroup>
</Project>