<?xml version="1.0" encoding="utf-8"?>
<Project ToolsVersion="4.0" xmlns="http://schemas.microsoft.com/developer/msbuild/2003">
  <ItemGroup>
    <Filter Include="Source Files">
      <UniqueIdentifier>{EFFED2DF-0A8A-4807-9E55-81C3F60CE030}</UniqueIdentifier>
      <Extensions>cpp;c;cc;cxx;def;odl;idl;hpj;asm;asmx</Extensions>
    </Filter>
    <Filter Include="Header Files">
      <UniqueIdentifier>{84455364-D280-4BB9-B30C-B98AA5EB87A8}</UniqueIdentifier>
      <Extensions>h;hpp;hxx;hm;inl;inc;xsd</Extensions>
    </Filter>
    <Filter Include="Resource Files">
      <UniqueIdentifier>{8A37A740-2D34-439C-B836-0DFEFE4F0EC1}</UniqueIdentifier>
      <Extensions>bat;rc;ico;cur;bmp;dlg;rc2;rct;bin;rgs;gif;jpg;jpeg;jpe;resx;tiff;tif;png;wav;mfcribbon-ms</Extensions>
    </Filter>
  </ItemGroup>
  <ItemGroup>
    <None Include="res\HelloWatchdog.siml" />
  </ItemGroup>
  <ItemGroup>
    <ClCompile Include="$(AregGenerateDir)\examples\19_pubwatchdog\private\HelloWatchdogClientBase.cpp">
      <Filter>Source Files</Filter>
    </ClCompile>
    <ClCompile Include="$(AregGenerateDir)\examples\19_pubwatchdog\private\HelloWatchdogEvents.cpp">
      <Filter>Source Files</Filter>
    </ClCompile>
    <ClCompile Include="$(AregGenerateDir)\examples\19_pubwatchdog\private\HelloWatchdogProxy.cpp">
      <Filter>Source Files</Filter>
    </ClCompile>
    <ClCompile Include="$(AregGenerateDir)\examples\19_pubwatchdog\private\HelloWatchdogStub.cpp">
      <Filter>Source Files</Filter>
    </ClCompile>
    <ClCompile Include="$(AregGenerateDir)\examples\19_pubwatchdog\private\NEHelloWatchdog.cpp">
      <Filter>Source Files</Filter>
    </ClCompile>
  </ItemGroup>
  <ItemGroup>
    <ClInclude Include="$(AregGenerateDir)\examples\19_pubwatchdog\private\HelloWatchdogEvents.hpp">
      <Filter>Header Files</Filter>
    </ClInclude>
    <ClInclude Include="$(AregGenerateDir)\examples\19_pubwatchdog\private\HelloWatchdogProxy.hpp">
      <Filter>Header Files</Filter>
    </ClInclude>
    <ClInclude Include="$(AregGenerateDir)\examples\19_pubwatchdog\HelloWatchdogClientBase.hpp">
      <Filter>Header Files</Filter>
    </ClInclude>
    <ClInclude Include="$(AregGenerateDir)\examples\19_pubwatchdog\HelloWatchdogStub.hpp">
      <Filter>Header Files</Filter>
    </ClInclude>
    <ClInclude Include="$(AregGenerateDir)\examples\19_pubwatchdog\NEHelloWatchdog.hpp">
      <Filter>Header Files</Filter>
    </ClInclude>
  </ItemGroup>
</Project>