<?xml version="1.0" encoding="utf-8"?>
<Project ToolsVersion="4.0" xmlns="http://schemas.microsoft.com/developer/msbuild/2003">
  <ItemGroup>
    <Filter Include="Source Files">
      <UniqueIdentifier>{50001790-7692-4470-BDC8-3F395DA61B56}</UniqueIdentifier>
      <Extensions>cpp;c;cc;cxx;def;odl;idl;hpj;asm;asmx</Extensions>
    </Filter>
    <Filter Include="Header Files">
      <UniqueIdentifier>{1E44BBFB-F26F-4908-A80A-179F9A6A7E06}</UniqueIdentifier>
      <Extensions>h;hpp;hxx;hm;inl;inc;xsd</Extensions>
    </Filter>
    <Filter Include="Resource Files">
      <UniqueIdentifier>{8C2D7544-0AFD-4EAD-A6BD-0B98583A5BE5}</UniqueIdentifier>
      <Extensions>bat;rc;ico;cur;bmp;dlg;rc2;rct;bin;rgs;gif;jpg;jpeg;jpe;resx;tiff;tif;png;wav;mfcribbon-ms</Extensions>
    </Filter>
  </ItemGroup>
  <ItemGroup>
    <ClCompile Include="$(AregGenerateDir)\examples\24_pubsubmulti\private\NEPubSub.cpp">
      <Filter>Source Files</Filter>
    </ClCompile>
    <ClCompile Include="$(AregGenerateDir)\examples\24_pubsubmulti\private\PubSubClientBase.cpp">
      <Filter>Source Files</Filter>
    </ClCompile>
    <ClCompile Include="$(AregGenerateDir)\examples\24_pubsubmulti\private\PubSubEvents.cpp">
      <Filter>Source Files</Filter>
    </ClCompile>
    <ClCompile Include="$(AregGenerateDir)\examples\24_pubsubmulti\private\PubSubProxy.cpp">
      <Filter>Source Files</Filter>
    </ClCompile>
    <ClCompile Include="$(AregGenerateDir)\examples\24_pubsubmulti\private\PubSubStub.cpp">
      <Filter>Source Files</Filter>
    </ClCompile>
  </ItemGroup>
  <ItemGroup>
    <ClInclude Include="$(AregGenerateDir)\examples\24_pubsubmulti\private\PubSubEvents.hpp">
      <Filter>Header Files</Filter>
    </ClInclude>
    <ClInclude Include="$(AregGenerateDir)\examples\24_pubsubmulti\private\PubSubProxy.hpp">
      <Filter>Header Files</Filter>
    </ClInclude>
    <ClInclude Include="$(AregGenerateDir)\examples\24_pubsubmulti\NEPubSub.hpp">
      <Filter>Header Files</Filter>
    </ClInclude>
    <ClInclude Include="$(AregGenerateDir)\examples\24_pubsubmulti\PubSubClientBase.hpp">
      <Filter>Header Files</Filter>
    </ClInclude>
    <ClInclude Include="$(AregGenerateDir)\examples\24_pubsubmulti\PubSubStub.hpp">
      <Filter>Header Files</Filter>
    </ClInclude>
  </ItemGroup>
  <ItemGroup>
    <None Include="res\PubSub.siml" />
  </ItemGroup>
</Project>