<?xml version="1.0" encoding="utf-8"?>
<Project ToolsVersion="4.0" xmlns="http://schemas.microsoft.com/developer/msbuild/2003">
  <ItemGroup>
    <Filter Include="Source Files">
      <UniqueIdentifier>{4FC737F1-C7A5-4376-A066-2A32D752A2FF}</UniqueIdentifier>
      <Extensions>cpp;c;cc;cxx;def;odl;idl;hpj;asm;asmx</Extensions>
    </Filter>
    <Filter Include="Header Files">
      <UniqueIdentifier>{93995380-89BD-4b04-88EB-625FBE52EBFB}</UniqueIdentifier>
      <Extensions>h;hpp;hxx;hm;inl;inc;xsd</Extensions>
    </Filter>
    <Filter Include="Resource Files">
      <UniqueIdentifier>{67DA6AB6-F800-4c08-8B7A-83BB121AAD01}</UniqueIdentifier>
      <Extensions>bat;rc;ico;cur;bmp;dlg;rc2;rct;bin;rgs;gif;jpg;jpeg;jpe;resx;tiff;tif;png;wav;mfcribbon-ms</Extensions>
    </Filter>
  </ItemGroup>
  <ItemGroup>
    <None Include="services\LocalHelloWorld.siml" />
    <None Include="services\PublicHelloWorld.siml" />
    <None Include="services\SystemShutdown.siml" />
  </ItemGroup>
  <ItemGroup>
    <ClCompile Include="$(AregGenerateDir)examples\16_pubmesh\services\private\LocalHelloWorldClientBase.cpp">
      <Filter>Source Files</Filter>
    </ClCompile>
    <ClCompile Include="$(AregGenerateDir)examples\16_pubmesh\services\private\LocalHelloWorldEvents.cpp">
      <Filter>Source Files</Filter>
    </ClCompile>
    <ClCompile Include="$(AregGenerateDir)examples\16_pubmesh\services\private\LocalHelloWorldProxy.cpp">
      <Filter>Source Files</Filter>
    </ClCompile>
    <ClCompile Include="$(AregGenerateDir)examples\16_pubmesh\services\private\LocalHelloWorldStub.cpp">
      <Filter>Source Files</Filter>
    </ClCompile>
    <ClCompile Include="$(AregGenerateDir)examples\16_pubmesh\services\private\NELocalHelloWorld.cpp">
      <Filter>Source Files</Filter>
    </ClCompile>
    <ClCompile Include="$(AregGenerateDir)examples\16_pubmesh\services\private\NEPublicHelloWorld.cpp">
      <Filter>Source Files</Filter>
    </ClCompile>
    <ClCompile Include="$(AregGenerateDir)examples\16_pubmesh\services\private\NESystemShutdown.cpp">
      <Filter>Source Files</Filter>
    </ClCompile>
    <ClCompile Include="$(AregGenerateDir)examples\16_pubmesh\services\private\PublicHelloWorldClientBase.cpp">
      <Filter>Source Files</Filter>
    </ClCompile>
    <ClCompile Include="$(AregGenerateDir)examples\16_pubmesh\services\private\PublicHelloWorldEvents.cpp">
      <Filter>Source Files</Filter>
    </ClCompile>
    <ClCompile Include="$(AregGenerateDir)examples\16_pubmesh\services\private\PublicHelloWorldProxy.cpp">
      <Filter>Source Files</Filter>
    </ClCompile>
    <ClCompile Include="$(AregGenerateDir)examples\16_pubmesh\services\private\PublicHelloWorldStub.cpp">
      <Filter>Source Files</Filter>
    </ClCompile>
    <ClCompile Include="$(AregGenerateDir)examples\16_pubmesh\services\private\SystemShutdownClientBase.cpp">
      <Filter>Source Files</Filter>
    </ClCompile>
    <ClCompile Include="$(AregGenerateDir)examples\16_pubmesh\services\private\SystemShutdownEvents.cpp">
      <Filter>Source Files</Filter>
    </ClCompile>
    <ClCompile Include="$(AregGenerateDir)examples\16_pubmesh\services\private\SystemShutdownProxy.cpp">
      <Filter>Source Files</Filter>
    </ClCompile>
    <ClCompile Include="$(AregGenerateDir)examples\16_pubmesh\services\private\SystemShutdownStub.cpp">
      <Filter>Source Files</Filter>
    </ClCompile>
  </ItemGroup>
  <ItemGroup>
    <ClInclude Include="$(AregGenerateDir)examples\16_pubmesh\services\private\LocalHelloWorldEvents.hpp">
      <Filter>Header Files</Filter>
    </ClInclude>
    <ClInclude Include="$(AregGenerateDir)examples\16_pubmesh\services\private\LocalHelloWorldProxy.hpp">
      <Filter>Header Files</Filter>
    </ClInclude>
    <ClInclude Include="$(AregGenerateDir)examples\16_pubmesh\services\private\PublicHelloWorldEvents.hpp">
      <Filter>Header Files</Filter>
    </ClInclude>
    <ClInclude Include="$(AregGenerateDir)examples\16_pubmesh\services\private\PublicHelloWorldProxy.hpp">
      <Filter>Header Files</Filter>
    </ClInclude>
    <ClInclude Include="$(AregGenerateDir)examples\16_pubmesh\services\private\SystemShutdownEvents.hpp">
      <Filter>Header Files</Filter>
    </ClInclude>
    <ClInclude Include="$(AregGenerateDir)examples\16_pubmesh\services\private\SystemShutdownProxy.hpp">
      <Filter>Header Files</Filter>
    </ClInclude>
    <ClInclude Include="$(AregGenerateDir)examples\16_pubmesh\services\LocalHelloWorldClientBase.hpp">
      <Filter>Header Files</Filter>
    </ClInclude>
    <ClInclude Include="$(AregGenerateDir)examples\16_pubmesh\services\LocalHelloWorldStub.hpp">
      <Filter>Header Files</Filter>
    </ClInclude>
    <ClInclude Include="$(AregGenerateDir)examples\16_pubmesh\services\NELocalHelloWorld.hpp">
      <Filter>Header Files</Filter>
    </ClInclude>
    <ClInclude Include="$(AregGenerateDir)examples\16_pubmesh\services\NEPublicHelloWorld.hpp">
      <Filter>Header Files</Filter>
    </ClInclude>
    <ClInclude Include="$(AregGenerateDir)examples\16_pubmesh\services\NESystemShutdown.hpp">
      <Filter>Header Files</Filter>
    </ClInclude>
    <ClInclude Include="$(AregGenerateDir)examples\16_pubmesh\services\PublicHelloWorldClientBase.hpp">
      <Filter>Header Files</Filter>
    </ClInclude>
    <ClInclude Include="$(AregGenerateDir)examples\16_pubmesh\services\PublicHelloWorldStub.hpp">
      <Filter>Header Files</Filter>
    </ClInclude>
    <ClInclude Include="$(AregGenerateDir)examples\16_pubmesh\services\SystemShutdownClientBase.hpp">
      <Filter>Header Files</Filter>
    </ClInclude>
    <ClInclude Include="$(AregGenerateDir)examples\16_pubmesh\services\SystemShutdownStub.hpp">
      <Filter>Header Files</Filter>
    </ClInclude>
  </ItemGroup>
</Project>
