
Microsoft Visual Studio Solution File, Format Version 12.00
# Visual Studio Version 17
Project("{2150E333-8FDC-42A3-9474-1A3956D46DE8}") = "CMakePredefinedTargets", "CMakePredefinedTargets", "{C5010A84-C276-3AEF-AE75-30C406F6DCDC}"
EndProject
Project("{2150E333-8FDC-42A3-9474-1A3956D46DE8}") = "ExternalProjectTargets", "ExternalProjectTargets", "{2410ED1B-159D-3E32-8B58-54BC22AF4BEE}"
EndProject
Project("{2150E333-8FDC-42A3-9474-1A3956D46DE8}") = "googletest-populate", "ExternalProjectTargets\googletest-populate", "{90261D02-7B22-336C-9007-3B98ACFDAC14}"
EndProject
Project("{8BC9CEB8-8B4A-11D0-8D11-00A0C91BC942}") = "ALL_BUILD", "ALL_BUILD.vcxproj", "{B79E4057-AC8D-34C0-A501-CDCA1D5C645B}"
	ProjectSection(ProjectDependencies) = postProject
		{52B1B619-6994-36C4-ADE2-1B3CDA16316D} = {52B1B619-6994-36C4-ADE2-1B3CDA16316D}
		{875540E6-5311-3E0B-B742-FEF6A21BE3DA} = {875540E6-5311-3E0B-B742-FEF6A21BE3DA}
	EndProjectSection
EndProject
Project("{8BC9CEB8-8B4A-11D0-8D11-00A0C91BC942}") = "ZERO_CHECK", "ZERO_CHECK.vcxproj", "{52B1B619-6994-36C4-ADE2-1B3CDA16316D}"
	ProjectSection(ProjectDependencies) = postProject
	EndProjectSection
EndProject
Project("{8BC9CEB8-8B4A-11D0-8D11-00A0C91BC942}") = "googletest-populate", "googletest-populate.vcxproj", "{875540E6-5311-3E0B-B742-FEF6A21BE3DA}"
	ProjectSection(ProjectDependencies) = postProject
		{52B1B619-6994-36C4-ADE2-1B3CDA16316D} = {52B1B619-6994-36C4-ADE2-1B3CDA16316D}
	EndProjectSection
EndProject
Global
	GlobalSection(SolutionConfigurationPlatforms) = preSolution
		Debug|x64 = Debug|x64
	EndGlobalSection
	GlobalSection(ProjectConfigurationPlatforms) = postSolution
		{B79E4057-AC8D-34C0-A501-CDCA1D5C645B}.Debug|x64.ActiveCfg = Debug|x64
		{52B1B619-6994-36C4-ADE2-1B3CDA16316D}.Debug|x64.ActiveCfg = Debug|x64
		{52B1B619-6994-36C4-ADE2-1B3CDA16316D}.Debug|x64.Build.0 = Debug|x64
		{875540E6-5311-3E0B-B742-FEF6A21BE3DA}.Debug|x64.ActiveCfg = Debug|x64
		{875540E6-5311-3E0B-B742-FEF6A21BE3DA}.Debug|x64.Build.0 = Debug|x64
	EndGlobalSection
	GlobalSection(NestedProjects) = preSolution
		{B79E4057-AC8D-34C0-A501-CDCA1D5C645B} = {C5010A84-C276-3AEF-AE75-30C406F6DCDC}
		{52B1B619-6994-36C4-ADE2-1B3CDA16316D} = {C5010A84-C276-3AEF-AE75-30C406F6DCDC}
		{90261D02-7B22-336C-9007-3B98ACFDAC14} = {2410ED1B-159D-3E32-8B58-54BC22AF4BEE}
		{875540E6-5311-3E0B-B742-FEF6A21BE3DA} = {90261D02-7B22-336C-9007-3B98ACFDAC14}
	EndGlobalSection
	GlobalSection(ExtensibilityGlobals) = postSolution
		SolutionGuid = {015A6CFE-427E-33CA-9AB6-C83B02E6E48F}
	EndGlobalSection
	GlobalSection(ExtensibilityAddIns) = postSolution
	EndGlobalSection
EndGlobal
