<?xml version="1.0" encoding="utf-8"?>
<Project ToolsVersion="4.0" xmlns="http://schemas.microsoft.com/developer/msbuild/2003">
  <ItemGroup>
    <Filter Include="Source Files">
      <UniqueIdentifier>{D5205565-188A-4B51-840B-8C0F6DA1F135}</UniqueIdentifier>
      <Extensions>cpp;c;cc;cxx;def;odl;idl;hpj;asm;asmx</Extensions>
    </Filter>
    <Filter Include="Header Files">
      <UniqueIdentifier>{28CDE948-1797-49D7-BBAA-9A81676E7F31}</UniqueIdentifier>
      <Extensions>h;hpp;hxx;hm;inl;inc;xsd</Extensions>
    </Filter>
    <Filter Include="Resource Files">
      <UniqueIdentifier>{9CED9E5E-BC59-4826-AE13-09FFE2733CFF}</UniqueIdentifier>
      <Extensions>bat;rc;ico;cur;bmp;dlg;rc2;rct;bin;rgs;gif;jpg;jpeg;jpe;resx;tiff;tif;png;wav;mfcribbon-ms</Extensions>
    </Filter>
  </ItemGroup>
  <ItemGroup>
    <ClCompile Include="generated\src\private\LargeDataClientBase.cpp">
      <Filter>Source Files</Filter>
    </ClCompile>
    <ClCompile Include="generated\src\private\LargeDataEvents.cpp">
      <Filter>Source Files</Filter>
    </ClCompile>
    <ClCompile Include="generated\src\private\LargeDataProxy.cpp">
      <Filter>Source Files</Filter>
    </ClCompile>
    <ClCompile Include="generated\src\private\LargeDataStub.cpp">
      <Filter>Source Files</Filter>
    </ClCompile>
    <ClCompile Include="generated\src\private\NELargeData.cpp">
      <Filter>Source Files</Filter>
    </ClCompile>
    <ClCompile Include="generated\src\private\NEOptions.cpp">
      <Filter>Source Files</Filter>
    </ClCompile>
    <ClCompile Include="generated\src\private\OptionsClientBase.cpp">
      <Filter>Source Files</Filter>
    </ClCompile>
    <ClCompile Include="generated\src\private\OptionsEvents.cpp">
      <Filter>Source Files</Filter>
    </ClCompile>
    <ClCompile Include="generated\src\private\OptionsProxy.cpp">
      <Filter>Source Files</Filter>
    </ClCompile>
    <ClCompile Include="generated\src\private\OptionsStub.cpp">
      <Filter>Source Files</Filter>
    </ClCompile>
  </ItemGroup>
  <ItemGroup>
    <ClInclude Include="generated\src\private\LargeDataEvents.hpp">
      <Filter>Header Files</Filter>
    </ClInclude>
    <ClInclude Include="generated\src\private\LargeDataProxy.hpp">
      <Filter>Header Files</Filter>
    </ClInclude>
    <ClInclude Include="generated\src\private\OptionsEvents.hpp">
      <Filter>Header Files</Filter>
    </ClInclude>
    <ClInclude Include="generated\src\private\OptionsProxy.hpp">
      <Filter>Header Files</Filter>
    </ClInclude>
    <ClInclude Include="generated\src\LargeDataClientBase.hpp">
      <Filter>Header Files</Filter>
    </ClInclude>
    <ClInclude Include="generated\src\LargeDataStub.hpp">
      <Filter>Header Files</Filter>
    </ClInclude>
    <ClInclude Include="generated\src\NELargeData.hpp">
      <Filter>Header Files</Filter>
    </ClInclude>
    <ClInclude Include="generated\src\NEOptions.hpp">
      <Filter>Header Files</Filter>
    </ClInclude>
    <ClInclude Include="generated\src\OptionsClientBase.hpp">
      <Filter>Header Files</Filter>
    </ClInclude>
    <ClInclude Include="generated\src\OptionsStub.hpp">
      <Filter>Header Files</Filter>
    </ClInclude>
  </ItemGroup>
</Project>