<?xml version="1.0" encoding="utf-8"?>
<Project ToolsVersion="4.0" xmlns="http://schemas.microsoft.com/developer/msbuild/2003">
  <ItemGroup>
    <Filter Include="Header Files">
      <UniqueIdentifier>{CCC192C1-1124-4435-A03D-361F52413789}</UniqueIdentifier>
      <Extensions>h;hpp;hh;hxx;hm;inl;inc;xsd</Extensions>
    </Filter>
    <Filter Include="Resource Files">
      <UniqueIdentifier>{FB148DDA-9961-42E1-A199-1C33EFEA519C}</UniqueIdentifier>
      <Extensions>init;cfg;xml;bat;rc;ico;cur;bmp;dlg;rc2;rct;bin;rgs;gif;jpg;jpeg;jpe;resx;tiff;tif;png;wav;</Extensions>
    </Filter>
    <Filter Include="Source Files">
      <UniqueIdentifier>{B971DBA3-4F27-479C-99AC-93C0CA60A9EE}</UniqueIdentifier>
      <Extensions>cpp;c;cc;cxx;def;odl;idl;hpj;asm;asmx</Extensions>
    </Filter>
  </ItemGroup>
  <ItemGroup>
    <ClInclude Include="areglogger\client\LogObserverApi.h">
      <Filter>Header Files</Filter>
    </ClInclude>
    <ClInclude Include="areglogger\client\LogObserverSwitches.h">
      <Filter>Header Files</Filter>
    </ClInclude>
    <ClInclude Include="areglogger\client\private\LoggerClient.hpp">
      <Filter>Header Files</Filter>
    </ClInclude>
    <ClInclude Include="areglogger\client\private\ObserverMessageProcessor.hpp">
      <Filter>Header Files</Filter>
    </ClInclude>
    <ClInclude Include="areglogger\resources\resource.h">
      <Filter>Header Files</Filter>
    </ClInclude>
  </ItemGroup>
  <ItemGroup>
    <ClCompile Include="areglogger\client\private\LogObserverApi.cpp">
      <Filter>Source Files</Filter>
    </ClCompile>
    <ClCompile Include="areglogger\client\private\LoggerClient.cpp">
      <Filter>Source Files</Filter>
    </ClCompile>
    <ClCompile Include="areglogger\client\private\ObserverMessageProcessor.cpp">
      <Filter>Source Files</Filter>
    </ClCompile>
  </ItemGroup>
  <ItemGroup>
    <Text Include="areglogger\client\private\CMakeLists.txt">
      <Filter>Resource Files</Filter>
    </Text>
    <Text Include="areglogger\client\CMakeLists.txt">
      <Filter>Resource Files</Filter>
    </Text>
    <Text Include="areglogger\CMakeLists.txt" />
  </ItemGroup>
  <ItemGroup>
    <None Include="areglogger\resources\areglogger.def">
      <Filter>Source Files</Filter>
    </None>
  </ItemGroup>
  <ItemGroup>
    <ResourceCompile Include="areglogger\resources\areglogger.rc">
      <Filter>Resource Files</Filter>
    </ResourceCompile>
  </ItemGroup>
</Project>