<?xml version="1.0" encoding="utf-8"?>
<Project ToolsVersion="4.0" xmlns="http://schemas.microsoft.com/developer/msbuild/2003">
  <ItemGroup>
    <Filter Include="Source Files">
      <UniqueIdentifier>{DD59E193-56D5-47C2-9EBC-75D0979F2811}</UniqueIdentifier>
      <Extensions>cpp;c;cc;cxx;def;odl;idl;hpj;asm;asmx</Extensions>
    </Filter>
    <Filter Include="Header Files">
      <UniqueIdentifier>{5E01E6A6-6376-469E-8BAC-5D6B8A8B3B5E}</UniqueIdentifier>
      <Extensions>h;hpp;hxx;hm;inl;inc;xsd</Extensions>
    </Filter>
    <Filter Include="Resource Files">
      <UniqueIdentifier>{BC52E68F-16E5-45A9-942C-12D20410B749}</UniqueIdentifier>
      <Extensions>bat;rc;ico;cur;bmp;dlg;rc2;rct;bin;rgs;gif;jpg;jpeg;jpe;resx;tiff;tif;png;wav;mfcribbon-ms</Extensions>
    </Filter>
  </ItemGroup>
  <ItemGroup>
    <ClCompile Include="extensions\console\private\posix\ConsolePosix.cpp">
      <Filter>Source Files</Filter>
    </ClCompile>
    <ClCompile Include="extensions\console\private\win32\ConsoleWin32.cpp">
      <Filter>Source Files</Filter>
    </ClCompile>
    <ClCompile Include="extensions\console\private\Console.cpp">
      <Filter>Source Files</Filter>
    </ClCompile>
    <ClCompile Include="extensions\console\private\dummy\ConsoleDummy.cpp">
      <Filter>Source Files</Filter>
    </ClCompile>
  </ItemGroup>
  <ItemGroup>
    <ClInclude Include="extensions\console\Console.hpp">
      <Filter>Header Files</Filter>
    </ClInclude>
    <ClInclude Include="extensions\Extensions.hpp">
      <Filter>Header Files</Filter>
    </ClInclude>
  </ItemGroup>
  <ItemGroup>
    <Text Include="extensions\CMakeLists.txt" />
    <Text Include="extensions\console\private\CMakeLists.txt" />
  </ItemGroup>
</Project>