<?xml version="1.0" encoding="utf-8"?>
<Project ToolsVersion="4.0" xmlns="http://schemas.microsoft.com/developer/msbuild/2003">
  <ItemGroup>
    <Filter Include="Source Files">
      <UniqueIdentifier>{0A69B17E-4D88-4562-96F4-8425653209B6}</UniqueIdentifier>
      <Extensions>cpp;c;cc;cxx;def;odl;idl;hpj;asm;asmx</Extensions>
    </Filter>
    <Filter Include="Header Files">
      <UniqueIdentifier>{6DEEE46C-DE1B-4528-B7BD-0A24AB412EBD}</UniqueIdentifier>
      <Extensions>h;hpp;hxx;hm;inl;inc;xsd</Extensions>
    </Filter>
    <Filter Include="Resource Files">
      <UniqueIdentifier>{8937F316-ED3B-46FA-B1DE-5BF020145B0C}</UniqueIdentifier>
      <Extensions>bat;rc;ico;cur;bmp;dlg;rc2;rct;bin;rgs;gif;jpg;jpeg;jpe;resx;tiff;tif;png;wav;mfcribbon-ms</Extensions>
    </Filter>
  </ItemGroup>
  <ItemGroup>
    <ClInclude Include="service\connectivity\IEServiceConnectionHandler.hpp">
      <Filter>Header Files</Filter>
    </ClInclude>
    <ClInclude Include="service\connectivity\ServerConnection.hpp">
      <Filter>Header Files</Filter>
    </ClInclude>
    <ClInclude Include="service\connectivity\ServerReceiveThread.hpp">
      <Filter>Header Files</Filter>
    </ClInclude>
    <ClInclude Include="service\connectivity\ServerSendThread.hpp">
      <Filter>Header Files</Filter>
    </ClInclude>
    <ClInclude Include="service\connectivity\ServiceCommunicatonBase.hpp">
      <Filter>Header Files</Filter>
    </ClInclude>
    <ClInclude Include="service\base\ServiceBase.hpp">
      <Filter>Header Files</Filter>
    </ClInclude>
    <ClInclude Include="service\connectivity\IEServiceMessageDispatcher.hpp">
      <Filter>Header Files</Filter>
    </ClInclude>
  </ItemGroup>
  <ItemGroup>
    <ClCompile Include="service\connectivity\private\ServerConnection.cpp">
      <Filter>Source Files</Filter>
    </ClCompile>
    <ClCompile Include="service\connectivity\private\ServerReceiveThread.cpp">
      <Filter>Source Files</Filter>
    </ClCompile>
    <ClCompile Include="service\connectivity\private\ServerSendThread.cpp">
      <Filter>Source Files</Filter>
    </ClCompile>
    <ClCompile Include="service\connectivity\private\ServiceCommunicatonBase.cpp">
      <Filter>Source Files</Filter>
    </ClCompile>
    <ClCompile Include="service\base\private\ServiceBase.cpp">
      <Filter>Source Files</Filter>
    </ClCompile>
    <ClCompile Include="service\base\private\posix\MulticastRouterPosix.cpp">
      <Filter>Source Files</Filter>
    </ClCompile>
    <ClCompile Include="service\base\private\win32\MulticastRouterWin32.cpp">
      <Filter>Source Files</Filter>
    </ClCompile>
    <ClCompile Include="service\connectivity\private\IEServiceConnectionHandler.cpp">
      <Filter>Source Files</Filter>
    </ClCompile>
    <ClCompile Include="service\connectivity\private\IEServiceMessageDispatcher.cpp">
      <Filter>Source Files</Filter>
    </ClCompile>
  </ItemGroup>
  <ItemGroup>
  </ItemGroup>
  <ItemGroup>
  </ItemGroup>
</Project>