<?xml version="1.0" encoding="utf-8"?>
<Project ToolsVersion="4.0" xmlns="http://schemas.microsoft.com/developer/msbuild/2003">
  <ItemGroup>
    <Filter Include="Source Files">
      <UniqueIdentifier>{6CB187D2-55EC-4E1D-B431-3CB2726DBCD0}</UniqueIdentifier>
      <Extensions>cpp;c;cc;cxx;def;odl;idl;hpj;asm;asmx</Extensions>
    </Filter>
    <Filter Include="Header Files">
      <UniqueIdentifier>{F4A26DC5-251A-4EAF-9947-29ED5940FD42}</UniqueIdentifier>
      <Extensions>h;hpp;hxx;hm;inl;inc;xsd</Extensions>
    </Filter>
    <Filter Include="Resource Files">
      <UniqueIdentifier>{99DB0E01-9188-447D-9375-20B4E09A6797}</UniqueIdentifier>
      <Extensions>bat;rc;ico;cur;bmp;dlg;rc2;rct;bin;rgs;gif;jpg;jpeg;jpe;resx;tiff;tif;png;wav;mfcribbon-ms</Extensions>
    </Filter>
  </ItemGroup>
  <ItemGroup>
    <ClInclude Include="system\GEPlatform.h">
      <Filter>Header Files</Filter>
    </ClInclude>
    <ClInclude Include="logger\resources\resource.hpp">
      <Filter>Header Files</Filter>
    </ClInclude>
    <ClInclude Include="logger\resources\targetver.hpp">
      <Filter>Header Files</Filter>
    </ClInclude>
    <ClInclude Include="logger\app\NELoggerSettings.hpp">
      <Filter>Header Files</Filter>
    </ClInclude>
    <ClInclude Include="logger\app\Logger.hpp">
      <Filter>Header Files</Filter>
    </ClInclude>
    <ClInclude Include="logger\app\private\LoggerConsoleService.hpp">
      <Filter>Header Files</Filter>
    </ClInclude>
    <ClInclude Include="logger\service\LoggerServerService.hpp">
      <Filter>Header Files</Filter>
    </ClInclude>
    <ClInclude Include="logger\service\private\LoggerMessageProcessor.hpp">
      <Filter>Header Files</Filter>
    </ClInclude>
  </ItemGroup>
  <ItemGroup>
    <None Include="logger\resources\logger.ico">
      <Filter>Resource Files</Filter>
    </None>
    <None Include="logger\resources\logger_install.bat">
      <Filter>Resource Files</Filter>
    </None>
    <None Include="logger\resources\logger_post_build.bat">
      <Filter>Resource Files</Filter>
    </None>
    <None Include="logger\resources\logger_uninstall.bat">
      <Filter>Resource Files</Filter>
    </None>
    <None Include="logger\resources\small.ico">
      <Filter>Resource Files</Filter>
    </None>
    <None Include="logger\Readme.md" />
    <None Include="logger\Makefile" />
    <None Include="logger\app\private\Makefile" />
    <None Include="logger\resources\logger.service" />
  </ItemGroup>
  <ItemGroup>
    <ClCompile Include="logger\app\private\Logger.cpp">
      <Filter>Source Files</Filter>
    </ClCompile>
    <ClCompile Include="logger\app\private\NELoggerSettings.cpp">
      <Filter>Source Files</Filter>
    </ClCompile>
    <ClCompile Include="logger\app\private\win32\LoggerWin32.cpp">
      <Filter>Source Files</Filter>
    </ClCompile>
    <ClCompile Include="logger\app\private\posix\LoggerPosix.cpp">
      <Filter>Source Files</Filter>
    </ClCompile>
    <ClCompile Include="logger\app\private\LoggerConsoleService.cpp">
      <Filter>Source Files</Filter>
    </ClCompile>
    <ClCompile Include="logger\service\private\LoggerServerService.cpp">
      <Filter>Source Files</Filter>
    </ClCompile>
    <ClCompile Include="logger\service\private\LoggerMessageProcessor.cpp">
      <Filter>Source Files</Filter>
    </ClCompile>
  </ItemGroup>
  <ItemGroup>
    <ResourceCompile Include="logger\resources\logger.rc">
      <Filter>Resource Files</Filter>
    </ResourceCompile>
  </ItemGroup>
  <ItemGroup>
    <Text Include="logger\CMakeLists.txt" />
    <Text Include="logger\app\private\CMakeLists.txt" />
    <Text Include="logger\resources\Readme.md" />
  </ItemGroup>
</Project>