<?xml version="1.0" encoding="utf-8"?>
<Project ToolsVersion="4.0" xmlns="http://schemas.microsoft.com/developer/msbuild/2003">
  <ItemGroup>
    <Filter Include="Source Files">
      <UniqueIdentifier>{F961AE56-D48C-4774-8838-7E4C7391E3CC}</UniqueIdentifier>
      <Extensions>cpp;c;cc;cxx;def;odl;idl;hpj;bat;asm;asmx</Extensions>
    </Filter>
    <Filter Include="Header Files">
      <UniqueIdentifier>{A9521BAC-F092-483F-8A7F-8CE1B687CA3B}</UniqueIdentifier>
      <Extensions>h;hh;hpp;hxx;hm;inl;inc;xsd</Extensions>
    </Filter>
    <Filter Include="Resource Files">
      <UniqueIdentifier>{584FE066-28E9-4C10-B932-3BAE4EA970C5}</UniqueIdentifier>
      <Extensions>rc;ico;cur;bmp;dlg;rc2;rct;bin;rgs;gif;jpg;jpeg;jpe;resx;tiff;tif;png;wav;mfcribbon-ms</Extensions>
    </Filter>
  </ItemGroup>
  <ItemGroup>
    <ClInclude Include="chatter\NEDistributedApp.hpp">
      <Filter>Header Files</Filter>
    </ClInclude>
    <ClInclude Include="chatter\res\resource.h">
      <Filter>Header Files</Filter>
    </ClInclude>
    <ClInclude Include="chatter\res\stdafx.h">
      <Filter>Header Files</Filter>
    </ClInclude>
    <ClInclude Include="chatter\res\targetver.h">
      <Filter>Header Files</Filter>
    </ClInclude>
    <ClInclude Include="chatter\services\CentralMessaging.hpp">
      <Filter>Header Files</Filter>
    </ClInclude>
    <ClInclude Include="chatter\services\ChatParticipantService.hpp">
      <Filter>Header Files</Filter>
    </ClInclude>
    <ClInclude Include="chatter\services\ChatPrticipantHandler.hpp">
      <Filter>Header Files</Filter>
    </ClInclude>
    <ClInclude Include="chatter\services\ConnectionHandler.hpp">
      <Filter>Header Files</Filter>
    </ClInclude>
    <ClInclude Include="chatter\services\ConnectionList.hpp">
      <Filter>Header Files</Filter>
    </ClInclude>
    <ClInclude Include="chatter\services\ConnectionService.hpp">
      <Filter>Header Files</Filter>
    </ClInclude>
    <ClInclude Include="chatter\services\DirectChatService.hpp">
      <Filter>Header Files</Filter>
    </ClInclude>
    <ClInclude Include="chatter\services\DirectConnectionClient.hpp">
      <Filter>Header Files</Filter>
    </ClInclude>
    <ClInclude Include="chatter\services\DirectConnectionService.hpp">
      <Filter>Header Files</Filter>
    </ClInclude>
    <ClInclude Include="chatter\services\DirectMessagingClient.hpp">
      <Filter>Header Files</Filter>
    </ClInclude>
    <ClInclude Include="chatter\services\NetworkSetup.hpp">
      <Filter>Header Files</Filter>
    </ClInclude>
    <ClInclude Include="chatter\ui\PageNetworkSetup.hpp">
      <Filter>Header Files</Filter>
    </ClInclude>
    <ClInclude Include="chatter\ui\PageMessaging.hpp">
      <Filter>Header Files</Filter>
    </ClInclude>
    <ClInclude Include="chatter\ui\PageConnections.hpp">
      <Filter>Header Files</Filter>
    </ClInclude>
    <ClInclude Include="chatter\ui\PageChat.hpp">
      <Filter>Header Files</Filter>
    </ClInclude>
    <ClInclude Include="chatter\ui\DistributedDialog.hpp">
      <Filter>Header Files</Filter>
    </ClInclude>
    <ClInclude Include="chatter\DistrbutedApp.hpp">
      <Filter>Header Files</Filter>
    </ClInclude>
  </ItemGroup>
  <ItemGroup>
    <ClCompile Include="chatter\NEDistributedApp.cpp">
      <Filter>Source Files</Filter>
    </ClCompile>
    <ClCompile Include="chatter\res\stdafx.cpp">
      <Filter>Source Files</Filter>
    </ClCompile>
    <ClCompile Include="chatter\res\stdafx.cpp">
      <Filter>Source Files</Filter>
    </ClCompile>
    <ClCompile Include="chatter\services\CentralMessaging.cpp">
      <Filter>Source Files</Filter>
    </ClCompile>
    <ClCompile Include="chatter\services\ChatParticipantService.cpp">
      <Filter>Source Files</Filter>
    </ClCompile>
    <ClCompile Include="chatter\services\ChatPrticipantHandler.cpp">
      <Filter>Source Files</Filter>
    </ClCompile>
    <ClCompile Include="chatter\services\ConnectionHandler.cpp">
      <Filter>Source Files</Filter>
    </ClCompile>
    <ClCompile Include="chatter\services\ConnectionList.cpp">
      <Filter>Source Files</Filter>
    </ClCompile>
    <ClCompile Include="chatter\services\ConnectionService.cpp">
      <Filter>Source Files</Filter>
    </ClCompile>
    <ClCompile Include="chatter\services\DirectChatService.cpp">
      <Filter>Source Files</Filter>
    </ClCompile>
    <ClCompile Include="chatter\services\DirectConnectionClient.cpp">
      <Filter>Source Files</Filter>
    </ClCompile>
    <ClCompile Include="chatter\services\DirectConnectionService.cpp">
      <Filter>Source Files</Filter>
    </ClCompile>
    <ClCompile Include="chatter\services\DirectMessagingClient.cpp">
      <Filter>Source Files</Filter>
    </ClCompile>
    <ClCompile Include="chatter\services\NetworkSetup.cpp">
      <Filter>Source Files</Filter>
    </ClCompile>
    <ClCompile Include="chatter\ui\DistributedDialog.cpp">
      <Filter>Source Files</Filter>
    </ClCompile>
    <ClCompile Include="chatter\ui\PageNetworkSetup.cpp">
      <Filter>Source Files</Filter>
    </ClCompile>
    <ClCompile Include="chatter\ui\PageMessaging.cpp">
      <Filter>Source Files</Filter>
    </ClCompile>
    <ClCompile Include="chatter\ui\PageConnections.cpp">
      <Filter>Source Files</Filter>
    </ClCompile>
    <ClCompile Include="chatter\ui\PageChat.cpp">
      <Filter>Source Files</Filter>
    </ClCompile>
    <ClCompile Include="chatter\DistrbutedApp.cpp">
      <Filter>Source Files</Filter>
    </ClCompile>
  </ItemGroup>
  <ItemGroup>
    <Image Include="chatter\res\chatter.ico">
      <Filter>Resource Files</Filter>
    </Image>
  </ItemGroup>
  <ItemGroup>
    <ResourceCompile Include="chatter\res\chatter.rc">
      <Filter>Resource Files</Filter>
    </ResourceCompile>
  </ItemGroup>
  <ItemGroup>
    <None Include="chatter\res\chatter.rc2">
      <Filter>Resource Files</Filter>
    </None>
  </ItemGroup>
  <ItemGroup>
    <Text Include="chatter\res\CMakeLists.txt" />
    <Text Include="chatter\services\CMakeLists.txt" />
    <Text Include="chatter\ui\CMakeLists.txt" />
    <Text Include="chatter\CMakeLists.txt" />
  </ItemGroup>
</Project>