<?xml version="1.0" encoding="utf-8"?>
<Project ToolsVersion="4.0" xmlns="http://schemas.microsoft.com/developer/msbuild/2003">
  <ItemGroup>
    <Filter Include="Source Files">
      <UniqueIdentifier>{4FC737F1-C7A5-4376-A066-2A32D752A2FF}</UniqueIdentifier>
      <Extensions>cpp;c;cc;cxx;def;odl;idl;hpj;bat;asm;asmx</Extensions>
    </Filter>
    <Filter Include="Header Files">
      <UniqueIdentifier>{93995380-89BD-4b04-88EB-625FBE52EBFB}</UniqueIdentifier>
      <Extensions>h;hh;hpp;hxx;hm;inl;inc;xsd</Extensions>
    </Filter>
    <Filter Include="Resource Files">
      <UniqueIdentifier>{67DA6AB6-F800-4c08-8B7A-83BB121AAD01}</UniqueIdentifier>
      <Extensions>rc;ico;cur;bmp;dlg;rc2;rct;bin;rgs;gif;jpg;jpeg;jpe;resx;tiff;tif;png;wav;mfcribbon-ms</Extensions>
    </Filter>
  </ItemGroup>
  <ItemGroup>
    <ClInclude Include="register\NECentralApp.hpp">
      <Filter>Header Files</Filter>
    </ClInclude>
    <ClInclude Include="register\res\resource.h">
      <Filter>Header Files</Filter>
    </ClInclude>
    <ClInclude Include="register\res\stdafx.h">
      <Filter>Header Files</Filter>
    </ClInclude>
    <ClInclude Include="register\res\targetver.h">
      <Filter>Header Files</Filter>
    </ClInclude>
    <ClInclude Include="register\services\ConnectionManager.hpp">
      <Filter>Header Files</Filter>
    </ClInclude>
    <ClInclude Include="register\ui\PageConnections.hpp">
      <Filter>Header Files</Filter>
    </ClInclude>
    <ClInclude Include="register\ui\PageBrokerSetup.hpp">
      <Filter>Header Files</Filter>
    </ClInclude>
    <ClInclude Include="register\ui\CentralDialog.hpp">
      <Filter>Header Files</Filter>
    </ClInclude>
    <ClInclude Include="register\CentralApp.hpp">
      <Filter>Header Files</Filter>
    </ClInclude>
  </ItemGroup>
  <ItemGroup>
    <ClCompile Include="register\NECentralApp.cpp">
      <Filter>Source Files</Filter>
    </ClCompile>
    <ClCompile Include="register\res\stdafx.cpp">
      <Filter>Source Files</Filter>
    </ClCompile>
    <ClCompile Include="register\ui\PageConnections.cpp">
      <Filter>Source Files</Filter>
    </ClCompile>
    <ClCompile Include="register\services\ConnectionManager.cpp">
      <Filter>Source Files</Filter>
    </ClCompile>
    <ClCompile Include="register\ui\PageConnections.cpp">
      <Filter>Source Files</Filter>
    </ClCompile>
    <ClCompile Include="register\ui\PageBrokerSetup.cpp">
      <Filter>Source Files</Filter>
    </ClCompile>
    <ClCompile Include="register\ui\CentralDialog.cpp">
      <Filter>Source Files</Filter>
    </ClCompile>
    <ClCompile Include="register\CentralApp.cpp">
      <Filter>Source Files</Filter>
    </ClCompile>
  </ItemGroup>
  <ItemGroup>
    <Image Include="register\res\register.ico">
      <Filter>Resource Files</Filter>
    </Image>
  </ItemGroup>
  <ItemGroup>
    <ResourceCompile Include="register\res\register.rc">
      <Filter>Resource Files</Filter>
    </ResourceCompile>
  </ItemGroup>
  <ItemGroup>
    <None Include="register\res\register.rc2">
      <Filter>Resource Files</Filter>
    </None>
  </ItemGroup>
  <ItemGroup>
    <Text Include="register\CMakeLists.txt" />
    <Text Include="register\res\CMakeLists.txt" />
    <Text Include="register\services\CMakeLists.txt" />
    <Text Include="register\ui\CMakeLists.txt" />
  </ItemGroup>
</Project>